<?xml version="1.0" encoding="utf-8"?>
<Project ToolsVersion="15.0" xmlns="http://schemas.microsoft.com/developer/msbuild/2003">
  <ItemGroup>
    <CustomBuild Include="D:\Desktop\progettoGrafica\assimpBuild\CMakeFiles\cb54adeaad4a0fe6819c96ddb7384126\gtest-mkdir.rule">
      <Filter>CMake Rules</Filter>
    </CustomBuild>
    <CustomBuild Include="D:\Desktop\progettoGrafica\assimpBuild\CMakeFiles\cb54adeaad4a0fe6819c96ddb7384126\gtest-download.rule">
      <Filter>CMake Rules</Filter>
    </CustomBuild>
    <CustomBuild Include="D:\Desktop\progettoGrafica\assimpBuild\CMakeFiles\cb54adeaad4a0fe6819c96ddb7384126\gtest-update.rule">
      <Filter>CMake Rules</Filter>
    </CustomBuild>
    <CustomBuild Include="D:\Desktop\progettoGrafica\assimpBuild\CMakeFiles\cb54adeaad4a0fe6819c96ddb7384126\gtest-patch.rule">
      <Filter>CMake Rules</Filter>
    </CustomBuild>
    <CustomBuild Include="D:\Desktop\progettoGrafica\assimpBuild\CMakeFiles\cb54adeaad4a0fe6819c96ddb7384126\gtest-configure.rule">
      <Filter>CMake Rules</Filter>
    </CustomBuild>
    <CustomBuild Include="D:\Desktop\progettoGrafica\assimpBuild\CMakeFiles\cb54adeaad4a0fe6819c96ddb7384126\gtest-build.rule">
      <Filter>CMake Rules</Filter>
    </CustomBuild>
    <CustomBuild Include="D:\Desktop\progettoGrafica\assimpBuild\CMakeFiles\cb54adeaad4a0fe6819c96ddb7384126\gtest-install.rule">
      <Filter>CMake Rules</Filter>
    </CustomBuild>
    <CustomBuild Include="D:\Desktop\progettoGrafica\assimpBuild\CMakeFiles\43570d65571605e8e340f1c21cb4cb87\gtest-complete.rule">
      <Filter>CMake Rules</Filter>
    </CustomBuild>
    <CustomBuild Include="D:\Desktop\progettoGrafica\assimpBuild\CMakeFiles\1dee0973a5926aaa313a6dff864243a4\gtest.rule">
      <Filter>CMake Rules</Filter>
    </CustomBuild>
    <CustomBuild Include="D:\Desktop\progettoGrafica\include\assimp\test\CMakeLists.txt" />
  </ItemGroup>
  <ItemGroup>
    <None Include="D:\Desktop\progettoGrafica\assimpBuild\test\CMakeFiles\gtest" />
  </ItemGroup>
  <ItemGroup>
    <Filter Include="CMake Rules">
      <UniqueIdentifier>{1B948531-8B94-3E09-8120-6C4C2DAE5C8E}</UniqueIdentifier>
    </Filter>
  </ItemGroup>
</Project>
