<?xml version="1.0" encoding="utf-8"?>
<Project ToolsVersion="15.0" xmlns="http://schemas.microsoft.com/developer/msbuild/2003">
  <ItemGroup>
    <ClCompile Include="D:\Desktop\progettoGrafica\include\assimp\test\unit\CCompilerTest.c">
      <Filter>unit</Filter>
    </ClCompile>
    <ClCompile Include="D:\Desktop\progettoGrafica\include\assimp\test\unit\Main.cpp">
      <Filter>Source Files</Filter>
    </ClCompile>
    <ClCompile Include="D:\Desktop\progettoGrafica\include\assimp\code\Version.cpp">
      <Filter>Source Files</Filter>
    </ClCompile>
    <ClCompile Include="D:\Desktop\progettoGrafica\include\assimp\test\unit\AssimpAPITest.cpp">
      <Filter>tests</Filter>
    </ClCompile>
    <ClCompile Include="D:\Desktop\progettoGrafica\include\assimp\test\unit\utBlendImportAreaLight.cpp">
      <Filter>tests</Filter>
    </ClCompile>
    <ClCompile Include="D:\Desktop\progettoGrafica\include\assimp\test\unit\utBlendImportMaterials.cpp">
      <Filter>tests</Filter>
    </ClCompile>
    <ClCompile Include="D:\Desktop\progettoGrafica\include\assimp\test\unit\utColladaExportCamera.cpp">
      <Filter>tests</Filter>
    </ClCompile>
    <ClCompile Include="D:\Desktop\progettoGrafica\include\assimp\test\unit\utColladaExportLight.cpp">
      <Filter>tests</Filter>
    </ClCompile>
    <ClCompile Include="D:\Desktop\progettoGrafica\include\assimp\test\unit\utFastAtof.cpp">
      <Filter>tests</Filter>
    </ClCompile>
    <ClCompile Include="D:\Desktop\progettoGrafica\include\assimp\test\unit\utFindDegenerates.cpp">
      <Filter>tests</Filter>
    </ClCompile>
    <ClCompile Include="D:\Desktop\progettoGrafica\include\assimp\test\unit\utFindInvalidData.cpp">
      <Filter>tests</Filter>
    </ClCompile>
    <ClCompile Include="D:\Desktop\progettoGrafica\include\assimp\test\unit\utFixInfacingNormals.cpp">
      <Filter>tests</Filter>
    </ClCompile>
    <ClCompile Include="D:\Desktop\progettoGrafica\include\assimp\test\unit\utGenNormals.cpp">
      <Filter>tests</Filter>
    </ClCompile>
    <ClCompile Include="D:\Desktop\progettoGrafica\include\assimp\test\unit\utImporter.cpp">
      <Filter>tests</Filter>
    </ClCompile>
    <ClCompile Include="D:\Desktop\progettoGrafica\include\assimp\test\unit\utImproveCacheLocality.cpp">
      <Filter>tests</Filter>
    </ClCompile>
    <ClCompile Include="D:\Desktop\progettoGrafica\include\assimp\test\unit\utIOSystem.cpp">
      <Filter>tests</Filter>
    </ClCompile>
    <ClCompile Include="D:\Desktop\progettoGrafica\include\assimp\test\unit\utIssues.cpp">
      <Filter>tests</Filter>
    </ClCompile>
    <ClCompile Include="D:\Desktop\progettoGrafica\include\assimp\test\unit\utJoinVertices.cpp">
      <Filter>tests</Filter>
    </ClCompile>
    <ClCompile Include="D:\Desktop\progettoGrafica\include\assimp\test\unit\utLimitBoneWeights.cpp">
      <Filter>tests</Filter>
    </ClCompile>
    <ClCompile Include="D:\Desktop\progettoGrafica\include\assimp\test\unit\utMaterialSystem.cpp">
      <Filter>tests</Filter>
    </ClCompile>
    <ClCompile Include="D:\Desktop\progettoGrafica\include\assimp\test\unit\utMatrix3x3.cpp">
      <Filter>tests</Filter>
    </ClCompile>
    <ClCompile Include="D:\Desktop\progettoGrafica\include\assimp\test\unit\utMatrix4x4.cpp">
      <Filter>tests</Filter>
    </ClCompile>
    <ClCompile Include="D:\Desktop\progettoGrafica\include\assimp\test\unit\utPretransformVertices.cpp">
      <Filter>tests</Filter>
    </ClCompile>
    <ClCompile Include="D:\Desktop\progettoGrafica\include\assimp\test\unit\utRemoveComments.cpp">
      <Filter>tests</Filter>
    </ClCompile>
    <ClCompile Include="D:\Desktop\progettoGrafica\include\assimp\test\unit\utRemoveComponent.cpp">
      <Filter>tests</Filter>
    </ClCompile>
    <ClCompile Include="D:\Desktop\progettoGrafica\include\assimp\test\unit\utRemoveRedundantMaterials.cpp">
      <Filter>tests</Filter>
    </ClCompile>
    <ClCompile Include="D:\Desktop\progettoGrafica\include\assimp\test\unit\utScenePreprocessor.cpp">
      <Filter>tests</Filter>
    </ClCompile>
    <ClCompile Include="D:\Desktop\progettoGrafica\include\assimp\test\unit\utSharedPPData.cpp">
      <Filter>tests</Filter>
    </ClCompile>
    <ClCompile Include="D:\Desktop\progettoGrafica\include\assimp\test\unit\utStringUtils.cpp">
      <Filter>tests</Filter>
    </ClCompile>
    <ClCompile Include="D:\Desktop\progettoGrafica\include\assimp\test\unit\utSortByPType.cpp">
      <Filter>tests</Filter>
    </ClCompile>
    <ClCompile Include="D:\Desktop\progettoGrafica\include\assimp\test\unit\utSplitLargeMeshes.cpp">
      <Filter>tests</Filter>
    </ClCompile>
    <ClCompile Include="D:\Desktop\progettoGrafica\include\assimp\test\unit\utTargetAnimation.cpp">
      <Filter>tests</Filter>
    </ClCompile>
    <ClCompile Include="D:\Desktop\progettoGrafica\include\assimp\test\unit\utTextureTransform.cpp">
      <Filter>tests</Filter>
    </ClCompile>
    <ClCompile Include="D:\Desktop\progettoGrafica\include\assimp\test\unit\utTriangulate.cpp">
      <Filter>tests</Filter>
    </ClCompile>
    <ClCompile Include="D:\Desktop\progettoGrafica\include\assimp\test\unit\utVertexTriangleAdjacency.cpp">
      <Filter>tests</Filter>
    </ClCompile>
  </ItemGroup>
  <ItemGroup>
    <Filter Include="Source Files">
      <UniqueIdentifier>{065D1370-2B37-3468-9477-C90735FC0995}</UniqueIdentifier>
    </Filter>
    <Filter Include="tests">
      <UniqueIdentifier>{0CEC1AEE-5A54-37CF-8BB5-0FB4A1548DC2}</UniqueIdentifier>
    </Filter>
    <Filter Include="unit">
      <UniqueIdentifier>{9F3CC57E-A714-336C-8951-CF2C78B2E532}</UniqueIdentifier>
    </Filter>
  </ItemGroup>
</Project>
