Microsoft Visual Studio Solution File, Format Version 12.00
# Visual Studio 15
Project("{8BC9CEB8-8B4A-11D0-8D11-00A0C91BC942}") = "ALL_BUILD", "ALL_BUILD.vcxproj", "{D0C05E3F-E53A-3BC4-A8EA-38BED1E7F3A2}"
	ProjectSection(ProjectDependencies) = postProject
		{DDF39715-EA9D-3BBE-8E34-1FCA536385E0} = {DDF39715-EA9D-3BBE-8E34-1FCA536385E0}
		{7A48BCF3-E511-3678-874F-F124ACE1BF46} = {7A48BCF3-E511-3678-874F-F124ACE1BF46}
		{D5D6C3E1-104C-3231-9124-59CF3FE3BE6C} = {D5D6C3E1-104C-3231-9124-59CF3FE3BE6C}
		{1E7DB340-32ED-34BD-959F-73635FF4783A} = {1E7DB340-32ED-34BD-959F-73635FF4783A}
		{E2AF7D6D-3830-37D0-8A7F-80D4A3A8AEC8} = {E2AF7D6D-3830-37D0-8A7F-80D4A3A8AEC8}
		{403EEB34-4E1D-3DC4-87B0-7E6733DAF13B} = {403EEB34-4E1D-3DC4-87B0-7E6733DAF13B}
	EndProjectSection
EndProject
Project("{8BC9CEB8-8B4A-11D0-8D11-00A0C91BC942}") = "INSTALL", "INSTALL.vcxproj", "{29CDF1EB-FE8F-325C-91A2-2C06979E2C72}"
	ProjectSection(ProjectDependencies) = postProject
		{D0C05E3F-E53A-3BC4-A8EA-38BED1E7F3A2} = {D0C05E3F-E53A-3BC4-A8EA-38BED1E7F3A2}
		{DDF39715-EA9D-3BBE-8E34-1FCA536385E0} = {DDF39715-EA9D-3BBE-8E34-1FCA536385E0}
	EndProjectSection
EndProject
Project("{8BC9CEB8-8B4A-11D0-8D11-00A0C91BC942}") = "UpdateAssimpLibsDebugSymbolsAndDLLs", "UpdateAssimpLibsDebugSymbolsAndDLLs.vcxproj", "{2C458C3D-0594-330C-8EAC-8532A3330785}"
	ProjectSection(ProjectDependencies) = postProject
		{DDF39715-EA9D-3BBE-8E34-1FCA536385E0} = {DDF39715-EA9D-3BBE-8E34-1FCA536385E0}
	EndProjectSection
EndProject
Project("{8BC9CEB8-8B4A-11D0-8D11-00A0C91BC942}") = "ZERO_CHECK", "ZERO_CHECK.vcxproj", "{DDF39715-EA9D-3BBE-8E34-1FCA536385E0}"
	ProjectSection(ProjectDependencies) = postProject
	EndProjectSection
EndProject
Project("{8BC9CEB8-8B4A-11D0-8D11-00A0C91BC942}") = "assimp", "code\assimp.vcxproj", "{7A48BCF3-E511-3678-874F-F124ACE1BF46}"
	ProjectSection(ProjectDependencies) = postProject
		{DDF39715-EA9D-3BBE-8E34-1FCA536385E0} = {DDF39715-EA9D-3BBE-8E34-1FCA536385E0}
		{403EEB34-4E1D-3DC4-87B0-7E6733DAF13B} = {403EEB34-4E1D-3DC4-87B0-7E6733DAF13B}
	EndProjectSection
EndProject
Project("{8BC9CEB8-8B4A-11D0-8D11-00A0C91BC942}") = "assimp_cmd", "tools\assimp_cmd\assimp_cmd.vcxproj", "{D5D6C3E1-104C-3231-9124-59CF3FE3BE6C}"
	ProjectSection(ProjectDependencies) = postProject
		{DDF39715-EA9D-3BBE-8E34-1FCA536385E0} = {DDF39715-EA9D-3BBE-8E34-1FCA536385E0}
		{7A48BCF3-E511-3678-874F-F124ACE1BF46} = {7A48BCF3-E511-3678-874F-F124ACE1BF46}
		{403EEB34-4E1D-3DC4-87B0-7E6733DAF13B} = {403EEB34-4E1D-3DC4-87B0-7E6733DAF13B}
	EndProjectSection
EndProject
Project("{8BC9CEB8-8B4A-11D0-8D11-00A0C91BC942}") = "gtest", "test\gtest.vcxproj", "{1E7DB340-32ED-34BD-959F-73635FF4783A}"
	ProjectSection(ProjectDependencies) = postProject
		{DDF39715-EA9D-3BBE-8E34-1FCA536385E0} = {DDF39715-EA9D-3BBE-8E34-1FCA536385E0}
	EndProjectSection
EndProject
Project("{8BC9CEB8-8B4A-11D0-8D11-00A0C91BC942}") = "uninstall", "uninstall.vcxproj", "{6E867A0D-EB12-3E2A-AD19-BCA902B44417}"
	ProjectSection(ProjectDependencies) = postProject
		{DDF39715-EA9D-3BBE-8E34-1FCA536385E0} = {DDF39715-EA9D-3BBE-8E34-1FCA536385E0}
	EndProjectSection
EndProject
Project("{8BC9CEB8-8B4A-11D0-8D11-00A0C91BC942}") = "unit", "test\unit.vcxproj", "{E2AF7D6D-3830-37D0-8A7F-80D4A3A8AEC8}"
	ProjectSection(ProjectDependencies) = postProject
		{DDF39715-EA9D-3BBE-8E34-1FCA536385E0} = {DDF39715-EA9D-3BBE-8E34-1FCA536385E0}
		{7A48BCF3-E511-3678-874F-F124ACE1BF46} = {7A48BCF3-E511-3678-874F-F124ACE1BF46}
		{1E7DB340-32ED-34BD-959F-73635FF4783A} = {1E7DB340-32ED-34BD-959F-73635FF4783A}
		{403EEB34-4E1D-3DC4-87B0-7E6733DAF13B} = {403EEB34-4E1D-3DC4-87B0-7E6733DAF13B}
	EndProjectSection
EndProject
Project("{8BC9CEB8-8B4A-11D0-8D11-00A0C91BC942}") = "zlibstatic", "contrib\zlib\zlibstatic.vcxproj", "{403EEB34-4E1D-3DC4-87B0-7E6733DAF13B}"
	ProjectSection(ProjectDependencies) = postProject
		{DDF39715-EA9D-3BBE-8E34-1FCA536385E0} = {DDF39715-EA9D-3BBE-8E34-1FCA536385E0}
	EndProjectSection
EndProject
Global
	GlobalSection(SolutionConfigurationPlatforms) = preSolution
		Debug|Win32 = Debug|Win32
		Release|Win32 = Release|Win32
		MinSizeRel|Win32 = MinSizeRel|Win32
		RelWithDebInfo|Win32 = RelWithDebInfo|Win32
	EndGlobalSection
	GlobalSection(ProjectConfigurationPlatforms) = postSolution
		{D0C05E3F-E53A-3BC4-A8EA-38BED1E7F3A2}.Debug|Win32.ActiveCfg = Debug|Win32
		{D0C05E3F-E53A-3BC4-A8EA-38BED1E7F3A2}.Debug|Win32.Build.0 = Debug|Win32
		{D0C05E3F-E53A-3BC4-A8EA-38BED1E7F3A2}.Release|Win32.ActiveCfg = Release|Win32
		{D0C05E3F-E53A-3BC4-A8EA-38BED1E7F3A2}.Release|Win32.Build.0 = Release|Win32
		{D0C05E3F-E53A-3BC4-A8EA-38BED1E7F3A2}.MinSizeRel|Win32.ActiveCfg = MinSizeRel|Win32
		{D0C05E3F-E53A-3BC4-A8EA-38BED1E7F3A2}.MinSizeRel|Win32.Build.0 = MinSizeRel|Win32
		{D0C05E3F-E53A-3BC4-A8EA-38BED1E7F3A2}.RelWithDebInfo|Win32.ActiveCfg = RelWithDebInfo|Win32
		{D0C05E3F-E53A-3BC4-A8EA-38BED1E7F3A2}.RelWithDebInfo|Win32.Build.0 = RelWithDebInfo|Win32
		{29CDF1EB-FE8F-325C-91A2-2C06979E2C72}.Debug|Win32.ActiveCfg = Debug|Win32
		{29CDF1EB-FE8F-325C-91A2-2C06979E2C72}.Release|Win32.ActiveCfg = Release|Win32
		{29CDF1EB-FE8F-325C-91A2-2C06979E2C72}.MinSizeRel|Win32.ActiveCfg = MinSizeRel|Win32
		{29CDF1EB-FE8F-325C-91A2-2C06979E2C72}.RelWithDebInfo|Win32.ActiveCfg = RelWithDebInfo|Win32
		{2C458C3D-0594-330C-8EAC-8532A3330785}.Debug|Win32.ActiveCfg = Debug|Win32
		{2C458C3D-0594-330C-8EAC-8532A3330785}.Release|Win32.ActiveCfg = Release|Win32
		{2C458C3D-0594-330C-8EAC-8532A3330785}.MinSizeRel|Win32.ActiveCfg = MinSizeRel|Win32
		{2C458C3D-0594-330C-8EAC-8532A3330785}.RelWithDebInfo|Win32.ActiveCfg = RelWithDebInfo|Win32
		{DDF39715-EA9D-3BBE-8E34-1FCA536385E0}.Debug|Win32.ActiveCfg = Debug|Win32
		{DDF39715-EA9D-3BBE-8E34-1FCA536385E0}.Debug|Win32.Build.0 = Debug|Win32
		{DDF39715-EA9D-3BBE-8E34-1FCA536385E0}.Release|Win32.ActiveCfg = Release|Win32
		{DDF39715-EA9D-3BBE-8E34-1FCA536385E0}.Release|Win32.Build.0 = Release|Win32
		{DDF39715-EA9D-3BBE-8E34-1FCA536385E0}.MinSizeRel|Win32.ActiveCfg = MinSizeRel|Win32
		{DDF39715-EA9D-3BBE-8E34-1FCA536385E0}.MinSizeRel|Win32.Build.0 = MinSizeRel|Win32
		{DDF39715-EA9D-3BBE-8E34-1FCA536385E0}.RelWithDebInfo|Win32.ActiveCfg = RelWithDebInfo|Win32
		{DDF39715-EA9D-3BBE-8E34-1FCA536385E0}.RelWithDebInfo|Win32.Build.0 = RelWithDebInfo|Win32
		{7A48BCF3-E511-3678-874F-F124ACE1BF46}.Debug|Win32.ActiveCfg = Debug|Win32
		{7A48BCF3-E511-3678-874F-F124ACE1BF46}.Debug|Win32.Build.0 = Debug|Win32
		{7A48BCF3-E511-3678-874F-F124ACE1BF46}.Release|Win32.ActiveCfg = Release|Win32
		{7A48BCF3-E511-3678-874F-F124ACE1BF46}.Release|Win32.Build.0 = Release|Win32
		{7A48BCF3-E511-3678-874F-F124ACE1BF46}.MinSizeRel|Win32.ActiveCfg = MinSizeRel|Win32
		{7A48BCF3-E511-3678-874F-F124ACE1BF46}.MinSizeRel|Win32.Build.0 = MinSizeRel|Win32
		{7A48BCF3-E511-3678-874F-F124ACE1BF46}.RelWithDebInfo|Win32.ActiveCfg = RelWithDebInfo|Win32
		{7A48BCF3-E511-3678-874F-F124ACE1BF46}.RelWithDebInfo|Win32.Build.0 = RelWithDebInfo|Win32
		{D5D6C3E1-104C-3231-9124-59CF3FE3BE6C}.Debug|Win32.ActiveCfg = Debug|Win32
		{D5D6C3E1-104C-3231-9124-59CF3FE3BE6C}.Debug|Win32.Build.0 = Debug|Win32
		{D5D6C3E1-104C-3231-9124-59CF3FE3BE6C}.Release|Win32.ActiveCfg = Release|Win32
		{D5D6C3E1-104C-3231-9124-59CF3FE3BE6C}.Release|Win32.Build.0 = Release|Win32
		{D5D6C3E1-104C-3231-9124-59CF3FE3BE6C}.MinSizeRel|Win32.ActiveCfg = MinSizeRel|Win32
		{D5D6C3E1-104C-3231-9124-59CF3FE3BE6C}.MinSizeRel|Win32.Build.0 = MinSizeRel|Win32
		{D5D6C3E1-104C-3231-9124-59CF3FE3BE6C}.RelWithDebInfo|Win32.ActiveCfg = RelWithDebInfo|Win32
		{D5D6C3E1-104C-3231-9124-59CF3FE3BE6C}.RelWithDebInfo|Win32.Build.0 = RelWithDebInfo|Win32
		{1E7DB340-32ED-34BD-959F-73635FF4783A}.Debug|Win32.ActiveCfg = Debug|Win32
		{1E7DB340-32ED-34BD-959F-73635FF4783A}.Debug|Win32.Build.0 = Debug|Win32
		{1E7DB340-32ED-34BD-959F-73635FF4783A}.Release|Win32.ActiveCfg = Release|Win32
		{1E7DB340-32ED-34BD-959F-73635FF4783A}.Release|Win32.Build.0 = Release|Win32
		{1E7DB340-32ED-34BD-959F-73635FF4783A}.MinSizeRel|Win32.ActiveCfg = MinSizeRel|Win32
		{1E7DB340-32ED-34BD-959F-73635FF4783A}.MinSizeRel|Win32.Build.0 = MinSizeRel|Win32
		{1E7DB340-32ED-34BD-959F-73635FF4783A}.RelWithDebInfo|Win32.ActiveCfg = RelWithDebInfo|Win32
		{1E7DB340-32ED-34BD-959F-73635FF4783A}.RelWithDebInfo|Win32.Build.0 = RelWithDebInfo|Win32
		{6E867A0D-EB12-3E2A-AD19-BCA902B44417}.Debug|Win32.ActiveCfg = Debug|Win32
		{6E867A0D-EB12-3E2A-AD19-BCA902B44417}.Release|Win32.ActiveCfg = Release|Win32
		{6E867A0D-EB12-3E2A-AD19-BCA902B44417}.MinSizeRel|Win32.ActiveCfg = MinSizeRel|Win32
		{6E867A0D-EB12-3E2A-AD19-BCA902B44417}.RelWithDebInfo|Win32.ActiveCfg = RelWithDebInfo|Win32
		{E2AF7D6D-3830-37D0-8A7F-80D4A3A8AEC8}.Debug|Win32.ActiveCfg = Debug|Win32
		{E2AF7D6D-3830-37D0-8A7F-80D4A3A8AEC8}.Debug|Win32.Build.0 = Debug|Win32
		{E2AF7D6D-3830-37D0-8A7F-80D4A3A8AEC8}.Release|Win32.ActiveCfg = Release|Win32
		{E2AF7D6D-3830-37D0-8A7F-80D4A3A8AEC8}.Release|Win32.Build.0 = Release|Win32
		{E2AF7D6D-3830-37D0-8A7F-80D4A3A8AEC8}.MinSizeRel|Win32.ActiveCfg = MinSizeRel|Win32
		{E2AF7D6D-3830-37D0-8A7F-80D4A3A8AEC8}.MinSizeRel|Win32.Build.0 = MinSizeRel|Win32
		{E2AF7D6D-3830-37D0-8A7F-80D4A3A8AEC8}.RelWithDebInfo|Win32.ActiveCfg = RelWithDebInfo|Win32
		{E2AF7D6D-3830-37D0-8A7F-80D4A3A8AEC8}.RelWithDebInfo|Win32.Build.0 = RelWithDebInfo|Win32
		{403EEB34-4E1D-3DC4-87B0-7E6733DAF13B}.Debug|Win32.ActiveCfg = Debug|Win32
		{403EEB34-4E1D-3DC4-87B0-7E6733DAF13B}.Debug|Win32.Build.0 = Debug|Win32
		{403EEB34-4E1D-3DC4-87B0-7E6733DAF13B}.Release|Win32.ActiveCfg = Release|Win32
		{403EEB34-4E1D-3DC4-87B0-7E6733DAF13B}.Release|Win32.Build.0 = Release|Win32
		{403EEB34-4E1D-3DC4-87B0-7E6733DAF13B}.MinSizeRel|Win32.ActiveCfg = MinSizeRel|Win32
		{403EEB34-4E1D-3DC4-87B0-7E6733DAF13B}.MinSizeRel|Win32.Build.0 = MinSizeRel|Win32
		{403EEB34-4E1D-3DC4-87B0-7E6733DAF13B}.RelWithDebInfo|Win32.ActiveCfg = RelWithDebInfo|Win32
		{403EEB34-4E1D-3DC4-87B0-7E6733DAF13B}.RelWithDebInfo|Win32.Build.0 = RelWithDebInfo|Win32
	EndGlobalSection
	GlobalSection(ExtensibilityGlobals) = postSolution
		SolutionGuid = {03A7EFBE-7A68-3C77-BEF3-61230DEC146D}
	EndGlobalSection
	GlobalSection(ExtensibilityAddIns) = postSolution
	EndGlobalSection
EndGlobal
