Microsoft Visual Studio Solution File, Format Version 12.00
# Visual Studio 15
Project("{8BC9CEB8-8B4A-11D0-8D11-00A0C91BC942}") = "ALL_BUILD", "ALL_BUILD.vcxproj", "{D0C05E3F-E53A-3BC4-A8EA-38BED1E7F3A2}"
	ProjectSection(ProjectDependencies) = postProject
		{DDF39715-EA9D-3BBE-8E34-1FCA536385E0} = {DDF39715-EA9D-3BBE-8E34-1FCA536385E0}
		{403EEB34-4E1D-3DC4-87B0-7E6733DAF13B} = {403EEB34-4E1D-3DC4-87B0-7E6733DAF13B}
	EndProjectSection
EndProject
Project("{8BC9CEB8-8B4A-11D0-8D11-00A0C91BC942}") = "INSTALL", "INSTALL.vcxproj", "{29CDF1EB-FE8F-325C-91A2-2C06979E2C72}"
	ProjectSection(ProjectDependencies) = postProject
		{D0C05E3F-E53A-3BC4-A8EA-38BED1E7F3A2} = {D0C05E3F-E53A-3BC4-A8EA-38BED1E7F3A2}
		{DDF39715-EA9D-3BBE-8E34-1FCA536385E0} = {DDF39715-EA9D-3BBE-8E34-1FCA536385E0}
	EndProjectSection
EndProject
Project("{8BC9CEB8-8B4A-11D0-8D11-00A0C91BC942}") = "ZERO_CHECK", "..\..\\ZERO_CHECK.vcxproj", "{DDF39715-EA9D-3BBE-8E34-1FCA536385E0}"
	ProjectSection(ProjectDependencies) = postProject
	EndProjectSection
EndProject
Project("{8BC9CEB8-8B4A-11D0-8D11-00A0C91BC942}") = "zlibstatic", "zlibstatic.vcxproj", "{403EEB34-4E1D-3DC4-87B0-7E6733DAF13B}"
	ProjectSection(ProjectDependencies) = postProject
		{DDF39715-EA9D-3BBE-8E34-1FCA536385E0} = {DDF39715-EA9D-3BBE-8E34-1FCA536385E0}
	EndProjectSection
EndProject
Global
	GlobalSection(SolutionConfigurationPlatforms) = preSolution
		Debug|Win32 = Debug|Win32
		Release|Win32 = Release|Win32
		MinSizeRel|Win32 = MinSizeRel|Win32
		RelWithDebInfo|Win32 = RelWithDebInfo|Win32
	EndGlobalSection
	GlobalSection(ProjectConfigurationPlatforms) = postSolution
		{D0C05E3F-E53A-3BC4-A8EA-38BED1E7F3A2}.Debug|Win32.ActiveCfg = Debug|Win32
		{D0C05E3F-E53A-3BC4-A8EA-38BED1E7F3A2}.Debug|Win32.Build.0 = Debug|Win32
		{D0C05E3F-E53A-3BC4-A8EA-38BED1E7F3A2}.Release|Win32.ActiveCfg = Release|Win32
		{D0C05E3F-E53A-3BC4-A8EA-38BED1E7F3A2}.Release|Win32.Build.0 = Release|Win32
		{D0C05E3F-E53A-3BC4-A8EA-38BED1E7F3A2}.MinSizeRel|Win32.ActiveCfg = MinSizeRel|Win32
		{D0C05E3F-E53A-3BC4-A8EA-38BED1E7F3A2}.MinSizeRel|Win32.Build.0 = MinSizeRel|Win32
		{D0C05E3F-E53A-3BC4-A8EA-38BED1E7F3A2}.RelWithDebInfo|Win32.ActiveCfg = RelWithDebInfo|Win32
		{D0C05E3F-E53A-3BC4-A8EA-38BED1E7F3A2}.RelWithDebInfo|Win32.Build.0 = RelWithDebInfo|Win32
		{29CDF1EB-FE8F-325C-91A2-2C06979E2C72}.Debug|Win32.ActiveCfg = Debug|Win32
		{29CDF1EB-FE8F-325C-91A2-2C06979E2C72}.Release|Win32.ActiveCfg = Release|Win32
		{29CDF1EB-FE8F-325C-91A2-2C06979E2C72}.MinSizeRel|Win32.ActiveCfg = MinSizeRel|Win32
		{29CDF1EB-FE8F-325C-91A2-2C06979E2C72}.RelWithDebInfo|Win32.ActiveCfg = RelWithDebInfo|Win32
		{DDF39715-EA9D-3BBE-8E34-1FCA536385E0}.Debug|Win32.ActiveCfg = Debug|Win32
		{DDF39715-EA9D-3BBE-8E34-1FCA536385E0}.Debug|Win32.Build.0 = Debug|Win32
		{DDF39715-EA9D-3BBE-8E34-1FCA536385E0}.Release|Win32.ActiveCfg = Release|Win32
		{DDF39715-EA9D-3BBE-8E34-1FCA536385E0}.Release|Win32.Build.0 = Release|Win32
		{DDF39715-EA9D-3BBE-8E34-1FCA536385E0}.MinSizeRel|Win32.ActiveCfg = MinSizeRel|Win32
		{DDF39715-EA9D-3BBE-8E34-1FCA536385E0}.MinSizeRel|Win32.Build.0 = MinSizeRel|Win32
		{DDF39715-EA9D-3BBE-8E34-1FCA536385E0}.RelWithDebInfo|Win32.ActiveCfg = RelWithDebInfo|Win32
		{DDF39715-EA9D-3BBE-8E34-1FCA536385E0}.RelWithDebInfo|Win32.Build.0 = RelWithDebInfo|Win32
		{403EEB34-4E1D-3DC4-87B0-7E6733DAF13B}.Debug|Win32.ActiveCfg = Debug|Win32
		{403EEB34-4E1D-3DC4-87B0-7E6733DAF13B}.Debug|Win32.Build.0 = Debug|Win32
		{403EEB34-4E1D-3DC4-87B0-7E6733DAF13B}.Release|Win32.ActiveCfg = Release|Win32
		{403EEB34-4E1D-3DC4-87B0-7E6733DAF13B}.Release|Win32.Build.0 = Release|Win32
		{403EEB34-4E1D-3DC4-87B0-7E6733DAF13B}.MinSizeRel|Win32.ActiveCfg = MinSizeRel|Win32
		{403EEB34-4E1D-3DC4-87B0-7E6733DAF13B}.MinSizeRel|Win32.Build.0 = MinSizeRel|Win32
		{403EEB34-4E1D-3DC4-87B0-7E6733DAF13B}.RelWithDebInfo|Win32.ActiveCfg = RelWithDebInfo|Win32
		{403EEB34-4E1D-3DC4-87B0-7E6733DAF13B}.RelWithDebInfo|Win32.Build.0 = RelWithDebInfo|Win32
	EndGlobalSection
	GlobalSection(ExtensibilityGlobals) = postSolution
		SolutionGuid = {49BB5490-A521-348D-A82D-BD257CC3042C}
	EndGlobalSection
	GlobalSection(ExtensibilityAddIns) = postSolution
	EndGlobalSection
EndGlobal
