Microsoft Visual Studio Solution File, Format Version 12.00
# Visual Studio 15
Project("{2150E333-8FDC-42A3-9474-1A3956D46DE8}") = "CMakePredefinedTargets", "CMakePredefinedTargets", "{1FD4822E-FA7E-3F31-89E8-F07953EFC65D}"
EndProject
Project("{2150E333-8FDC-42A3-9474-1A3956D46DE8}") = "GLFW3", "GLFW3", "{81C50FF9-4EEA-3418-88C6-77821872B98C}"
EndProject
Project("{2150E333-8FDC-42A3-9474-1A3956D46DE8}") = "Examples", "GLFW3\Examples", "{78F11036-3869-3594-8299-7D976586D669}"
EndProject
Project("{2150E333-8FDC-42A3-9474-1A3956D46DE8}") = "Tests", "GLFW3\Tests", "{E171066A-4166-3AF7-9CA0-D7C51C61A47B}"
EndProject
Project("{8BC9CEB8-8B4A-11D0-8D11-00A0C91BC942}") = "ALL_BUILD", "ALL_BUILD.vcxproj", "{C905A26C-9CC9-3AF0-B021-284C36BCCC0A}"
	ProjectSection(ProjectDependencies) = postProject
		{D65A8C90-0752-3B33-A4E3-99DFB78D87F3} = {D65A8C90-0752-3B33-A4E3-99DFB78D87F3}
		{5AEDFD0D-AFE2-3FCC-A4A6-228430A71FB3} = {5AEDFD0D-AFE2-3FCC-A4A6-228430A71FB3}
		{80379690-6546-3D9A-9AA9-3C01B244AB95} = {80379690-6546-3D9A-9AA9-3C01B244AB95}
		{140AD12D-09BC-33D2-A886-6F7861B8CE42} = {140AD12D-09BC-33D2-A886-6F7861B8CE42}
		{F27DFCEB-6928-3BE6-8B14-65CD56DFBBF9} = {F27DFCEB-6928-3BE6-8B14-65CD56DFBBF9}
		{C77D82C6-CC42-3681-852F-A46A7D00AF71} = {C77D82C6-CC42-3681-852F-A46A7D00AF71}
		{0415F1B0-D8CA-3F11-816E-31FE41F696F7} = {0415F1B0-D8CA-3F11-816E-31FE41F696F7}
		{B9F099EE-02FE-35E9-9E3A-89CDB2FAFAC4} = {B9F099EE-02FE-35E9-9E3A-89CDB2FAFAC4}
		{46C4EBED-FDCC-30E1-845C-C78CB4C54ED8} = {46C4EBED-FDCC-30E1-845C-C78CB4C54ED8}
		{52A56F71-53B4-3482-8617-F9D9A545E2FC} = {52A56F71-53B4-3482-8617-F9D9A545E2FC}
		{1FCB66E8-584C-30EA-BF56-EA647282F685} = {1FCB66E8-584C-30EA-BF56-EA647282F685}
		{867CBD95-5B06-398A-A280-26AEBC71E0BE} = {867CBD95-5B06-398A-A280-26AEBC71E0BE}
		{0BAFA0EA-1B5D-3273-BAFD-C05D54183987} = {0BAFA0EA-1B5D-3273-BAFD-C05D54183987}
		{754D1688-7227-30E2-A5D1-244DEF4BF4D4} = {754D1688-7227-30E2-A5D1-244DEF4BF4D4}
		{42553EA1-BE3E-33A6-BF76-18A9FC9FC6C5} = {42553EA1-BE3E-33A6-BF76-18A9FC9FC6C5}
		{3493C88A-D8A9-35FA-9531-69E9AA07B32B} = {3493C88A-D8A9-35FA-9531-69E9AA07B32B}
		{71B227A1-96D1-35BB-B244-8F08CE6A5204} = {71B227A1-96D1-35BB-B244-8F08CE6A5204}
		{6BA3ECF0-5D9B-32E3-B92F-F6E5B56AAD66} = {6BA3ECF0-5D9B-32E3-B92F-F6E5B56AAD66}
		{C71040DB-D431-330D-9131-FF62E43E5E3C} = {C71040DB-D431-330D-9131-FF62E43E5E3C}
		{78DD0C20-AA9B-3D6C-AEAF-07A5FD153640} = {78DD0C20-AA9B-3D6C-AEAF-07A5FD153640}
		{0529EAB9-5273-3E4C-B663-93894B7B62B7} = {0529EAB9-5273-3E4C-B663-93894B7B62B7}
		{2776B285-1A8D-3DCD-B417-7DB8E354A896} = {2776B285-1A8D-3DCD-B417-7DB8E354A896}
		{52A92104-2290-3422-AB27-40D4A8FD2F26} = {52A92104-2290-3422-AB27-40D4A8FD2F26}
		{AA5BF395-22DB-3C4F-A156-C7745E27195D} = {AA5BF395-22DB-3C4F-A156-C7745E27195D}
		{F373B39F-9467-3F75-ABBE-E11B5FFCDC1B} = {F373B39F-9467-3F75-ABBE-E11B5FFCDC1B}
		{3A005973-24A0-3218-9E54-5CACC8C2CD59} = {3A005973-24A0-3218-9E54-5CACC8C2CD59}
		{91F0781B-7113-3EDF-ADCB-7741132B69DF} = {91F0781B-7113-3EDF-ADCB-7741132B69DF}
	EndProjectSection
EndProject
Project("{8BC9CEB8-8B4A-11D0-8D11-00A0C91BC942}") = "INSTALL", "INSTALL.vcxproj", "{B03350CE-4ED5-3834-8CAD-492DB0B41525}"
	ProjectSection(ProjectDependencies) = postProject
		{C905A26C-9CC9-3AF0-B021-284C36BCCC0A} = {C905A26C-9CC9-3AF0-B021-284C36BCCC0A}
		{D65A8C90-0752-3B33-A4E3-99DFB78D87F3} = {D65A8C90-0752-3B33-A4E3-99DFB78D87F3}
	EndProjectSection
EndProject
Project("{8BC9CEB8-8B4A-11D0-8D11-00A0C91BC942}") = "ZERO_CHECK", "ZERO_CHECK.vcxproj", "{D65A8C90-0752-3B33-A4E3-99DFB78D87F3}"
	ProjectSection(ProjectDependencies) = postProject
	EndProjectSection
EndProject
Project("{8BC9CEB8-8B4A-11D0-8D11-00A0C91BC942}") = "boing", "examples\boing.vcxproj", "{5AEDFD0D-AFE2-3FCC-A4A6-228430A71FB3}"
	ProjectSection(ProjectDependencies) = postProject
		{D65A8C90-0752-3B33-A4E3-99DFB78D87F3} = {D65A8C90-0752-3B33-A4E3-99DFB78D87F3}
		{46C4EBED-FDCC-30E1-845C-C78CB4C54ED8} = {46C4EBED-FDCC-30E1-845C-C78CB4C54ED8}
	EndProjectSection
EndProject
Project("{8BC9CEB8-8B4A-11D0-8D11-00A0C91BC942}") = "clipboard", "tests\clipboard.vcxproj", "{80379690-6546-3D9A-9AA9-3C01B244AB95}"
	ProjectSection(ProjectDependencies) = postProject
		{D65A8C90-0752-3B33-A4E3-99DFB78D87F3} = {D65A8C90-0752-3B33-A4E3-99DFB78D87F3}
		{46C4EBED-FDCC-30E1-845C-C78CB4C54ED8} = {46C4EBED-FDCC-30E1-845C-C78CB4C54ED8}
	EndProjectSection
EndProject
Project("{8BC9CEB8-8B4A-11D0-8D11-00A0C91BC942}") = "cursor", "tests\cursor.vcxproj", "{140AD12D-09BC-33D2-A886-6F7861B8CE42}"
	ProjectSection(ProjectDependencies) = postProject
		{D65A8C90-0752-3B33-A4E3-99DFB78D87F3} = {D65A8C90-0752-3B33-A4E3-99DFB78D87F3}
		{46C4EBED-FDCC-30E1-845C-C78CB4C54ED8} = {46C4EBED-FDCC-30E1-845C-C78CB4C54ED8}
	EndProjectSection
EndProject
Project("{8BC9CEB8-8B4A-11D0-8D11-00A0C91BC942}") = "empty", "tests\empty.vcxproj", "{F27DFCEB-6928-3BE6-8B14-65CD56DFBBF9}"
	ProjectSection(ProjectDependencies) = postProject
		{D65A8C90-0752-3B33-A4E3-99DFB78D87F3} = {D65A8C90-0752-3B33-A4E3-99DFB78D87F3}
		{46C4EBED-FDCC-30E1-845C-C78CB4C54ED8} = {46C4EBED-FDCC-30E1-845C-C78CB4C54ED8}
	EndProjectSection
EndProject
Project("{8BC9CEB8-8B4A-11D0-8D11-00A0C91BC942}") = "events", "tests\events.vcxproj", "{C77D82C6-CC42-3681-852F-A46A7D00AF71}"
	ProjectSection(ProjectDependencies) = postProject
		{D65A8C90-0752-3B33-A4E3-99DFB78D87F3} = {D65A8C90-0752-3B33-A4E3-99DFB78D87F3}
		{46C4EBED-FDCC-30E1-845C-C78CB4C54ED8} = {46C4EBED-FDCC-30E1-845C-C78CB4C54ED8}
	EndProjectSection
EndProject
Project("{8BC9CEB8-8B4A-11D0-8D11-00A0C91BC942}") = "gamma", "tests\gamma.vcxproj", "{0415F1B0-D8CA-3F11-816E-31FE41F696F7}"
	ProjectSection(ProjectDependencies) = postProject
		{D65A8C90-0752-3B33-A4E3-99DFB78D87F3} = {D65A8C90-0752-3B33-A4E3-99DFB78D87F3}
		{46C4EBED-FDCC-30E1-845C-C78CB4C54ED8} = {46C4EBED-FDCC-30E1-845C-C78CB4C54ED8}
	EndProjectSection
EndProject
Project("{8BC9CEB8-8B4A-11D0-8D11-00A0C91BC942}") = "gears", "examples\gears.vcxproj", "{B9F099EE-02FE-35E9-9E3A-89CDB2FAFAC4}"
	ProjectSection(ProjectDependencies) = postProject
		{D65A8C90-0752-3B33-A4E3-99DFB78D87F3} = {D65A8C90-0752-3B33-A4E3-99DFB78D87F3}
		{46C4EBED-FDCC-30E1-845C-C78CB4C54ED8} = {46C4EBED-FDCC-30E1-845C-C78CB4C54ED8}
	EndProjectSection
EndProject
Project("{8BC9CEB8-8B4A-11D0-8D11-00A0C91BC942}") = "glfw", "src\glfw.vcxproj", "{46C4EBED-FDCC-30E1-845C-C78CB4C54ED8}"
	ProjectSection(ProjectDependencies) = postProject
		{D65A8C90-0752-3B33-A4E3-99DFB78D87F3} = {D65A8C90-0752-3B33-A4E3-99DFB78D87F3}
	EndProjectSection
EndProject
Project("{8BC9CEB8-8B4A-11D0-8D11-00A0C91BC942}") = "glfwinfo", "tests\glfwinfo.vcxproj", "{52A56F71-53B4-3482-8617-F9D9A545E2FC}"
	ProjectSection(ProjectDependencies) = postProject
		{D65A8C90-0752-3B33-A4E3-99DFB78D87F3} = {D65A8C90-0752-3B33-A4E3-99DFB78D87F3}
		{46C4EBED-FDCC-30E1-845C-C78CB4C54ED8} = {46C4EBED-FDCC-30E1-845C-C78CB4C54ED8}
	EndProjectSection
EndProject
Project("{8BC9CEB8-8B4A-11D0-8D11-00A0C91BC942}") = "heightmap", "examples\heightmap.vcxproj", "{1FCB66E8-584C-30EA-BF56-EA647282F685}"
	ProjectSection(ProjectDependencies) = postProject
		{D65A8C90-0752-3B33-A4E3-99DFB78D87F3} = {D65A8C90-0752-3B33-A4E3-99DFB78D87F3}
		{46C4EBED-FDCC-30E1-845C-C78CB4C54ED8} = {46C4EBED-FDCC-30E1-845C-C78CB4C54ED8}
	EndProjectSection
EndProject
Project("{8BC9CEB8-8B4A-11D0-8D11-00A0C91BC942}") = "icon", "tests\icon.vcxproj", "{867CBD95-5B06-398A-A280-26AEBC71E0BE}"
	ProjectSection(ProjectDependencies) = postProject
		{D65A8C90-0752-3B33-A4E3-99DFB78D87F3} = {D65A8C90-0752-3B33-A4E3-99DFB78D87F3}
		{46C4EBED-FDCC-30E1-845C-C78CB4C54ED8} = {46C4EBED-FDCC-30E1-845C-C78CB4C54ED8}
	EndProjectSection
EndProject
Project("{8BC9CEB8-8B4A-11D0-8D11-00A0C91BC942}") = "iconify", "tests\iconify.vcxproj", "{0BAFA0EA-1B5D-3273-BAFD-C05D54183987}"
	ProjectSection(ProjectDependencies) = postProject
		{D65A8C90-0752-3B33-A4E3-99DFB78D87F3} = {D65A8C90-0752-3B33-A4E3-99DFB78D87F3}
		{46C4EBED-FDCC-30E1-845C-C78CB4C54ED8} = {46C4EBED-FDCC-30E1-845C-C78CB4C54ED8}
	EndProjectSection
EndProject
Project("{8BC9CEB8-8B4A-11D0-8D11-00A0C91BC942}") = "joysticks", "tests\joysticks.vcxproj", "{754D1688-7227-30E2-A5D1-244DEF4BF4D4}"
	ProjectSection(ProjectDependencies) = postProject
		{D65A8C90-0752-3B33-A4E3-99DFB78D87F3} = {D65A8C90-0752-3B33-A4E3-99DFB78D87F3}
		{46C4EBED-FDCC-30E1-845C-C78CB4C54ED8} = {46C4EBED-FDCC-30E1-845C-C78CB4C54ED8}
	EndProjectSection
EndProject
Project("{8BC9CEB8-8B4A-11D0-8D11-00A0C91BC942}") = "monitors", "tests\monitors.vcxproj", "{42553EA1-BE3E-33A6-BF76-18A9FC9FC6C5}"
	ProjectSection(ProjectDependencies) = postProject
		{D65A8C90-0752-3B33-A4E3-99DFB78D87F3} = {D65A8C90-0752-3B33-A4E3-99DFB78D87F3}
		{46C4EBED-FDCC-30E1-845C-C78CB4C54ED8} = {46C4EBED-FDCC-30E1-845C-C78CB4C54ED8}
	EndProjectSection
EndProject
Project("{8BC9CEB8-8B4A-11D0-8D11-00A0C91BC942}") = "msaa", "tests\msaa.vcxproj", "{3493C88A-D8A9-35FA-9531-69E9AA07B32B}"
	ProjectSection(ProjectDependencies) = postProject
		{D65A8C90-0752-3B33-A4E3-99DFB78D87F3} = {D65A8C90-0752-3B33-A4E3-99DFB78D87F3}
		{46C4EBED-FDCC-30E1-845C-C78CB4C54ED8} = {46C4EBED-FDCC-30E1-845C-C78CB4C54ED8}
	EndProjectSection
EndProject
Project("{8BC9CEB8-8B4A-11D0-8D11-00A0C91BC942}") = "particles", "examples\particles.vcxproj", "{71B227A1-96D1-35BB-B244-8F08CE6A5204}"
	ProjectSection(ProjectDependencies) = postProject
		{D65A8C90-0752-3B33-A4E3-99DFB78D87F3} = {D65A8C90-0752-3B33-A4E3-99DFB78D87F3}
		{46C4EBED-FDCC-30E1-845C-C78CB4C54ED8} = {46C4EBED-FDCC-30E1-845C-C78CB4C54ED8}
	EndProjectSection
EndProject
Project("{8BC9CEB8-8B4A-11D0-8D11-00A0C91BC942}") = "reopen", "tests\reopen.vcxproj", "{6BA3ECF0-5D9B-32E3-B92F-F6E5B56AAD66}"
	ProjectSection(ProjectDependencies) = postProject
		{D65A8C90-0752-3B33-A4E3-99DFB78D87F3} = {D65A8C90-0752-3B33-A4E3-99DFB78D87F3}
		{46C4EBED-FDCC-30E1-845C-C78CB4C54ED8} = {46C4EBED-FDCC-30E1-845C-C78CB4C54ED8}
	EndProjectSection
EndProject
Project("{8BC9CEB8-8B4A-11D0-8D11-00A0C91BC942}") = "sharing", "tests\sharing.vcxproj", "{C71040DB-D431-330D-9131-FF62E43E5E3C}"
	ProjectSection(ProjectDependencies) = postProject
		{D65A8C90-0752-3B33-A4E3-99DFB78D87F3} = {D65A8C90-0752-3B33-A4E3-99DFB78D87F3}
		{46C4EBED-FDCC-30E1-845C-C78CB4C54ED8} = {46C4EBED-FDCC-30E1-845C-C78CB4C54ED8}
	EndProjectSection
EndProject
Project("{8BC9CEB8-8B4A-11D0-8D11-00A0C91BC942}") = "simple", "examples\simple.vcxproj", "{78DD0C20-AA9B-3D6C-AEAF-07A5FD153640}"
	ProjectSection(ProjectDependencies) = postProject
		{D65A8C90-0752-3B33-A4E3-99DFB78D87F3} = {D65A8C90-0752-3B33-A4E3-99DFB78D87F3}
		{46C4EBED-FDCC-30E1-845C-C78CB4C54ED8} = {46C4EBED-FDCC-30E1-845C-C78CB4C54ED8}
	EndProjectSection
EndProject
Project("{8BC9CEB8-8B4A-11D0-8D11-00A0C91BC942}") = "splitview", "examples\splitview.vcxproj", "{0529EAB9-5273-3E4C-B663-93894B7B62B7}"
	ProjectSection(ProjectDependencies) = postProject
		{D65A8C90-0752-3B33-A4E3-99DFB78D87F3} = {D65A8C90-0752-3B33-A4E3-99DFB78D87F3}
		{46C4EBED-FDCC-30E1-845C-C78CB4C54ED8} = {46C4EBED-FDCC-30E1-845C-C78CB4C54ED8}
	EndProjectSection
EndProject
Project("{8BC9CEB8-8B4A-11D0-8D11-00A0C91BC942}") = "tearing", "tests\tearing.vcxproj", "{2776B285-1A8D-3DCD-B417-7DB8E354A896}"
	ProjectSection(ProjectDependencies) = postProject
		{D65A8C90-0752-3B33-A4E3-99DFB78D87F3} = {D65A8C90-0752-3B33-A4E3-99DFB78D87F3}
		{46C4EBED-FDCC-30E1-845C-C78CB4C54ED8} = {46C4EBED-FDCC-30E1-845C-C78CB4C54ED8}
	EndProjectSection
EndProject
Project("{8BC9CEB8-8B4A-11D0-8D11-00A0C91BC942}") = "threads", "tests\threads.vcxproj", "{52A92104-2290-3422-AB27-40D4A8FD2F26}"
	ProjectSection(ProjectDependencies) = postProject
		{D65A8C90-0752-3B33-A4E3-99DFB78D87F3} = {D65A8C90-0752-3B33-A4E3-99DFB78D87F3}
		{46C4EBED-FDCC-30E1-845C-C78CB4C54ED8} = {46C4EBED-FDCC-30E1-845C-C78CB4C54ED8}
	EndProjectSection
EndProject
Project("{8BC9CEB8-8B4A-11D0-8D11-00A0C91BC942}") = "timeout", "tests\timeout.vcxproj", "{AA5BF395-22DB-3C4F-A156-C7745E27195D}"
	ProjectSection(ProjectDependencies) = postProject
		{D65A8C90-0752-3B33-A4E3-99DFB78D87F3} = {D65A8C90-0752-3B33-A4E3-99DFB78D87F3}
		{46C4EBED-FDCC-30E1-845C-C78CB4C54ED8} = {46C4EBED-FDCC-30E1-845C-C78CB4C54ED8}
	EndProjectSection
EndProject
Project("{8BC9CEB8-8B4A-11D0-8D11-00A0C91BC942}") = "title", "tests\title.vcxproj", "{F373B39F-9467-3F75-ABBE-E11B5FFCDC1B}"
	ProjectSection(ProjectDependencies) = postProject
		{D65A8C90-0752-3B33-A4E3-99DFB78D87F3} = {D65A8C90-0752-3B33-A4E3-99DFB78D87F3}
		{46C4EBED-FDCC-30E1-845C-C78CB4C54ED8} = {46C4EBED-FDCC-30E1-845C-C78CB4C54ED8}
	EndProjectSection
EndProject
Project("{8BC9CEB8-8B4A-11D0-8D11-00A0C91BC942}") = "uninstall", "uninstall.vcxproj", "{28D38425-72F5-35B8-8BC2-92B3938B912F}"
	ProjectSection(ProjectDependencies) = postProject
		{D65A8C90-0752-3B33-A4E3-99DFB78D87F3} = {D65A8C90-0752-3B33-A4E3-99DFB78D87F3}
	EndProjectSection
EndProject
Project("{8BC9CEB8-8B4A-11D0-8D11-00A0C91BC942}") = "wave", "examples\wave.vcxproj", "{3A005973-24A0-3218-9E54-5CACC8C2CD59}"
	ProjectSection(ProjectDependencies) = postProject
		{D65A8C90-0752-3B33-A4E3-99DFB78D87F3} = {D65A8C90-0752-3B33-A4E3-99DFB78D87F3}
		{46C4EBED-FDCC-30E1-845C-C78CB4C54ED8} = {46C4EBED-FDCC-30E1-845C-C78CB4C54ED8}
	EndProjectSection
EndProject
Project("{8BC9CEB8-8B4A-11D0-8D11-00A0C91BC942}") = "windows", "tests\windows.vcxproj", "{91F0781B-7113-3EDF-ADCB-7741132B69DF}"
	ProjectSection(ProjectDependencies) = postProject
		{D65A8C90-0752-3B33-A4E3-99DFB78D87F3} = {D65A8C90-0752-3B33-A4E3-99DFB78D87F3}
		{46C4EBED-FDCC-30E1-845C-C78CB4C54ED8} = {46C4EBED-FDCC-30E1-845C-C78CB4C54ED8}
	EndProjectSection
EndProject
Global
	GlobalSection(SolutionConfigurationPlatforms) = preSolution
		Debug|Win32 = Debug|Win32
		Release|Win32 = Release|Win32
		MinSizeRel|Win32 = MinSizeRel|Win32
		RelWithDebInfo|Win32 = RelWithDebInfo|Win32
	EndGlobalSection
	GlobalSection(ProjectConfigurationPlatforms) = postSolution
		{C905A26C-9CC9-3AF0-B021-284C36BCCC0A}.Debug|Win32.ActiveCfg = Debug|Win32
		{C905A26C-9CC9-3AF0-B021-284C36BCCC0A}.Debug|Win32.Build.0 = Debug|Win32
		{C905A26C-9CC9-3AF0-B021-284C36BCCC0A}.Release|Win32.ActiveCfg = Release|Win32
		{C905A26C-9CC9-3AF0-B021-284C36BCCC0A}.Release|Win32.Build.0 = Release|Win32
		{C905A26C-9CC9-3AF0-B021-284C36BCCC0A}.MinSizeRel|Win32.ActiveCfg = MinSizeRel|Win32
		{C905A26C-9CC9-3AF0-B021-284C36BCCC0A}.MinSizeRel|Win32.Build.0 = MinSizeRel|Win32
		{C905A26C-9CC9-3AF0-B021-284C36BCCC0A}.RelWithDebInfo|Win32.ActiveCfg = RelWithDebInfo|Win32
		{C905A26C-9CC9-3AF0-B021-284C36BCCC0A}.RelWithDebInfo|Win32.Build.0 = RelWithDebInfo|Win32
		{B03350CE-4ED5-3834-8CAD-492DB0B41525}.Debug|Win32.ActiveCfg = Debug|Win32
		{B03350CE-4ED5-3834-8CAD-492DB0B41525}.Release|Win32.ActiveCfg = Release|Win32
		{B03350CE-4ED5-3834-8CAD-492DB0B41525}.MinSizeRel|Win32.ActiveCfg = MinSizeRel|Win32
		{B03350CE-4ED5-3834-8CAD-492DB0B41525}.RelWithDebInfo|Win32.ActiveCfg = RelWithDebInfo|Win32
		{D65A8C90-0752-3B33-A4E3-99DFB78D87F3}.Debug|Win32.ActiveCfg = Debug|Win32
		{D65A8C90-0752-3B33-A4E3-99DFB78D87F3}.Debug|Win32.Build.0 = Debug|Win32
		{D65A8C90-0752-3B33-A4E3-99DFB78D87F3}.Release|Win32.ActiveCfg = Release|Win32
		{D65A8C90-0752-3B33-A4E3-99DFB78D87F3}.Release|Win32.Build.0 = Release|Win32
		{D65A8C90-0752-3B33-A4E3-99DFB78D87F3}.MinSizeRel|Win32.ActiveCfg = MinSizeRel|Win32
		{D65A8C90-0752-3B33-A4E3-99DFB78D87F3}.MinSizeRel|Win32.Build.0 = MinSizeRel|Win32
		{D65A8C90-0752-3B33-A4E3-99DFB78D87F3}.RelWithDebInfo|Win32.ActiveCfg = RelWithDebInfo|Win32
		{D65A8C90-0752-3B33-A4E3-99DFB78D87F3}.RelWithDebInfo|Win32.Build.0 = RelWithDebInfo|Win32
		{5AEDFD0D-AFE2-3FCC-A4A6-228430A71FB3}.Debug|Win32.ActiveCfg = Debug|Win32
		{5AEDFD0D-AFE2-3FCC-A4A6-228430A71FB3}.Debug|Win32.Build.0 = Debug|Win32
		{5AEDFD0D-AFE2-3FCC-A4A6-228430A71FB3}.Release|Win32.ActiveCfg = Release|Win32
		{5AEDFD0D-AFE2-3FCC-A4A6-228430A71FB3}.Release|Win32.Build.0 = Release|Win32
		{5AEDFD0D-AFE2-3FCC-A4A6-228430A71FB3}.MinSizeRel|Win32.ActiveCfg = MinSizeRel|Win32
		{5AEDFD0D-AFE2-3FCC-A4A6-228430A71FB3}.MinSizeRel|Win32.Build.0 = MinSizeRel|Win32
		{5AEDFD0D-AFE2-3FCC-A4A6-228430A71FB3}.RelWithDebInfo|Win32.ActiveCfg = RelWithDebInfo|Win32
		{5AEDFD0D-AFE2-3FCC-A4A6-228430A71FB3}.RelWithDebInfo|Win32.Build.0 = RelWithDebInfo|Win32
		{80379690-6546-3D9A-9AA9-3C01B244AB95}.Debug|Win32.ActiveCfg = Debug|Win32
		{80379690-6546-3D9A-9AA9-3C01B244AB95}.Debug|Win32.Build.0 = Debug|Win32
		{80379690-6546-3D9A-9AA9-3C01B244AB95}.Release|Win32.ActiveCfg = Release|Win32
		{80379690-6546-3D9A-9AA9-3C01B244AB95}.Release|Win32.Build.0 = Release|Win32
		{80379690-6546-3D9A-9AA9-3C01B244AB95}.MinSizeRel|Win32.ActiveCfg = MinSizeRel|Win32
		{80379690-6546-3D9A-9AA9-3C01B244AB95}.MinSizeRel|Win32.Build.0 = MinSizeRel|Win32
		{80379690-6546-3D9A-9AA9-3C01B244AB95}.RelWithDebInfo|Win32.ActiveCfg = RelWithDebInfo|Win32
		{80379690-6546-3D9A-9AA9-3C01B244AB95}.RelWithDebInfo|Win32.Build.0 = RelWithDebInfo|Win32
		{140AD12D-09BC-33D2-A886-6F7861B8CE42}.Debug|Win32.ActiveCfg = Debug|Win32
		{140AD12D-09BC-33D2-A886-6F7861B8CE42}.Debug|Win32.Build.0 = Debug|Win32
		{140AD12D-09BC-33D2-A886-6F7861B8CE42}.Release|Win32.ActiveCfg = Release|Win32
		{140AD12D-09BC-33D2-A886-6F7861B8CE42}.Release|Win32.Build.0 = Release|Win32
		{140AD12D-09BC-33D2-A886-6F7861B8CE42}.MinSizeRel|Win32.ActiveCfg = MinSizeRel|Win32
		{140AD12D-09BC-33D2-A886-6F7861B8CE42}.MinSizeRel|Win32.Build.0 = MinSizeRel|Win32
		{140AD12D-09BC-33D2-A886-6F7861B8CE42}.RelWithDebInfo|Win32.ActiveCfg = RelWithDebInfo|Win32
		{140AD12D-09BC-33D2-A886-6F7861B8CE42}.RelWithDebInfo|Win32.Build.0 = RelWithDebInfo|Win32
		{F27DFCEB-6928-3BE6-8B14-65CD56DFBBF9}.Debug|Win32.ActiveCfg = Debug|Win32
		{F27DFCEB-6928-3BE6-8B14-65CD56DFBBF9}.Debug|Win32.Build.0 = Debug|Win32
		{F27DFCEB-6928-3BE6-8B14-65CD56DFBBF9}.Release|Win32.ActiveCfg = Release|Win32
		{F27DFCEB-6928-3BE6-8B14-65CD56DFBBF9}.Release|Win32.Build.0 = Release|Win32
		{F27DFCEB-6928-3BE6-8B14-65CD56DFBBF9}.MinSizeRel|Win32.ActiveCfg = MinSizeRel|Win32
		{F27DFCEB-6928-3BE6-8B14-65CD56DFBBF9}.MinSizeRel|Win32.Build.0 = MinSizeRel|Win32
		{F27DFCEB-6928-3BE6-8B14-65CD56DFBBF9}.RelWithDebInfo|Win32.ActiveCfg = RelWithDebInfo|Win32
		{F27DFCEB-6928-3BE6-8B14-65CD56DFBBF9}.RelWithDebInfo|Win32.Build.0 = RelWithDebInfo|Win32
		{C77D82C6-CC42-3681-852F-A46A7D00AF71}.Debug|Win32.ActiveCfg = Debug|Win32
		{C77D82C6-CC42-3681-852F-A46A7D00AF71}.Debug|Win32.Build.0 = Debug|Win32
		{C77D82C6-CC42-3681-852F-A46A7D00AF71}.Release|Win32.ActiveCfg = Release|Win32
		{C77D82C6-CC42-3681-852F-A46A7D00AF71}.Release|Win32.Build.0 = Release|Win32
		{C77D82C6-CC42-3681-852F-A46A7D00AF71}.MinSizeRel|Win32.ActiveCfg = MinSizeRel|Win32
		{C77D82C6-CC42-3681-852F-A46A7D00AF71}.MinSizeRel|Win32.Build.0 = MinSizeRel|Win32
		{C77D82C6-CC42-3681-852F-A46A7D00AF71}.RelWithDebInfo|Win32.ActiveCfg = RelWithDebInfo|Win32
		{C77D82C6-CC42-3681-852F-A46A7D00AF71}.RelWithDebInfo|Win32.Build.0 = RelWithDebInfo|Win32
		{0415F1B0-D8CA-3F11-816E-31FE41F696F7}.Debug|Win32.ActiveCfg = Debug|Win32
		{0415F1B0-D8CA-3F11-816E-31FE41F696F7}.Debug|Win32.Build.0 = Debug|Win32
		{0415F1B0-D8CA-3F11-816E-31FE41F696F7}.Release|Win32.ActiveCfg = Release|Win32
		{0415F1B0-D8CA-3F11-816E-31FE41F696F7}.Release|Win32.Build.0 = Release|Win32
		{0415F1B0-D8CA-3F11-816E-31FE41F696F7}.MinSizeRel|Win32.ActiveCfg = MinSizeRel|Win32
		{0415F1B0-D8CA-3F11-816E-31FE41F696F7}.MinSizeRel|Win32.Build.0 = MinSizeRel|Win32
		{0415F1B0-D8CA-3F11-816E-31FE41F696F7}.RelWithDebInfo|Win32.ActiveCfg = RelWithDebInfo|Win32
		{0415F1B0-D8CA-3F11-816E-31FE41F696F7}.RelWithDebInfo|Win32.Build.0 = RelWithDebInfo|Win32
		{B9F099EE-02FE-35E9-9E3A-89CDB2FAFAC4}.Debug|Win32.ActiveCfg = Debug|Win32
		{B9F099EE-02FE-35E9-9E3A-89CDB2FAFAC4}.Debug|Win32.Build.0 = Debug|Win32
		{B9F099EE-02FE-35E9-9E3A-89CDB2FAFAC4}.Release|Win32.ActiveCfg = Release|Win32
		{B9F099EE-02FE-35E9-9E3A-89CDB2FAFAC4}.Release|Win32.Build.0 = Release|Win32
		{B9F099EE-02FE-35E9-9E3A-89CDB2FAFAC4}.MinSizeRel|Win32.ActiveCfg = MinSizeRel|Win32
		{B9F099EE-02FE-35E9-9E3A-89CDB2FAFAC4}.MinSizeRel|Win32.Build.0 = MinSizeRel|Win32
		{B9F099EE-02FE-35E9-9E3A-89CDB2FAFAC4}.RelWithDebInfo|Win32.ActiveCfg = RelWithDebInfo|Win32
		{B9F099EE-02FE-35E9-9E3A-89CDB2FAFAC4}.RelWithDebInfo|Win32.Build.0 = RelWithDebInfo|Win32
		{46C4EBED-FDCC-30E1-845C-C78CB4C54ED8}.Debug|Win32.ActiveCfg = Debug|Win32
		{46C4EBED-FDCC-30E1-845C-C78CB4C54ED8}.Debug|Win32.Build.0 = Debug|Win32
		{46C4EBED-FDCC-30E1-845C-C78CB4C54ED8}.Release|Win32.ActiveCfg = Release|Win32
		{46C4EBED-FDCC-30E1-845C-C78CB4C54ED8}.Release|Win32.Build.0 = Release|Win32
		{46C4EBED-FDCC-30E1-845C-C78CB4C54ED8}.MinSizeRel|Win32.ActiveCfg = MinSizeRel|Win32
		{46C4EBED-FDCC-30E1-845C-C78CB4C54ED8}.MinSizeRel|Win32.Build.0 = MinSizeRel|Win32
		{46C4EBED-FDCC-30E1-845C-C78CB4C54ED8}.RelWithDebInfo|Win32.ActiveCfg = RelWithDebInfo|Win32
		{46C4EBED-FDCC-30E1-845C-C78CB4C54ED8}.RelWithDebInfo|Win32.Build.0 = RelWithDebInfo|Win32
		{52A56F71-53B4-3482-8617-F9D9A545E2FC}.Debug|Win32.ActiveCfg = Debug|Win32
		{52A56F71-53B4-3482-8617-F9D9A545E2FC}.Debug|Win32.Build.0 = Debug|Win32
		{52A56F71-53B4-3482-8617-F9D9A545E2FC}.Release|Win32.ActiveCfg = Release|Win32
		{52A56F71-53B4-3482-8617-F9D9A545E2FC}.Release|Win32.Build.0 = Release|Win32
		{52A56F71-53B4-3482-8617-F9D9A545E2FC}.MinSizeRel|Win32.ActiveCfg = MinSizeRel|Win32
		{52A56F71-53B4-3482-8617-F9D9A545E2FC}.MinSizeRel|Win32.Build.0 = MinSizeRel|Win32
		{52A56F71-53B4-3482-8617-F9D9A545E2FC}.RelWithDebInfo|Win32.ActiveCfg = RelWithDebInfo|Win32
		{52A56F71-53B4-3482-8617-F9D9A545E2FC}.RelWithDebInfo|Win32.Build.0 = RelWithDebInfo|Win32
		{1FCB66E8-584C-30EA-BF56-EA647282F685}.Debug|Win32.ActiveCfg = Debug|Win32
		{1FCB66E8-584C-30EA-BF56-EA647282F685}.Debug|Win32.Build.0 = Debug|Win32
		{1FCB66E8-584C-30EA-BF56-EA647282F685}.Release|Win32.ActiveCfg = Release|Win32
		{1FCB66E8-584C-30EA-BF56-EA647282F685}.Release|Win32.Build.0 = Release|Win32
		{1FCB66E8-584C-30EA-BF56-EA647282F685}.MinSizeRel|Win32.ActiveCfg = MinSizeRel|Win32
		{1FCB66E8-584C-30EA-BF56-EA647282F685}.MinSizeRel|Win32.Build.0 = MinSizeRel|Win32
		{1FCB66E8-584C-30EA-BF56-EA647282F685}.RelWithDebInfo|Win32.ActiveCfg = RelWithDebInfo|Win32
		{1FCB66E8-584C-30EA-BF56-EA647282F685}.RelWithDebInfo|Win32.Build.0 = RelWithDebInfo|Win32
		{867CBD95-5B06-398A-A280-26AEBC71E0BE}.Debug|Win32.ActiveCfg = Debug|Win32
		{867CBD95-5B06-398A-A280-26AEBC71E0BE}.Debug|Win32.Build.0 = Debug|Win32
		{867CBD95-5B06-398A-A280-26AEBC71E0BE}.Release|Win32.ActiveCfg = Release|Win32
		{867CBD95-5B06-398A-A280-26AEBC71E0BE}.Release|Win32.Build.0 = Release|Win32
		{867CBD95-5B06-398A-A280-26AEBC71E0BE}.MinSizeRel|Win32.ActiveCfg = MinSizeRel|Win32
		{867CBD95-5B06-398A-A280-26AEBC71E0BE}.MinSizeRel|Win32.Build.0 = MinSizeRel|Win32
		{867CBD95-5B06-398A-A280-26AEBC71E0BE}.RelWithDebInfo|Win32.ActiveCfg = RelWithDebInfo|Win32
		{867CBD95-5B06-398A-A280-26AEBC71E0BE}.RelWithDebInfo|Win32.Build.0 = RelWithDebInfo|Win32
		{0BAFA0EA-1B5D-3273-BAFD-C05D54183987}.Debug|Win32.ActiveCfg = Debug|Win32
		{0BAFA0EA-1B5D-3273-BAFD-C05D54183987}.Debug|Win32.Build.0 = Debug|Win32
		{0BAFA0EA-1B5D-3273-BAFD-C05D54183987}.Release|Win32.ActiveCfg = Release|Win32
		{0BAFA0EA-1B5D-3273-BAFD-C05D54183987}.Release|Win32.Build.0 = Release|Win32
		{0BAFA0EA-1B5D-3273-BAFD-C05D54183987}.MinSizeRel|Win32.ActiveCfg = MinSizeRel|Win32
		{0BAFA0EA-1B5D-3273-BAFD-C05D54183987}.MinSizeRel|Win32.Build.0 = MinSizeRel|Win32
		{0BAFA0EA-1B5D-3273-BAFD-C05D54183987}.RelWithDebInfo|Win32.ActiveCfg = RelWithDebInfo|Win32
		{0BAFA0EA-1B5D-3273-BAFD-C05D54183987}.RelWithDebInfo|Win32.Build.0 = RelWithDebInfo|Win32
		{754D1688-7227-30E2-A5D1-244DEF4BF4D4}.Debug|Win32.ActiveCfg = Debug|Win32
		{754D1688-7227-30E2-A5D1-244DEF4BF4D4}.Debug|Win32.Build.0 = Debug|Win32
		{754D1688-7227-30E2-A5D1-244DEF4BF4D4}.Release|Win32.ActiveCfg = Release|Win32
		{754D1688-7227-30E2-A5D1-244DEF4BF4D4}.Release|Win32.Build.0 = Release|Win32
		{754D1688-7227-30E2-A5D1-244DEF4BF4D4}.MinSizeRel|Win32.ActiveCfg = MinSizeRel|Win32
		{754D1688-7227-30E2-A5D1-244DEF4BF4D4}.MinSizeRel|Win32.Build.0 = MinSizeRel|Win32
		{754D1688-7227-30E2-A5D1-244DEF4BF4D4}.RelWithDebInfo|Win32.ActiveCfg = RelWithDebInfo|Win32
		{754D1688-7227-30E2-A5D1-244DEF4BF4D4}.RelWithDebInfo|Win32.Build.0 = RelWithDebInfo|Win32
		{42553EA1-BE3E-33A6-BF76-18A9FC9FC6C5}.Debug|Win32.ActiveCfg = Debug|Win32
		{42553EA1-BE3E-33A6-BF76-18A9FC9FC6C5}.Debug|Win32.Build.0 = Debug|Win32
		{42553EA1-BE3E-33A6-BF76-18A9FC9FC6C5}.Release|Win32.ActiveCfg = Release|Win32
		{42553EA1-BE3E-33A6-BF76-18A9FC9FC6C5}.Release|Win32.Build.0 = Release|Win32
		{42553EA1-BE3E-33A6-BF76-18A9FC9FC6C5}.MinSizeRel|Win32.ActiveCfg = MinSizeRel|Win32
		{42553EA1-BE3E-33A6-BF76-18A9FC9FC6C5}.MinSizeRel|Win32.Build.0 = MinSizeRel|Win32
		{42553EA1-BE3E-33A6-BF76-18A9FC9FC6C5}.RelWithDebInfo|Win32.ActiveCfg = RelWithDebInfo|Win32
		{42553EA1-BE3E-33A6-BF76-18A9FC9FC6C5}.RelWithDebInfo|Win32.Build.0 = RelWithDebInfo|Win32
		{3493C88A-D8A9-35FA-9531-69E9AA07B32B}.Debug|Win32.ActiveCfg = Debug|Win32
		{3493C88A-D8A9-35FA-9531-69E9AA07B32B}.Debug|Win32.Build.0 = Debug|Win32
		{3493C88A-D8A9-35FA-9531-69E9AA07B32B}.Release|Win32.ActiveCfg = Release|Win32
		{3493C88A-D8A9-35FA-9531-69E9AA07B32B}.Release|Win32.Build.0 = Release|Win32
		{3493C88A-D8A9-35FA-9531-69E9AA07B32B}.MinSizeRel|Win32.ActiveCfg = MinSizeRel|Win32
		{3493C88A-D8A9-35FA-9531-69E9AA07B32B}.MinSizeRel|Win32.Build.0 = MinSizeRel|Win32
		{3493C88A-D8A9-35FA-9531-69E9AA07B32B}.RelWithDebInfo|Win32.ActiveCfg = RelWithDebInfo|Win32
		{3493C88A-D8A9-35FA-9531-69E9AA07B32B}.RelWithDebInfo|Win32.Build.0 = RelWithDebInfo|Win32
		{71B227A1-96D1-35BB-B244-8F08CE6A5204}.Debug|Win32.ActiveCfg = Debug|Win32
		{71B227A1-96D1-35BB-B244-8F08CE6A5204}.Debug|Win32.Build.0 = Debug|Win32
		{71B227A1-96D1-35BB-B244-8F08CE6A5204}.Release|Win32.ActiveCfg = Release|Win32
		{71B227A1-96D1-35BB-B244-8F08CE6A5204}.Release|Win32.Build.0 = Release|Win32
		{71B227A1-96D1-35BB-B244-8F08CE6A5204}.MinSizeRel|Win32.ActiveCfg = MinSizeRel|Win32
		{71B227A1-96D1-35BB-B244-8F08CE6A5204}.MinSizeRel|Win32.Build.0 = MinSizeRel|Win32
		{71B227A1-96D1-35BB-B244-8F08CE6A5204}.RelWithDebInfo|Win32.ActiveCfg = RelWithDebInfo|Win32
		{71B227A1-96D1-35BB-B244-8F08CE6A5204}.RelWithDebInfo|Win32.Build.0 = RelWithDebInfo|Win32
		{6BA3ECF0-5D9B-32E3-B92F-F6E5B56AAD66}.Debug|Win32.ActiveCfg = Debug|Win32
		{6BA3ECF0-5D9B-32E3-B92F-F6E5B56AAD66}.Debug|Win32.Build.0 = Debug|Win32
		{6BA3ECF0-5D9B-32E3-B92F-F6E5B56AAD66}.Release|Win32.ActiveCfg = Release|Win32
		{6BA3ECF0-5D9B-32E3-B92F-F6E5B56AAD66}.Release|Win32.Build.0 = Release|Win32
		{6BA3ECF0-5D9B-32E3-B92F-F6E5B56AAD66}.MinSizeRel|Win32.ActiveCfg = MinSizeRel|Win32
		{6BA3ECF0-5D9B-32E3-B92F-F6E5B56AAD66}.MinSizeRel|Win32.Build.0 = MinSizeRel|Win32
		{6BA3ECF0-5D9B-32E3-B92F-F6E5B56AAD66}.RelWithDebInfo|Win32.ActiveCfg = RelWithDebInfo|Win32
		{6BA3ECF0-5D9B-32E3-B92F-F6E5B56AAD66}.RelWithDebInfo|Win32.Build.0 = RelWithDebInfo|Win32
		{C71040DB-D431-330D-9131-FF62E43E5E3C}.Debug|Win32.ActiveCfg = Debug|Win32
		{C71040DB-D431-330D-9131-FF62E43E5E3C}.Debug|Win32.Build.0 = Debug|Win32
		{C71040DB-D431-330D-9131-FF62E43E5E3C}.Release|Win32.ActiveCfg = Release|Win32
		{C71040DB-D431-330D-9131-FF62E43E5E3C}.Release|Win32.Build.0 = Release|Win32
		{C71040DB-D431-330D-9131-FF62E43E5E3C}.MinSizeRel|Win32.ActiveCfg = MinSizeRel|Win32
		{C71040DB-D431-330D-9131-FF62E43E5E3C}.MinSizeRel|Win32.Build.0 = MinSizeRel|Win32
		{C71040DB-D431-330D-9131-FF62E43E5E3C}.RelWithDebInfo|Win32.ActiveCfg = RelWithDebInfo|Win32
		{C71040DB-D431-330D-9131-FF62E43E5E3C}.RelWithDebInfo|Win32.Build.0 = RelWithDebInfo|Win32
		{78DD0C20-AA9B-3D6C-AEAF-07A5FD153640}.Debug|Win32.ActiveCfg = Debug|Win32
		{78DD0C20-AA9B-3D6C-AEAF-07A5FD153640}.Debug|Win32.Build.0 = Debug|Win32
		{78DD0C20-AA9B-3D6C-AEAF-07A5FD153640}.Release|Win32.ActiveCfg = Release|Win32
		{78DD0C20-AA9B-3D6C-AEAF-07A5FD153640}.Release|Win32.Build.0 = Release|Win32
		{78DD0C20-AA9B-3D6C-AEAF-07A5FD153640}.MinSizeRel|Win32.ActiveCfg = MinSizeRel|Win32
		{78DD0C20-AA9B-3D6C-AEAF-07A5FD153640}.MinSizeRel|Win32.Build.0 = MinSizeRel|Win32
		{78DD0C20-AA9B-3D6C-AEAF-07A5FD153640}.RelWithDebInfo|Win32.ActiveCfg = RelWithDebInfo|Win32
		{78DD0C20-AA9B-3D6C-AEAF-07A5FD153640}.RelWithDebInfo|Win32.Build.0 = RelWithDebInfo|Win32
		{0529EAB9-5273-3E4C-B663-93894B7B62B7}.Debug|Win32.ActiveCfg = Debug|Win32
		{0529EAB9-5273-3E4C-B663-93894B7B62B7}.Debug|Win32.Build.0 = Debug|Win32
		{0529EAB9-5273-3E4C-B663-93894B7B62B7}.Release|Win32.ActiveCfg = Release|Win32
		{0529EAB9-5273-3E4C-B663-93894B7B62B7}.Release|Win32.Build.0 = Release|Win32
		{0529EAB9-5273-3E4C-B663-93894B7B62B7}.MinSizeRel|Win32.ActiveCfg = MinSizeRel|Win32
		{0529EAB9-5273-3E4C-B663-93894B7B62B7}.MinSizeRel|Win32.Build.0 = MinSizeRel|Win32
		{0529EAB9-5273-3E4C-B663-93894B7B62B7}.RelWithDebInfo|Win32.ActiveCfg = RelWithDebInfo|Win32
		{0529EAB9-5273-3E4C-B663-93894B7B62B7}.RelWithDebInfo|Win32.Build.0 = RelWithDebInfo|Win32
		{2776B285-1A8D-3DCD-B417-7DB8E354A896}.Debug|Win32.ActiveCfg = Debug|Win32
		{2776B285-1A8D-3DCD-B417-7DB8E354A896}.Debug|Win32.Build.0 = Debug|Win32
		{2776B285-1A8D-3DCD-B417-7DB8E354A896}.Release|Win32.ActiveCfg = Release|Win32
		{2776B285-1A8D-3DCD-B417-7DB8E354A896}.Release|Win32.Build.0 = Release|Win32
		{2776B285-1A8D-3DCD-B417-7DB8E354A896}.MinSizeRel|Win32.ActiveCfg = MinSizeRel|Win32
		{2776B285-1A8D-3DCD-B417-7DB8E354A896}.MinSizeRel|Win32.Build.0 = MinSizeRel|Win32
		{2776B285-1A8D-3DCD-B417-7DB8E354A896}.RelWithDebInfo|Win32.ActiveCfg = RelWithDebInfo|Win32
		{2776B285-1A8D-3DCD-B417-7DB8E354A896}.RelWithDebInfo|Win32.Build.0 = RelWithDebInfo|Win32
		{52A92104-2290-3422-AB27-40D4A8FD2F26}.Debug|Win32.ActiveCfg = Debug|Win32
		{52A92104-2290-3422-AB27-40D4A8FD2F26}.Debug|Win32.Build.0 = Debug|Win32
		{52A92104-2290-3422-AB27-40D4A8FD2F26}.Release|Win32.ActiveCfg = Release|Win32
		{52A92104-2290-3422-AB27-40D4A8FD2F26}.Release|Win32.Build.0 = Release|Win32
		{52A92104-2290-3422-AB27-40D4A8FD2F26}.MinSizeRel|Win32.ActiveCfg = MinSizeRel|Win32
		{52A92104-2290-3422-AB27-40D4A8FD2F26}.MinSizeRel|Win32.Build.0 = MinSizeRel|Win32
		{52A92104-2290-3422-AB27-40D4A8FD2F26}.RelWithDebInfo|Win32.ActiveCfg = RelWithDebInfo|Win32
		{52A92104-2290-3422-AB27-40D4A8FD2F26}.RelWithDebInfo|Win32.Build.0 = RelWithDebInfo|Win32
		{AA5BF395-22DB-3C4F-A156-C7745E27195D}.Debug|Win32.ActiveCfg = Debug|Win32
		{AA5BF395-22DB-3C4F-A156-C7745E27195D}.Debug|Win32.Build.0 = Debug|Win32
		{AA5BF395-22DB-3C4F-A156-C7745E27195D}.Release|Win32.ActiveCfg = Release|Win32
		{AA5BF395-22DB-3C4F-A156-C7745E27195D}.Release|Win32.Build.0 = Release|Win32
		{AA5BF395-22DB-3C4F-A156-C7745E27195D}.MinSizeRel|Win32.ActiveCfg = MinSizeRel|Win32
		{AA5BF395-22DB-3C4F-A156-C7745E27195D}.MinSizeRel|Win32.Build.0 = MinSizeRel|Win32
		{AA5BF395-22DB-3C4F-A156-C7745E27195D}.RelWithDebInfo|Win32.ActiveCfg = RelWithDebInfo|Win32
		{AA5BF395-22DB-3C4F-A156-C7745E27195D}.RelWithDebInfo|Win32.Build.0 = RelWithDebInfo|Win32
		{F373B39F-9467-3F75-ABBE-E11B5FFCDC1B}.Debug|Win32.ActiveCfg = Debug|Win32
		{F373B39F-9467-3F75-ABBE-E11B5FFCDC1B}.Debug|Win32.Build.0 = Debug|Win32
		{F373B39F-9467-3F75-ABBE-E11B5FFCDC1B}.Release|Win32.ActiveCfg = Release|Win32
		{F373B39F-9467-3F75-ABBE-E11B5FFCDC1B}.Release|Win32.Build.0 = Release|Win32
		{F373B39F-9467-3F75-ABBE-E11B5FFCDC1B}.MinSizeRel|Win32.ActiveCfg = MinSizeRel|Win32
		{F373B39F-9467-3F75-ABBE-E11B5FFCDC1B}.MinSizeRel|Win32.Build.0 = MinSizeRel|Win32
		{F373B39F-9467-3F75-ABBE-E11B5FFCDC1B}.RelWithDebInfo|Win32.ActiveCfg = RelWithDebInfo|Win32
		{F373B39F-9467-3F75-ABBE-E11B5FFCDC1B}.RelWithDebInfo|Win32.Build.0 = RelWithDebInfo|Win32
		{28D38425-72F5-35B8-8BC2-92B3938B912F}.Debug|Win32.ActiveCfg = Debug|Win32
		{28D38425-72F5-35B8-8BC2-92B3938B912F}.Release|Win32.ActiveCfg = Release|Win32
		{28D38425-72F5-35B8-8BC2-92B3938B912F}.MinSizeRel|Win32.ActiveCfg = MinSizeRel|Win32
		{28D38425-72F5-35B8-8BC2-92B3938B912F}.RelWithDebInfo|Win32.ActiveCfg = RelWithDebInfo|Win32
		{3A005973-24A0-3218-9E54-5CACC8C2CD59}.Debug|Win32.ActiveCfg = Debug|Win32
		{3A005973-24A0-3218-9E54-5CACC8C2CD59}.Debug|Win32.Build.0 = Debug|Win32
		{3A005973-24A0-3218-9E54-5CACC8C2CD59}.Release|Win32.ActiveCfg = Release|Win32
		{3A005973-24A0-3218-9E54-5CACC8C2CD59}.Release|Win32.Build.0 = Release|Win32
		{3A005973-24A0-3218-9E54-5CACC8C2CD59}.MinSizeRel|Win32.ActiveCfg = MinSizeRel|Win32
		{3A005973-24A0-3218-9E54-5CACC8C2CD59}.MinSizeRel|Win32.Build.0 = MinSizeRel|Win32
		{3A005973-24A0-3218-9E54-5CACC8C2CD59}.RelWithDebInfo|Win32.ActiveCfg = RelWithDebInfo|Win32
		{3A005973-24A0-3218-9E54-5CACC8C2CD59}.RelWithDebInfo|Win32.Build.0 = RelWithDebInfo|Win32
		{91F0781B-7113-3EDF-ADCB-7741132B69DF}.Debug|Win32.ActiveCfg = Debug|Win32
		{91F0781B-7113-3EDF-ADCB-7741132B69DF}.Debug|Win32.Build.0 = Debug|Win32
		{91F0781B-7113-3EDF-ADCB-7741132B69DF}.Release|Win32.ActiveCfg = Release|Win32
		{91F0781B-7113-3EDF-ADCB-7741132B69DF}.Release|Win32.Build.0 = Release|Win32
		{91F0781B-7113-3EDF-ADCB-7741132B69DF}.MinSizeRel|Win32.ActiveCfg = MinSizeRel|Win32
		{91F0781B-7113-3EDF-ADCB-7741132B69DF}.MinSizeRel|Win32.Build.0 = MinSizeRel|Win32
		{91F0781B-7113-3EDF-ADCB-7741132B69DF}.RelWithDebInfo|Win32.ActiveCfg = RelWithDebInfo|Win32
		{91F0781B-7113-3EDF-ADCB-7741132B69DF}.RelWithDebInfo|Win32.Build.0 = RelWithDebInfo|Win32
	EndGlobalSection
	GlobalSection(NestedProjects) = preSolution
		{C905A26C-9CC9-3AF0-B021-284C36BCCC0A} = {1FD4822E-FA7E-3F31-89E8-F07953EFC65D}
		{B03350CE-4ED5-3834-8CAD-492DB0B41525} = {1FD4822E-FA7E-3F31-89E8-F07953EFC65D}
		{D65A8C90-0752-3B33-A4E3-99DFB78D87F3} = {1FD4822E-FA7E-3F31-89E8-F07953EFC65D}
		{78F11036-3869-3594-8299-7D976586D669} = {81C50FF9-4EEA-3418-88C6-77821872B98C}
		{E171066A-4166-3AF7-9CA0-D7C51C61A47B} = {81C50FF9-4EEA-3418-88C6-77821872B98C}
		{46C4EBED-FDCC-30E1-845C-C78CB4C54ED8} = {81C50FF9-4EEA-3418-88C6-77821872B98C}
		{5AEDFD0D-AFE2-3FCC-A4A6-228430A71FB3} = {78F11036-3869-3594-8299-7D976586D669}
		{B9F099EE-02FE-35E9-9E3A-89CDB2FAFAC4} = {78F11036-3869-3594-8299-7D976586D669}
		{1FCB66E8-584C-30EA-BF56-EA647282F685} = {78F11036-3869-3594-8299-7D976586D669}
		{71B227A1-96D1-35BB-B244-8F08CE6A5204} = {78F11036-3869-3594-8299-7D976586D669}
		{78DD0C20-AA9B-3D6C-AEAF-07A5FD153640} = {78F11036-3869-3594-8299-7D976586D669}
		{0529EAB9-5273-3E4C-B663-93894B7B62B7} = {78F11036-3869-3594-8299-7D976586D669}
		{3A005973-24A0-3218-9E54-5CACC8C2CD59} = {78F11036-3869-3594-8299-7D976586D669}
		{80379690-6546-3D9A-9AA9-3C01B244AB95} = {E171066A-4166-3AF7-9CA0-D7C51C61A47B}
		{140AD12D-09BC-33D2-A886-6F7861B8CE42} = {E171066A-4166-3AF7-9CA0-D7C51C61A47B}
		{F27DFCEB-6928-3BE6-8B14-65CD56DFBBF9} = {E171066A-4166-3AF7-9CA0-D7C51C61A47B}
		{C77D82C6-CC42-3681-852F-A46A7D00AF71} = {E171066A-4166-3AF7-9CA0-D7C51C61A47B}
		{0415F1B0-D8CA-3F11-816E-31FE41F696F7} = {E171066A-4166-3AF7-9CA0-D7C51C61A47B}
		{52A56F71-53B4-3482-8617-F9D9A545E2FC} = {E171066A-4166-3AF7-9CA0-D7C51C61A47B}
		{867CBD95-5B06-398A-A280-26AEBC71E0BE} = {E171066A-4166-3AF7-9CA0-D7C51C61A47B}
		{0BAFA0EA-1B5D-3273-BAFD-C05D54183987} = {E171066A-4166-3AF7-9CA0-D7C51C61A47B}
		{754D1688-7227-30E2-A5D1-244DEF4BF4D4} = {E171066A-4166-3AF7-9CA0-D7C51C61A47B}
		{42553EA1-BE3E-33A6-BF76-18A9FC9FC6C5} = {E171066A-4166-3AF7-9CA0-D7C51C61A47B}
		{3493C88A-D8A9-35FA-9531-69E9AA07B32B} = {E171066A-4166-3AF7-9CA0-D7C51C61A47B}
		{6BA3ECF0-5D9B-32E3-B92F-F6E5B56AAD66} = {E171066A-4166-3AF7-9CA0-D7C51C61A47B}
		{C71040DB-D431-330D-9131-FF62E43E5E3C} = {E171066A-4166-3AF7-9CA0-D7C51C61A47B}
		{2776B285-1A8D-3DCD-B417-7DB8E354A896} = {E171066A-4166-3AF7-9CA0-D7C51C61A47B}
		{52A92104-2290-3422-AB27-40D4A8FD2F26} = {E171066A-4166-3AF7-9CA0-D7C51C61A47B}
		{AA5BF395-22DB-3C4F-A156-C7745E27195D} = {E171066A-4166-3AF7-9CA0-D7C51C61A47B}
		{F373B39F-9467-3F75-ABBE-E11B5FFCDC1B} = {E171066A-4166-3AF7-9CA0-D7C51C61A47B}
		{91F0781B-7113-3EDF-ADCB-7741132B69DF} = {E171066A-4166-3AF7-9CA0-D7C51C61A47B}
	EndGlobalSection
	GlobalSection(ExtensibilityGlobals) = postSolution
		SolutionGuid = {52133370-A123-39C7-A89E-8FB3849CE014}
	EndGlobalSection
	GlobalSection(ExtensibilityAddIns) = postSolution
	EndGlobalSection
EndGlobal
