<?xml version="1.0" encoding="utf-8"?>
<Project ToolsVersion="15.0" xmlns="http://schemas.microsoft.com/developer/msbuild/2003">
  <ItemGroup>
    <CustomBuild Include="D:\Desktop\progettoGrafica\bulletBuild\CMakeFiles\1932574cd2c797f1c145d07a2ba7301b\INSTALL_force.rule">
      <Filter>CMake Rules</Filter>
    </CustomBuild>
  </ItemGroup>
  <ItemGroup>
    <Filter Include="CMake Rules">
      <UniqueIdentifier>{33323934-3492-32CA-A051-DCE793C0482F}</UniqueIdentifier>
    </Filter>
  </ItemGroup>
</Project>
