Microsoft Visual Studio Solution File, Format Version 12.00
# Visual Studio 15
Project("{8BC9CEB8-8B4A-11D0-8D11-00A0C91BC942}") = "ALL_BUILD", "ALL_BUILD.vcxproj", "{1DEBB9F4-8FE0-3C24-B1A6-3555E189B2ED}"
	ProjectSection(ProjectDependencies) = postProject
		{ADA7F3FD-C637-38C7-BC61-AC8599D9ED66} = {ADA7F3FD-C637-38C7-BC61-AC8599D9ED66}
		{5F83A53C-6CC7-3583-8461-F016D84145DA} = {5F83A53C-6CC7-3583-8461-F016D84145DA}
		{4A51D403-74EF-3C48-8717-569427520D4E} = {4A51D403-74EF-3C48-8717-569427520D4E}
		{37FFAAD5-2D8E-3DEC-9E50-F7A1F3447234} = {37FFAAD5-2D8E-3DEC-9E50-F7A1F3447234}
		{0C381FE1-6BB8-3C6E-9805-B60A4FA2DE02} = {0C381FE1-6BB8-3C6E-9805-B60A4FA2DE02}
		{1AC20407-1AFF-3F70-BE03-DB540A8FA244} = {1AC20407-1AFF-3F70-BE03-DB540A8FA244}
		{10357FCE-A85A-328D-BE1F-A87F552DE22E} = {10357FCE-A85A-328D-BE1F-A87F552DE22E}
		{51DC44EB-BC40-3943-B4EA-89E7012F21FE} = {51DC44EB-BC40-3943-B4EA-89E7012F21FE}
		{99A39D71-34C0-3FF6-8DBE-AAA02F289A60} = {99A39D71-34C0-3FF6-8DBE-AAA02F289A60}
		{63830DC4-5493-32C2-AEC7-3EA27B3949FB} = {63830DC4-5493-32C2-AEC7-3EA27B3949FB}
		{29A73E96-8C81-3C4A-B76B-E703ABC2FEF6} = {29A73E96-8C81-3C4A-B76B-E703ABC2FEF6}
		{2F0F383C-FAB8-35DE-A9F1-77BF24CF02F7} = {2F0F383C-FAB8-35DE-A9F1-77BF24CF02F7}
		{FB11A234-5137-344B-B574-357600D8E48A} = {FB11A234-5137-344B-B574-357600D8E48A}
		{7B01F3F0-EEC5-331B-AF4C-DBECE9191107} = {7B01F3F0-EEC5-331B-AF4C-DBECE9191107}
		{2A90DC9A-6DFB-3902-BBD2-16513AA93B0C} = {2A90DC9A-6DFB-3902-BBD2-16513AA93B0C}
		{78BF915C-9F88-3C52-A3EE-0B9092680D3B} = {78BF915C-9F88-3C52-A3EE-0B9092680D3B}
		{A25FCA5B-8ECA-3681-90DC-6C11DBD04A90} = {A25FCA5B-8ECA-3681-90DC-6C11DBD04A90}
		{893A2513-93CB-3810-BBB9-C1E0C98CEAD8} = {893A2513-93CB-3810-BBB9-C1E0C98CEAD8}
		{D744DBE0-F065-37A0-BDDB-7F69217296A6} = {D744DBE0-F065-37A0-BDDB-7F69217296A6}
		{D81983CE-BC80-3157-9DFB-C40BC13F27D0} = {D81983CE-BC80-3157-9DFB-C40BC13F27D0}
		{5AF7A1B8-CEA1-39B3-9654-B06202483160} = {5AF7A1B8-CEA1-39B3-9654-B06202483160}
		{83EDA137-78A0-3D9E-9909-75D05115FF56} = {83EDA137-78A0-3D9E-9909-75D05115FF56}
		{34484DEC-DA12-3DAD-A3A0-FADC4D4C6B33} = {34484DEC-DA12-3DAD-A3A0-FADC4D4C6B33}
		{76437417-8676-3701-81A9-C60868A607DD} = {76437417-8676-3701-81A9-C60868A607DD}
		{DE8DF44E-A799-3FC6-A093-839F1813B44B} = {DE8DF44E-A799-3FC6-A093-839F1813B44B}
		{3CBF69EF-F726-3883-A5E7-FD8EA7596E61} = {3CBF69EF-F726-3883-A5E7-FD8EA7596E61}
		{CDC74853-3B01-3522-AF75-D43F4E93760D} = {CDC74853-3B01-3522-AF75-D43F4E93760D}
		{7335D455-38E9-3E8E-9FE4-0584C6E792F7} = {7335D455-38E9-3E8E-9FE4-0584C6E792F7}
		{46B05ACA-C689-373A-AED2-77CE8EDC6122} = {46B05ACA-C689-373A-AED2-77CE8EDC6122}
		{5EF2C464-729C-3F26-96BC-3A8FD01EBFE6} = {5EF2C464-729C-3F26-96BC-3A8FD01EBFE6}
		{CA337878-55DE-35C2-9FF0-7C9037ED3C96} = {CA337878-55DE-35C2-9FF0-7C9037ED3C96}
		{D4EA9089-7F5F-3350-8C57-F9DFF36F23F0} = {D4EA9089-7F5F-3350-8C57-F9DFF36F23F0}
		{B12179BB-E642-323B-9CC2-79F5F8E2D840} = {B12179BB-E642-323B-9CC2-79F5F8E2D840}
		{1D6117C7-AC76-3FF7-8B39-D4E3875322D3} = {1D6117C7-AC76-3FF7-8B39-D4E3875322D3}
		{7453F04A-DDFB-3D75-A1EA-071040B953A2} = {7453F04A-DDFB-3D75-A1EA-071040B953A2}
		{58D670EB-466A-3FF2-AEB9-CB1EB3F2A38A} = {58D670EB-466A-3FF2-AEB9-CB1EB3F2A38A}
		{95EBF814-0198-38EA-A451-C52CEB155557} = {95EBF814-0198-38EA-A451-C52CEB155557}
		{E17A0BBB-5AEA-380A-ACB2-8202A0CA03D4} = {E17A0BBB-5AEA-380A-ACB2-8202A0CA03D4}
		{7DEF2F1A-39E5-39A0-BD36-9E277BC51FDD} = {7DEF2F1A-39E5-39A0-BD36-9E277BC51FDD}
		{0C202848-425B-36FE-A1E5-4AAF7FD0271A} = {0C202848-425B-36FE-A1E5-4AAF7FD0271A}
		{DB13B8F3-A5DF-329F-AD80-D0799E53C038} = {DB13B8F3-A5DF-329F-AD80-D0799E53C038}
		{C520F8A6-D418-359A-A36D-8DA37B73FBC6} = {C520F8A6-D418-359A-A36D-8DA37B73FBC6}
		{2B1515C1-11DC-3854-A94C-BB9ABE6E6468} = {2B1515C1-11DC-3854-A94C-BB9ABE6E6468}
		{A1A47620-F731-3CEA-9926-A2CC2A71A9E9} = {A1A47620-F731-3CEA-9926-A2CC2A71A9E9}
		{C39956C6-4F0E-3229-AD58-84EEBFC76ADD} = {C39956C6-4F0E-3229-AD58-84EEBFC76ADD}
	EndProjectSection
EndProject
Project("{8BC9CEB8-8B4A-11D0-8D11-00A0C91BC942}") = "AppBasicExampleGui", "examples\BasicDemo\AppBasicExampleGui.vcxproj", "{ADA7F3FD-C637-38C7-BC61-AC8599D9ED66}"
	ProjectSection(ProjectDependencies) = postProject
		{2A90DC9A-6DFB-3902-BBD2-16513AA93B0C} = {2A90DC9A-6DFB-3902-BBD2-16513AA93B0C}
		{D744DBE0-F065-37A0-BDDB-7F69217296A6} = {D744DBE0-F065-37A0-BDDB-7F69217296A6}
		{D81983CE-BC80-3157-9DFB-C40BC13F27D0} = {D81983CE-BC80-3157-9DFB-C40BC13F27D0}
		{B12179BB-E642-323B-9CC2-79F5F8E2D840} = {B12179BB-E642-323B-9CC2-79F5F8E2D840}
		{1D6117C7-AC76-3FF7-8B39-D4E3875322D3} = {1D6117C7-AC76-3FF7-8B39-D4E3875322D3}
		{C520F8A6-D418-359A-A36D-8DA37B73FBC6} = {C520F8A6-D418-359A-A36D-8DA37B73FBC6}
	EndProjectSection
EndProject
Project("{8BC9CEB8-8B4A-11D0-8D11-00A0C91BC942}") = "App_BasicExample", "examples\BasicDemo\App_BasicExample.vcxproj", "{5F83A53C-6CC7-3583-8461-F016D84145DA}"
	ProjectSection(ProjectDependencies) = postProject
		{D744DBE0-F065-37A0-BDDB-7F69217296A6} = {D744DBE0-F065-37A0-BDDB-7F69217296A6}
		{D81983CE-BC80-3157-9DFB-C40BC13F27D0} = {D81983CE-BC80-3157-9DFB-C40BC13F27D0}
		{B12179BB-E642-323B-9CC2-79F5F8E2D840} = {B12179BB-E642-323B-9CC2-79F5F8E2D840}
		{C520F8A6-D418-359A-A36D-8DA37B73FBC6} = {C520F8A6-D418-359A-A36D-8DA37B73FBC6}
	EndProjectSection
EndProject
Project("{8BC9CEB8-8B4A-11D0-8D11-00A0C91BC942}") = "App_ExampleBrowser", "examples\ExampleBrowser\App_ExampleBrowser.vcxproj", "{4A51D403-74EF-3C48-8717-569427520D4E}"
	ProjectSection(ProjectDependencies) = postProject
		{2A90DC9A-6DFB-3902-BBD2-16513AA93B0C} = {2A90DC9A-6DFB-3902-BBD2-16513AA93B0C}
		{D744DBE0-F065-37A0-BDDB-7F69217296A6} = {D744DBE0-F065-37A0-BDDB-7F69217296A6}
		{D81983CE-BC80-3157-9DFB-C40BC13F27D0} = {D81983CE-BC80-3157-9DFB-C40BC13F27D0}
		{5AF7A1B8-CEA1-39B3-9654-B06202483160} = {5AF7A1B8-CEA1-39B3-9654-B06202483160}
		{34484DEC-DA12-3DAD-A3A0-FADC4D4C6B33} = {34484DEC-DA12-3DAD-A3A0-FADC4D4C6B33}
		{76437417-8676-3701-81A9-C60868A607DD} = {76437417-8676-3701-81A9-C60868A607DD}
		{3CBF69EF-F726-3883-A5E7-FD8EA7596E61} = {3CBF69EF-F726-3883-A5E7-FD8EA7596E61}
		{46B05ACA-C689-373A-AED2-77CE8EDC6122} = {46B05ACA-C689-373A-AED2-77CE8EDC6122}
		{B12179BB-E642-323B-9CC2-79F5F8E2D840} = {B12179BB-E642-323B-9CC2-79F5F8E2D840}
		{1D6117C7-AC76-3FF7-8B39-D4E3875322D3} = {1D6117C7-AC76-3FF7-8B39-D4E3875322D3}
		{C520F8A6-D418-359A-A36D-8DA37B73FBC6} = {C520F8A6-D418-359A-A36D-8DA37B73FBC6}
		{C39956C6-4F0E-3229-AD58-84EEBFC76ADD} = {C39956C6-4F0E-3229-AD58-84EEBFC76ADD}
	EndProjectSection
EndProject
Project("{8BC9CEB8-8B4A-11D0-8D11-00A0C91BC942}") = "App_HelloBulletRobotics", "examples\RobotSimulator\App_HelloBulletRobotics.vcxproj", "{37FFAAD5-2D8E-3DEC-9E50-F7A1F3447234}"
	ProjectSection(ProjectDependencies) = postProject
		{2A90DC9A-6DFB-3902-BBD2-16513AA93B0C} = {2A90DC9A-6DFB-3902-BBD2-16513AA93B0C}
		{D744DBE0-F065-37A0-BDDB-7F69217296A6} = {D744DBE0-F065-37A0-BDDB-7F69217296A6}
		{D81983CE-BC80-3157-9DFB-C40BC13F27D0} = {D81983CE-BC80-3157-9DFB-C40BC13F27D0}
		{83EDA137-78A0-3D9E-9909-75D05115FF56} = {83EDA137-78A0-3D9E-9909-75D05115FF56}
		{34484DEC-DA12-3DAD-A3A0-FADC4D4C6B33} = {34484DEC-DA12-3DAD-A3A0-FADC4D4C6B33}
		{76437417-8676-3701-81A9-C60868A607DD} = {76437417-8676-3701-81A9-C60868A607DD}
		{DE8DF44E-A799-3FC6-A093-839F1813B44B} = {DE8DF44E-A799-3FC6-A093-839F1813B44B}
		{3CBF69EF-F726-3883-A5E7-FD8EA7596E61} = {3CBF69EF-F726-3883-A5E7-FD8EA7596E61}
		{CDC74853-3B01-3522-AF75-D43F4E93760D} = {CDC74853-3B01-3522-AF75-D43F4E93760D}
		{B12179BB-E642-323B-9CC2-79F5F8E2D840} = {B12179BB-E642-323B-9CC2-79F5F8E2D840}
		{C520F8A6-D418-359A-A36D-8DA37B73FBC6} = {C520F8A6-D418-359A-A36D-8DA37B73FBC6}
	EndProjectSection
EndProject
Project("{8BC9CEB8-8B4A-11D0-8D11-00A0C91BC942}") = "App_HelloWorld", "examples\HelloWorld\App_HelloWorld.vcxproj", "{0C381FE1-6BB8-3C6E-9805-B60A4FA2DE02}"
	ProjectSection(ProjectDependencies) = postProject
		{D744DBE0-F065-37A0-BDDB-7F69217296A6} = {D744DBE0-F065-37A0-BDDB-7F69217296A6}
		{D81983CE-BC80-3157-9DFB-C40BC13F27D0} = {D81983CE-BC80-3157-9DFB-C40BC13F27D0}
		{B12179BB-E642-323B-9CC2-79F5F8E2D840} = {B12179BB-E642-323B-9CC2-79F5F8E2D840}
		{C520F8A6-D418-359A-A36D-8DA37B73FBC6} = {C520F8A6-D418-359A-A36D-8DA37B73FBC6}
	EndProjectSection
EndProject
Project("{8BC9CEB8-8B4A-11D0-8D11-00A0C91BC942}") = "App_PhysicsServer_SharedMemory", "examples\SharedMemory\App_PhysicsServer_SharedMemory.vcxproj", "{1AC20407-1AFF-3F70-BE03-DB540A8FA244}"
	ProjectSection(ProjectDependencies) = postProject
		{2A90DC9A-6DFB-3902-BBD2-16513AA93B0C} = {2A90DC9A-6DFB-3902-BBD2-16513AA93B0C}
		{D744DBE0-F065-37A0-BDDB-7F69217296A6} = {D744DBE0-F065-37A0-BDDB-7F69217296A6}
		{D81983CE-BC80-3157-9DFB-C40BC13F27D0} = {D81983CE-BC80-3157-9DFB-C40BC13F27D0}
		{83EDA137-78A0-3D9E-9909-75D05115FF56} = {83EDA137-78A0-3D9E-9909-75D05115FF56}
		{34484DEC-DA12-3DAD-A3A0-FADC4D4C6B33} = {34484DEC-DA12-3DAD-A3A0-FADC4D4C6B33}
		{76437417-8676-3701-81A9-C60868A607DD} = {76437417-8676-3701-81A9-C60868A607DD}
		{3CBF69EF-F726-3883-A5E7-FD8EA7596E61} = {3CBF69EF-F726-3883-A5E7-FD8EA7596E61}
		{CDC74853-3B01-3522-AF75-D43F4E93760D} = {CDC74853-3B01-3522-AF75-D43F4E93760D}
		{46B05ACA-C689-373A-AED2-77CE8EDC6122} = {46B05ACA-C689-373A-AED2-77CE8EDC6122}
		{B12179BB-E642-323B-9CC2-79F5F8E2D840} = {B12179BB-E642-323B-9CC2-79F5F8E2D840}
		{C520F8A6-D418-359A-A36D-8DA37B73FBC6} = {C520F8A6-D418-359A-A36D-8DA37B73FBC6}
	EndProjectSection
EndProject
Project("{8BC9CEB8-8B4A-11D0-8D11-00A0C91BC942}") = "App_PhysicsServer_SharedMemory_GUI", "examples\SharedMemory\App_PhysicsServer_SharedMemory_GUI.vcxproj", "{10357FCE-A85A-328D-BE1F-A87F552DE22E}"
	ProjectSection(ProjectDependencies) = postProject
		{2A90DC9A-6DFB-3902-BBD2-16513AA93B0C} = {2A90DC9A-6DFB-3902-BBD2-16513AA93B0C}
		{D744DBE0-F065-37A0-BDDB-7F69217296A6} = {D744DBE0-F065-37A0-BDDB-7F69217296A6}
		{D81983CE-BC80-3157-9DFB-C40BC13F27D0} = {D81983CE-BC80-3157-9DFB-C40BC13F27D0}
		{83EDA137-78A0-3D9E-9909-75D05115FF56} = {83EDA137-78A0-3D9E-9909-75D05115FF56}
		{34484DEC-DA12-3DAD-A3A0-FADC4D4C6B33} = {34484DEC-DA12-3DAD-A3A0-FADC4D4C6B33}
		{76437417-8676-3701-81A9-C60868A607DD} = {76437417-8676-3701-81A9-C60868A607DD}
		{3CBF69EF-F726-3883-A5E7-FD8EA7596E61} = {3CBF69EF-F726-3883-A5E7-FD8EA7596E61}
		{CDC74853-3B01-3522-AF75-D43F4E93760D} = {CDC74853-3B01-3522-AF75-D43F4E93760D}
		{46B05ACA-C689-373A-AED2-77CE8EDC6122} = {46B05ACA-C689-373A-AED2-77CE8EDC6122}
		{B12179BB-E642-323B-9CC2-79F5F8E2D840} = {B12179BB-E642-323B-9CC2-79F5F8E2D840}
		{1D6117C7-AC76-3FF7-8B39-D4E3875322D3} = {1D6117C7-AC76-3FF7-8B39-D4E3875322D3}
		{C520F8A6-D418-359A-A36D-8DA37B73FBC6} = {C520F8A6-D418-359A-A36D-8DA37B73FBC6}
	EndProjectSection
EndProject
Project("{8BC9CEB8-8B4A-11D0-8D11-00A0C91BC942}") = "App_PhysicsServer_SharedMemory_VR", "examples\SharedMemory\App_PhysicsServer_SharedMemory_VR.vcxproj", "{51DC44EB-BC40-3943-B4EA-89E7012F21FE}"
	ProjectSection(ProjectDependencies) = postProject
		{2A90DC9A-6DFB-3902-BBD2-16513AA93B0C} = {2A90DC9A-6DFB-3902-BBD2-16513AA93B0C}
		{D744DBE0-F065-37A0-BDDB-7F69217296A6} = {D744DBE0-F065-37A0-BDDB-7F69217296A6}
		{D81983CE-BC80-3157-9DFB-C40BC13F27D0} = {D81983CE-BC80-3157-9DFB-C40BC13F27D0}
		{83EDA137-78A0-3D9E-9909-75D05115FF56} = {83EDA137-78A0-3D9E-9909-75D05115FF56}
		{34484DEC-DA12-3DAD-A3A0-FADC4D4C6B33} = {34484DEC-DA12-3DAD-A3A0-FADC4D4C6B33}
		{76437417-8676-3701-81A9-C60868A607DD} = {76437417-8676-3701-81A9-C60868A607DD}
		{3CBF69EF-F726-3883-A5E7-FD8EA7596E61} = {3CBF69EF-F726-3883-A5E7-FD8EA7596E61}
		{CDC74853-3B01-3522-AF75-D43F4E93760D} = {CDC74853-3B01-3522-AF75-D43F4E93760D}
		{46B05ACA-C689-373A-AED2-77CE8EDC6122} = {46B05ACA-C689-373A-AED2-77CE8EDC6122}
		{B12179BB-E642-323B-9CC2-79F5F8E2D840} = {B12179BB-E642-323B-9CC2-79F5F8E2D840}
		{1D6117C7-AC76-3FF7-8B39-D4E3875322D3} = {1D6117C7-AC76-3FF7-8B39-D4E3875322D3}
		{C520F8A6-D418-359A-A36D-8DA37B73FBC6} = {C520F8A6-D418-359A-A36D-8DA37B73FBC6}
	EndProjectSection
EndProject
Project("{8BC9CEB8-8B4A-11D0-8D11-00A0C91BC942}") = "App_RobotSimulator", "examples\RobotSimulator\App_RobotSimulator.vcxproj", "{99A39D71-34C0-3FF6-8DBE-AAA02F289A60}"
	ProjectSection(ProjectDependencies) = postProject
		{2A90DC9A-6DFB-3902-BBD2-16513AA93B0C} = {2A90DC9A-6DFB-3902-BBD2-16513AA93B0C}
		{D744DBE0-F065-37A0-BDDB-7F69217296A6} = {D744DBE0-F065-37A0-BDDB-7F69217296A6}
		{D81983CE-BC80-3157-9DFB-C40BC13F27D0} = {D81983CE-BC80-3157-9DFB-C40BC13F27D0}
		{5AF7A1B8-CEA1-39B3-9654-B06202483160} = {5AF7A1B8-CEA1-39B3-9654-B06202483160}
		{83EDA137-78A0-3D9E-9909-75D05115FF56} = {83EDA137-78A0-3D9E-9909-75D05115FF56}
		{34484DEC-DA12-3DAD-A3A0-FADC4D4C6B33} = {34484DEC-DA12-3DAD-A3A0-FADC4D4C6B33}
		{76437417-8676-3701-81A9-C60868A607DD} = {76437417-8676-3701-81A9-C60868A607DD}
		{DE8DF44E-A799-3FC6-A093-839F1813B44B} = {DE8DF44E-A799-3FC6-A093-839F1813B44B}
		{3CBF69EF-F726-3883-A5E7-FD8EA7596E61} = {3CBF69EF-F726-3883-A5E7-FD8EA7596E61}
		{CDC74853-3B01-3522-AF75-D43F4E93760D} = {CDC74853-3B01-3522-AF75-D43F4E93760D}
		{B12179BB-E642-323B-9CC2-79F5F8E2D840} = {B12179BB-E642-323B-9CC2-79F5F8E2D840}
		{1D6117C7-AC76-3FF7-8B39-D4E3875322D3} = {1D6117C7-AC76-3FF7-8B39-D4E3875322D3}
		{C520F8A6-D418-359A-A36D-8DA37B73FBC6} = {C520F8A6-D418-359A-A36D-8DA37B73FBC6}
		{C39956C6-4F0E-3229-AD58-84EEBFC76ADD} = {C39956C6-4F0E-3229-AD58-84EEBFC76ADD}
	EndProjectSection
EndProject
Project("{8BC9CEB8-8B4A-11D0-8D11-00A0C91BC942}") = "App_RobotSimulator_NoGUI", "examples\RobotSimulator\App_RobotSimulator_NoGUI.vcxproj", "{63830DC4-5493-32C2-AEC7-3EA27B3949FB}"
	ProjectSection(ProjectDependencies) = postProject
		{2A90DC9A-6DFB-3902-BBD2-16513AA93B0C} = {2A90DC9A-6DFB-3902-BBD2-16513AA93B0C}
		{D744DBE0-F065-37A0-BDDB-7F69217296A6} = {D744DBE0-F065-37A0-BDDB-7F69217296A6}
		{D81983CE-BC80-3157-9DFB-C40BC13F27D0} = {D81983CE-BC80-3157-9DFB-C40BC13F27D0}
		{83EDA137-78A0-3D9E-9909-75D05115FF56} = {83EDA137-78A0-3D9E-9909-75D05115FF56}
		{34484DEC-DA12-3DAD-A3A0-FADC4D4C6B33} = {34484DEC-DA12-3DAD-A3A0-FADC4D4C6B33}
		{76437417-8676-3701-81A9-C60868A607DD} = {76437417-8676-3701-81A9-C60868A607DD}
		{DE8DF44E-A799-3FC6-A093-839F1813B44B} = {DE8DF44E-A799-3FC6-A093-839F1813B44B}
		{3CBF69EF-F726-3883-A5E7-FD8EA7596E61} = {3CBF69EF-F726-3883-A5E7-FD8EA7596E61}
		{CDC74853-3B01-3522-AF75-D43F4E93760D} = {CDC74853-3B01-3522-AF75-D43F4E93760D}
		{B12179BB-E642-323B-9CC2-79F5F8E2D840} = {B12179BB-E642-323B-9CC2-79F5F8E2D840}
		{C520F8A6-D418-359A-A36D-8DA37B73FBC6} = {C520F8A6-D418-359A-A36D-8DA37B73FBC6}
	EndProjectSection
EndProject
Project("{8BC9CEB8-8B4A-11D0-8D11-00A0C91BC942}") = "App_TwoJoint", "examples\TwoJoint\App_TwoJoint.vcxproj", "{29A73E96-8C81-3C4A-B76B-E703ABC2FEF6}"
	ProjectSection(ProjectDependencies) = postProject
		{2A90DC9A-6DFB-3902-BBD2-16513AA93B0C} = {2A90DC9A-6DFB-3902-BBD2-16513AA93B0C}
		{D744DBE0-F065-37A0-BDDB-7F69217296A6} = {D744DBE0-F065-37A0-BDDB-7F69217296A6}
		{D81983CE-BC80-3157-9DFB-C40BC13F27D0} = {D81983CE-BC80-3157-9DFB-C40BC13F27D0}
		{5AF7A1B8-CEA1-39B3-9654-B06202483160} = {5AF7A1B8-CEA1-39B3-9654-B06202483160}
		{83EDA137-78A0-3D9E-9909-75D05115FF56} = {83EDA137-78A0-3D9E-9909-75D05115FF56}
		{34484DEC-DA12-3DAD-A3A0-FADC4D4C6B33} = {34484DEC-DA12-3DAD-A3A0-FADC4D4C6B33}
		{76437417-8676-3701-81A9-C60868A607DD} = {76437417-8676-3701-81A9-C60868A607DD}
		{3CBF69EF-F726-3883-A5E7-FD8EA7596E61} = {3CBF69EF-F726-3883-A5E7-FD8EA7596E61}
		{CDC74853-3B01-3522-AF75-D43F4E93760D} = {CDC74853-3B01-3522-AF75-D43F4E93760D}
		{46B05ACA-C689-373A-AED2-77CE8EDC6122} = {46B05ACA-C689-373A-AED2-77CE8EDC6122}
		{B12179BB-E642-323B-9CC2-79F5F8E2D840} = {B12179BB-E642-323B-9CC2-79F5F8E2D840}
		{1D6117C7-AC76-3FF7-8B39-D4E3875322D3} = {1D6117C7-AC76-3FF7-8B39-D4E3875322D3}
		{C520F8A6-D418-359A-A36D-8DA37B73FBC6} = {C520F8A6-D418-359A-A36D-8DA37B73FBC6}
		{C39956C6-4F0E-3229-AD58-84EEBFC76ADD} = {C39956C6-4F0E-3229-AD58-84EEBFC76ADD}
	EndProjectSection
EndProject
Project("{8BC9CEB8-8B4A-11D0-8D11-00A0C91BC942}") = "App_obj2sdf", "Extras\obj2sdf\App_obj2sdf.vcxproj", "{2F0F383C-FAB8-35DE-A9F1-77BF24CF02F7}"
	ProjectSection(ProjectDependencies) = postProject
		{2A90DC9A-6DFB-3902-BBD2-16513AA93B0C} = {2A90DC9A-6DFB-3902-BBD2-16513AA93B0C}
		{C520F8A6-D418-359A-A36D-8DA37B73FBC6} = {C520F8A6-D418-359A-A36D-8DA37B73FBC6}
	EndProjectSection
EndProject
Project("{8BC9CEB8-8B4A-11D0-8D11-00A0C91BC942}") = "Bullet2FileLoader", "src\Bullet3Serialize\Bullet2FileLoader\Bullet2FileLoader.vcxproj", "{FB11A234-5137-344B-B574-357600D8E48A}"
	ProjectSection(ProjectDependencies) = postProject
		{C520F8A6-D418-359A-A36D-8DA37B73FBC6} = {C520F8A6-D418-359A-A36D-8DA37B73FBC6}
	EndProjectSection
EndProject
Project("{8BC9CEB8-8B4A-11D0-8D11-00A0C91BC942}") = "Bullet3Collision", "src\Bullet3Collision\Bullet3Collision.vcxproj", "{7B01F3F0-EEC5-331B-AF4C-DBECE9191107}"
	ProjectSection(ProjectDependencies) = postProject
		{C520F8A6-D418-359A-A36D-8DA37B73FBC6} = {C520F8A6-D418-359A-A36D-8DA37B73FBC6}
	EndProjectSection
EndProject
Project("{8BC9CEB8-8B4A-11D0-8D11-00A0C91BC942}") = "Bullet3Common", "src\Bullet3Common\Bullet3Common.vcxproj", "{2A90DC9A-6DFB-3902-BBD2-16513AA93B0C}"
	ProjectSection(ProjectDependencies) = postProject
		{C520F8A6-D418-359A-A36D-8DA37B73FBC6} = {C520F8A6-D418-359A-A36D-8DA37B73FBC6}
	EndProjectSection
EndProject
Project("{8BC9CEB8-8B4A-11D0-8D11-00A0C91BC942}") = "Bullet3Dynamics", "src\Bullet3Dynamics\Bullet3Dynamics.vcxproj", "{78BF915C-9F88-3C52-A3EE-0B9092680D3B}"
	ProjectSection(ProjectDependencies) = postProject
		{C520F8A6-D418-359A-A36D-8DA37B73FBC6} = {C520F8A6-D418-359A-A36D-8DA37B73FBC6}
	EndProjectSection
EndProject
Project("{8BC9CEB8-8B4A-11D0-8D11-00A0C91BC942}") = "Bullet3Geometry", "src\Bullet3Geometry\Bullet3Geometry.vcxproj", "{A25FCA5B-8ECA-3681-90DC-6C11DBD04A90}"
	ProjectSection(ProjectDependencies) = postProject
		{C520F8A6-D418-359A-A36D-8DA37B73FBC6} = {C520F8A6-D418-359A-A36D-8DA37B73FBC6}
	EndProjectSection
EndProject
Project("{8BC9CEB8-8B4A-11D0-8D11-00A0C91BC942}") = "Bullet3OpenCL_clew", "src\Bullet3OpenCL\Bullet3OpenCL_clew.vcxproj", "{893A2513-93CB-3810-BBB9-C1E0C98CEAD8}"
	ProjectSection(ProjectDependencies) = postProject
		{C520F8A6-D418-359A-A36D-8DA37B73FBC6} = {C520F8A6-D418-359A-A36D-8DA37B73FBC6}
	EndProjectSection
EndProject
Project("{8BC9CEB8-8B4A-11D0-8D11-00A0C91BC942}") = "BulletCollision", "src\BulletCollision\BulletCollision.vcxproj", "{D744DBE0-F065-37A0-BDDB-7F69217296A6}"
	ProjectSection(ProjectDependencies) = postProject
		{C520F8A6-D418-359A-A36D-8DA37B73FBC6} = {C520F8A6-D418-359A-A36D-8DA37B73FBC6}
	EndProjectSection
EndProject
Project("{8BC9CEB8-8B4A-11D0-8D11-00A0C91BC942}") = "BulletDynamics", "src\BulletDynamics\BulletDynamics.vcxproj", "{D81983CE-BC80-3157-9DFB-C40BC13F27D0}"
	ProjectSection(ProjectDependencies) = postProject
		{C520F8A6-D418-359A-A36D-8DA37B73FBC6} = {C520F8A6-D418-359A-A36D-8DA37B73FBC6}
	EndProjectSection
EndProject
Project("{8BC9CEB8-8B4A-11D0-8D11-00A0C91BC942}") = "BulletExampleBrowserLib", "examples\ExampleBrowser\BulletExampleBrowserLib.vcxproj", "{5AF7A1B8-CEA1-39B3-9654-B06202483160}"
	ProjectSection(ProjectDependencies) = postProject
		{C520F8A6-D418-359A-A36D-8DA37B73FBC6} = {C520F8A6-D418-359A-A36D-8DA37B73FBC6}
	EndProjectSection
EndProject
Project("{8BC9CEB8-8B4A-11D0-8D11-00A0C91BC942}") = "BulletFileLoader", "Extras\Serialize\BulletFileLoader\BulletFileLoader.vcxproj", "{83EDA137-78A0-3D9E-9909-75D05115FF56}"
	ProjectSection(ProjectDependencies) = postProject
		{C520F8A6-D418-359A-A36D-8DA37B73FBC6} = {C520F8A6-D418-359A-A36D-8DA37B73FBC6}
	EndProjectSection
EndProject
Project("{8BC9CEB8-8B4A-11D0-8D11-00A0C91BC942}") = "BulletInverseDynamics", "src\BulletInverseDynamics\BulletInverseDynamics.vcxproj", "{34484DEC-DA12-3DAD-A3A0-FADC4D4C6B33}"
	ProjectSection(ProjectDependencies) = postProject
		{C520F8A6-D418-359A-A36D-8DA37B73FBC6} = {C520F8A6-D418-359A-A36D-8DA37B73FBC6}
	EndProjectSection
EndProject
Project("{8BC9CEB8-8B4A-11D0-8D11-00A0C91BC942}") = "BulletInverseDynamicsUtils", "Extras\InverseDynamics\BulletInverseDynamicsUtils.vcxproj", "{76437417-8676-3701-81A9-C60868A607DD}"
	ProjectSection(ProjectDependencies) = postProject
		{C520F8A6-D418-359A-A36D-8DA37B73FBC6} = {C520F8A6-D418-359A-A36D-8DA37B73FBC6}
	EndProjectSection
EndProject
Project("{8BC9CEB8-8B4A-11D0-8D11-00A0C91BC942}") = "BulletRobotics", "Extras\BulletRobotics\BulletRobotics.vcxproj", "{DE8DF44E-A799-3FC6-A093-839F1813B44B}"
	ProjectSection(ProjectDependencies) = postProject
		{C520F8A6-D418-359A-A36D-8DA37B73FBC6} = {C520F8A6-D418-359A-A36D-8DA37B73FBC6}
	EndProjectSection
EndProject
Project("{8BC9CEB8-8B4A-11D0-8D11-00A0C91BC942}") = "BulletSoftBody", "src\BulletSoftBody\BulletSoftBody.vcxproj", "{3CBF69EF-F726-3883-A5E7-FD8EA7596E61}"
	ProjectSection(ProjectDependencies) = postProject
		{C520F8A6-D418-359A-A36D-8DA37B73FBC6} = {C520F8A6-D418-359A-A36D-8DA37B73FBC6}
	EndProjectSection
EndProject
Project("{8BC9CEB8-8B4A-11D0-8D11-00A0C91BC942}") = "BulletWorldImporter", "Extras\Serialize\BulletWorldImporter\BulletWorldImporter.vcxproj", "{CDC74853-3B01-3522-AF75-D43F4E93760D}"
	ProjectSection(ProjectDependencies) = postProject
		{C520F8A6-D418-359A-A36D-8DA37B73FBC6} = {C520F8A6-D418-359A-A36D-8DA37B73FBC6}
	EndProjectSection
EndProject
Project("{8BC9CEB8-8B4A-11D0-8D11-00A0C91BC942}") = "BulletXmlWorldImporter", "Extras\Serialize\BulletXmlWorldImporter\BulletXmlWorldImporter.vcxproj", "{7335D455-38E9-3E8E-9FE4-0584C6E792F7}"
	ProjectSection(ProjectDependencies) = postProject
		{C520F8A6-D418-359A-A36D-8DA37B73FBC6} = {C520F8A6-D418-359A-A36D-8DA37B73FBC6}
	EndProjectSection
EndProject
Project("{8BC9CEB8-8B4A-11D0-8D11-00A0C91BC942}") = "BussIK", "examples\ThirdPartyLibs\BussIK\BussIK.vcxproj", "{46B05ACA-C689-373A-AED2-77CE8EDC6122}"
	ProjectSection(ProjectDependencies) = postProject
		{C520F8A6-D418-359A-A36D-8DA37B73FBC6} = {C520F8A6-D418-359A-A36D-8DA37B73FBC6}
	EndProjectSection
EndProject
Project("{8BC9CEB8-8B4A-11D0-8D11-00A0C91BC942}") = "ConvexDecomposition", "Extras\ConvexDecomposition\ConvexDecomposition.vcxproj", "{5EF2C464-729C-3F26-96BC-3A8FD01EBFE6}"
	ProjectSection(ProjectDependencies) = postProject
		{C520F8A6-D418-359A-A36D-8DA37B73FBC6} = {C520F8A6-D418-359A-A36D-8DA37B73FBC6}
	EndProjectSection
EndProject
Project("{8BC9CEB8-8B4A-11D0-8D11-00A0C91BC942}") = "GIMPACTUtils", "Extras\GIMPACTUtils\GIMPACTUtils.vcxproj", "{CA337878-55DE-35C2-9FF0-7C9037ED3C96}"
	ProjectSection(ProjectDependencies) = postProject
		{C520F8A6-D418-359A-A36D-8DA37B73FBC6} = {C520F8A6-D418-359A-A36D-8DA37B73FBC6}
	EndProjectSection
EndProject
Project("{8BC9CEB8-8B4A-11D0-8D11-00A0C91BC942}") = "HACD", "Extras\HACD\HACD.vcxproj", "{D4EA9089-7F5F-3350-8C57-F9DFF36F23F0}"
	ProjectSection(ProjectDependencies) = postProject
		{C520F8A6-D418-359A-A36D-8DA37B73FBC6} = {C520F8A6-D418-359A-A36D-8DA37B73FBC6}
	EndProjectSection
EndProject
Project("{8BC9CEB8-8B4A-11D0-8D11-00A0C91BC942}") = "INSTALL", "INSTALL.vcxproj", "{0AE42A4C-87EC-353C-B750-4D4A37597289}"
	ProjectSection(ProjectDependencies) = postProject
		{1DEBB9F4-8FE0-3C24-B1A6-3555E189B2ED} = {1DEBB9F4-8FE0-3C24-B1A6-3555E189B2ED}
		{C520F8A6-D418-359A-A36D-8DA37B73FBC6} = {C520F8A6-D418-359A-A36D-8DA37B73FBC6}
	EndProjectSection
EndProject
Project("{8BC9CEB8-8B4A-11D0-8D11-00A0C91BC942}") = "LinearMath", "src\LinearMath\LinearMath.vcxproj", "{B12179BB-E642-323B-9CC2-79F5F8E2D840}"
	ProjectSection(ProjectDependencies) = postProject
		{C520F8A6-D418-359A-A36D-8DA37B73FBC6} = {C520F8A6-D418-359A-A36D-8DA37B73FBC6}
	EndProjectSection
EndProject
Project("{8BC9CEB8-8B4A-11D0-8D11-00A0C91BC942}") = "OpenGLWindow", "examples\OpenGLWindow\OpenGLWindow.vcxproj", "{1D6117C7-AC76-3FF7-8B39-D4E3875322D3}"
	ProjectSection(ProjectDependencies) = postProject
		{C520F8A6-D418-359A-A36D-8DA37B73FBC6} = {C520F8A6-D418-359A-A36D-8DA37B73FBC6}
	EndProjectSection
EndProject
Project("{8BC9CEB8-8B4A-11D0-8D11-00A0C91BC942}") = "RUN_TESTS", "RUN_TESTS.vcxproj", "{BA3D7CBB-68B2-3E24-9C7E-93DA40C55790}"
	ProjectSection(ProjectDependencies) = postProject
		{C520F8A6-D418-359A-A36D-8DA37B73FBC6} = {C520F8A6-D418-359A-A36D-8DA37B73FBC6}
	EndProjectSection
EndProject
Project("{8BC9CEB8-8B4A-11D0-8D11-00A0C91BC942}") = "Test_BulletDynamics", "test\BulletDynamics\pendulum\Test_BulletDynamics.vcxproj", "{7453F04A-DDFB-3D75-A1EA-071040B953A2}"
	ProjectSection(ProjectDependencies) = postProject
		{D744DBE0-F065-37A0-BDDB-7F69217296A6} = {D744DBE0-F065-37A0-BDDB-7F69217296A6}
		{D81983CE-BC80-3157-9DFB-C40BC13F27D0} = {D81983CE-BC80-3157-9DFB-C40BC13F27D0}
		{B12179BB-E642-323B-9CC2-79F5F8E2D840} = {B12179BB-E642-323B-9CC2-79F5F8E2D840}
		{C520F8A6-D418-359A-A36D-8DA37B73FBC6} = {C520F8A6-D418-359A-A36D-8DA37B73FBC6}
		{A1A47620-F731-3CEA-9926-A2CC2A71A9E9} = {A1A47620-F731-3CEA-9926-A2CC2A71A9E9}
	EndProjectSection
EndProject
Project("{8BC9CEB8-8B4A-11D0-8D11-00A0C91BC942}") = "Test_BulletInverseDynamics", "test\InverseDynamics\Test_BulletInverseDynamics.vcxproj", "{58D670EB-466A-3FF2-AEB9-CB1EB3F2A38A}"
	ProjectSection(ProjectDependencies) = postProject
		{2A90DC9A-6DFB-3902-BBD2-16513AA93B0C} = {2A90DC9A-6DFB-3902-BBD2-16513AA93B0C}
		{D744DBE0-F065-37A0-BDDB-7F69217296A6} = {D744DBE0-F065-37A0-BDDB-7F69217296A6}
		{D81983CE-BC80-3157-9DFB-C40BC13F27D0} = {D81983CE-BC80-3157-9DFB-C40BC13F27D0}
		{34484DEC-DA12-3DAD-A3A0-FADC4D4C6B33} = {34484DEC-DA12-3DAD-A3A0-FADC4D4C6B33}
		{76437417-8676-3701-81A9-C60868A607DD} = {76437417-8676-3701-81A9-C60868A607DD}
		{B12179BB-E642-323B-9CC2-79F5F8E2D840} = {B12179BB-E642-323B-9CC2-79F5F8E2D840}
		{C520F8A6-D418-359A-A36D-8DA37B73FBC6} = {C520F8A6-D418-359A-A36D-8DA37B73FBC6}
		{A1A47620-F731-3CEA-9926-A2CC2A71A9E9} = {A1A47620-F731-3CEA-9926-A2CC2A71A9E9}
	EndProjectSection
EndProject
Project("{8BC9CEB8-8B4A-11D0-8D11-00A0C91BC942}") = "Test_BulletInverseDynamicsJacobian", "test\InverseDynamics\Test_BulletInverseDynamicsJacobian.vcxproj", "{95EBF814-0198-38EA-A451-C52CEB155557}"
	ProjectSection(ProjectDependencies) = postProject
		{2A90DC9A-6DFB-3902-BBD2-16513AA93B0C} = {2A90DC9A-6DFB-3902-BBD2-16513AA93B0C}
		{34484DEC-DA12-3DAD-A3A0-FADC4D4C6B33} = {34484DEC-DA12-3DAD-A3A0-FADC4D4C6B33}
		{76437417-8676-3701-81A9-C60868A607DD} = {76437417-8676-3701-81A9-C60868A607DD}
		{B12179BB-E642-323B-9CC2-79F5F8E2D840} = {B12179BB-E642-323B-9CC2-79F5F8E2D840}
		{C520F8A6-D418-359A-A36D-8DA37B73FBC6} = {C520F8A6-D418-359A-A36D-8DA37B73FBC6}
		{A1A47620-F731-3CEA-9926-A2CC2A71A9E9} = {A1A47620-F731-3CEA-9926-A2CC2A71A9E9}
	EndProjectSection
EndProject
Project("{8BC9CEB8-8B4A-11D0-8D11-00A0C91BC942}") = "Test_BulletInverseForwardDynamics", "test\InverseDynamics\Test_BulletInverseForwardDynamics.vcxproj", "{E17A0BBB-5AEA-380A-ACB2-8202A0CA03D4}"
	ProjectSection(ProjectDependencies) = postProject
		{2A90DC9A-6DFB-3902-BBD2-16513AA93B0C} = {2A90DC9A-6DFB-3902-BBD2-16513AA93B0C}
		{D744DBE0-F065-37A0-BDDB-7F69217296A6} = {D744DBE0-F065-37A0-BDDB-7F69217296A6}
		{D81983CE-BC80-3157-9DFB-C40BC13F27D0} = {D81983CE-BC80-3157-9DFB-C40BC13F27D0}
		{34484DEC-DA12-3DAD-A3A0-FADC4D4C6B33} = {34484DEC-DA12-3DAD-A3A0-FADC4D4C6B33}
		{76437417-8676-3701-81A9-C60868A607DD} = {76437417-8676-3701-81A9-C60868A607DD}
		{B12179BB-E642-323B-9CC2-79F5F8E2D840} = {B12179BB-E642-323B-9CC2-79F5F8E2D840}
		{C520F8A6-D418-359A-A36D-8DA37B73FBC6} = {C520F8A6-D418-359A-A36D-8DA37B73FBC6}
		{A1A47620-F731-3CEA-9926-A2CC2A71A9E9} = {A1A47620-F731-3CEA-9926-A2CC2A71A9E9}
	EndProjectSection
EndProject
Project("{8BC9CEB8-8B4A-11D0-8D11-00A0C91BC942}") = "Test_Collision", "test\collision\Test_Collision.vcxproj", "{7DEF2F1A-39E5-39A0-BD36-9E277BC51FDD}"
	ProjectSection(ProjectDependencies) = postProject
		{B12179BB-E642-323B-9CC2-79F5F8E2D840} = {B12179BB-E642-323B-9CC2-79F5F8E2D840}
		{C520F8A6-D418-359A-A36D-8DA37B73FBC6} = {C520F8A6-D418-359A-A36D-8DA37B73FBC6}
		{A1A47620-F731-3CEA-9926-A2CC2A71A9E9} = {A1A47620-F731-3CEA-9926-A2CC2A71A9E9}
	EndProjectSection
EndProject
Project("{8BC9CEB8-8B4A-11D0-8D11-00A0C91BC942}") = "Test_PhysicsClientServer", "test\SharedMemory\Test_PhysicsClientServer.vcxproj", "{0C202848-425B-36FE-A1E5-4AAF7FD0271A}"
	ProjectSection(ProjectDependencies) = postProject
		{2A90DC9A-6DFB-3902-BBD2-16513AA93B0C} = {2A90DC9A-6DFB-3902-BBD2-16513AA93B0C}
		{D744DBE0-F065-37A0-BDDB-7F69217296A6} = {D744DBE0-F065-37A0-BDDB-7F69217296A6}
		{D81983CE-BC80-3157-9DFB-C40BC13F27D0} = {D81983CE-BC80-3157-9DFB-C40BC13F27D0}
		{83EDA137-78A0-3D9E-9909-75D05115FF56} = {83EDA137-78A0-3D9E-9909-75D05115FF56}
		{34484DEC-DA12-3DAD-A3A0-FADC4D4C6B33} = {34484DEC-DA12-3DAD-A3A0-FADC4D4C6B33}
		{76437417-8676-3701-81A9-C60868A607DD} = {76437417-8676-3701-81A9-C60868A607DD}
		{3CBF69EF-F726-3883-A5E7-FD8EA7596E61} = {3CBF69EF-F726-3883-A5E7-FD8EA7596E61}
		{CDC74853-3B01-3522-AF75-D43F4E93760D} = {CDC74853-3B01-3522-AF75-D43F4E93760D}
		{46B05ACA-C689-373A-AED2-77CE8EDC6122} = {46B05ACA-C689-373A-AED2-77CE8EDC6122}
		{B12179BB-E642-323B-9CC2-79F5F8E2D840} = {B12179BB-E642-323B-9CC2-79F5F8E2D840}
		{C520F8A6-D418-359A-A36D-8DA37B73FBC6} = {C520F8A6-D418-359A-A36D-8DA37B73FBC6}
		{A1A47620-F731-3CEA-9926-A2CC2A71A9E9} = {A1A47620-F731-3CEA-9926-A2CC2A71A9E9}
	EndProjectSection
EndProject
Project("{8BC9CEB8-8B4A-11D0-8D11-00A0C91BC942}") = "Test_btKinematicCharacterController", "test\BulletDynamics\Test_btKinematicCharacterController.vcxproj", "{DB13B8F3-A5DF-329F-AD80-D0799E53C038}"
	ProjectSection(ProjectDependencies) = postProject
		{D744DBE0-F065-37A0-BDDB-7F69217296A6} = {D744DBE0-F065-37A0-BDDB-7F69217296A6}
		{D81983CE-BC80-3157-9DFB-C40BC13F27D0} = {D81983CE-BC80-3157-9DFB-C40BC13F27D0}
		{B12179BB-E642-323B-9CC2-79F5F8E2D840} = {B12179BB-E642-323B-9CC2-79F5F8E2D840}
		{C520F8A6-D418-359A-A36D-8DA37B73FBC6} = {C520F8A6-D418-359A-A36D-8DA37B73FBC6}
		{A1A47620-F731-3CEA-9926-A2CC2A71A9E9} = {A1A47620-F731-3CEA-9926-A2CC2A71A9E9}
	EndProjectSection
EndProject
Project("{8BC9CEB8-8B4A-11D0-8D11-00A0C91BC942}") = "ZERO_CHECK", "ZERO_CHECK.vcxproj", "{C520F8A6-D418-359A-A36D-8DA37B73FBC6}"
	ProjectSection(ProjectDependencies) = postProject
	EndProjectSection
EndProject
Project("{8BC9CEB8-8B4A-11D0-8D11-00A0C91BC942}") = "clsocket", "examples\ThirdPartyLibs\clsocket\clsocket.vcxproj", "{2B1515C1-11DC-3854-A94C-BB9ABE6E6468}"
	ProjectSection(ProjectDependencies) = postProject
		{C520F8A6-D418-359A-A36D-8DA37B73FBC6} = {C520F8A6-D418-359A-A36D-8DA37B73FBC6}
	EndProjectSection
EndProject
Project("{8BC9CEB8-8B4A-11D0-8D11-00A0C91BC942}") = "gtest", "test\gtest-1.7.0\gtest.vcxproj", "{A1A47620-F731-3CEA-9926-A2CC2A71A9E9}"
	ProjectSection(ProjectDependencies) = postProject
		{C520F8A6-D418-359A-A36D-8DA37B73FBC6} = {C520F8A6-D418-359A-A36D-8DA37B73FBC6}
	EndProjectSection
EndProject
Project("{8BC9CEB8-8B4A-11D0-8D11-00A0C91BC942}") = "gwen", "examples\ThirdPartyLibs\Gwen\gwen.vcxproj", "{C39956C6-4F0E-3229-AD58-84EEBFC76ADD}"
	ProjectSection(ProjectDependencies) = postProject
		{C520F8A6-D418-359A-A36D-8DA37B73FBC6} = {C520F8A6-D418-359A-A36D-8DA37B73FBC6}
	EndProjectSection
EndProject
Global
	GlobalSection(SolutionConfigurationPlatforms) = preSolution
		Debug|Win32 = Debug|Win32
		Release|Win32 = Release|Win32
		MinSizeRel|Win32 = MinSizeRel|Win32
		RelWithDebInfo|Win32 = RelWithDebInfo|Win32
	EndGlobalSection
	GlobalSection(ProjectConfigurationPlatforms) = postSolution
		{1DEBB9F4-8FE0-3C24-B1A6-3555E189B2ED}.Debug|Win32.ActiveCfg = Debug|Win32
		{1DEBB9F4-8FE0-3C24-B1A6-3555E189B2ED}.Debug|Win32.Build.0 = Debug|Win32
		{1DEBB9F4-8FE0-3C24-B1A6-3555E189B2ED}.Release|Win32.ActiveCfg = Release|Win32
		{1DEBB9F4-8FE0-3C24-B1A6-3555E189B2ED}.Release|Win32.Build.0 = Release|Win32
		{1DEBB9F4-8FE0-3C24-B1A6-3555E189B2ED}.MinSizeRel|Win32.ActiveCfg = MinSizeRel|Win32
		{1DEBB9F4-8FE0-3C24-B1A6-3555E189B2ED}.MinSizeRel|Win32.Build.0 = MinSizeRel|Win32
		{1DEBB9F4-8FE0-3C24-B1A6-3555E189B2ED}.RelWithDebInfo|Win32.ActiveCfg = RelWithDebInfo|Win32
		{1DEBB9F4-8FE0-3C24-B1A6-3555E189B2ED}.RelWithDebInfo|Win32.Build.0 = RelWithDebInfo|Win32
		{ADA7F3FD-C637-38C7-BC61-AC8599D9ED66}.Debug|Win32.ActiveCfg = Debug|Win32
		{ADA7F3FD-C637-38C7-BC61-AC8599D9ED66}.Debug|Win32.Build.0 = Debug|Win32
		{ADA7F3FD-C637-38C7-BC61-AC8599D9ED66}.Release|Win32.ActiveCfg = Release|Win32
		{ADA7F3FD-C637-38C7-BC61-AC8599D9ED66}.Release|Win32.Build.0 = Release|Win32
		{ADA7F3FD-C637-38C7-BC61-AC8599D9ED66}.MinSizeRel|Win32.ActiveCfg = MinSizeRel|Win32
		{ADA7F3FD-C637-38C7-BC61-AC8599D9ED66}.MinSizeRel|Win32.Build.0 = MinSizeRel|Win32
		{ADA7F3FD-C637-38C7-BC61-AC8599D9ED66}.RelWithDebInfo|Win32.ActiveCfg = RelWithDebInfo|Win32
		{ADA7F3FD-C637-38C7-BC61-AC8599D9ED66}.RelWithDebInfo|Win32.Build.0 = RelWithDebInfo|Win32
		{5F83A53C-6CC7-3583-8461-F016D84145DA}.Debug|Win32.ActiveCfg = Debug|Win32
		{5F83A53C-6CC7-3583-8461-F016D84145DA}.Debug|Win32.Build.0 = Debug|Win32
		{5F83A53C-6CC7-3583-8461-F016D84145DA}.Release|Win32.ActiveCfg = Release|Win32
		{5F83A53C-6CC7-3583-8461-F016D84145DA}.Release|Win32.Build.0 = Release|Win32
		{5F83A53C-6CC7-3583-8461-F016D84145DA}.MinSizeRel|Win32.ActiveCfg = MinSizeRel|Win32
		{5F83A53C-6CC7-3583-8461-F016D84145DA}.MinSizeRel|Win32.Build.0 = MinSizeRel|Win32
		{5F83A53C-6CC7-3583-8461-F016D84145DA}.RelWithDebInfo|Win32.ActiveCfg = RelWithDebInfo|Win32
		{5F83A53C-6CC7-3583-8461-F016D84145DA}.RelWithDebInfo|Win32.Build.0 = RelWithDebInfo|Win32
		{4A51D403-74EF-3C48-8717-569427520D4E}.Debug|Win32.ActiveCfg = Debug|Win32
		{4A51D403-74EF-3C48-8717-569427520D4E}.Debug|Win32.Build.0 = Debug|Win32
		{4A51D403-74EF-3C48-8717-569427520D4E}.Release|Win32.ActiveCfg = Release|Win32
		{4A51D403-74EF-3C48-8717-569427520D4E}.Release|Win32.Build.0 = Release|Win32
		{4A51D403-74EF-3C48-8717-569427520D4E}.MinSizeRel|Win32.ActiveCfg = MinSizeRel|Win32
		{4A51D403-74EF-3C48-8717-569427520D4E}.MinSizeRel|Win32.Build.0 = MinSizeRel|Win32
		{4A51D403-74EF-3C48-8717-569427520D4E}.RelWithDebInfo|Win32.ActiveCfg = RelWithDebInfo|Win32
		{4A51D403-74EF-3C48-8717-569427520D4E}.RelWithDebInfo|Win32.Build.0 = RelWithDebInfo|Win32
		{37FFAAD5-2D8E-3DEC-9E50-F7A1F3447234}.Debug|Win32.ActiveCfg = Debug|Win32
		{37FFAAD5-2D8E-3DEC-9E50-F7A1F3447234}.Debug|Win32.Build.0 = Debug|Win32
		{37FFAAD5-2D8E-3DEC-9E50-F7A1F3447234}.Release|Win32.ActiveCfg = Release|Win32
		{37FFAAD5-2D8E-3DEC-9E50-F7A1F3447234}.Release|Win32.Build.0 = Release|Win32
		{37FFAAD5-2D8E-3DEC-9E50-F7A1F3447234}.MinSizeRel|Win32.ActiveCfg = MinSizeRel|Win32
		{37FFAAD5-2D8E-3DEC-9E50-F7A1F3447234}.MinSizeRel|Win32.Build.0 = MinSizeRel|Win32
		{37FFAAD5-2D8E-3DEC-9E50-F7A1F3447234}.RelWithDebInfo|Win32.ActiveCfg = RelWithDebInfo|Win32
		{37FFAAD5-2D8E-3DEC-9E50-F7A1F3447234}.RelWithDebInfo|Win32.Build.0 = RelWithDebInfo|Win32
		{0C381FE1-6BB8-3C6E-9805-B60A4FA2DE02}.Debug|Win32.ActiveCfg = Debug|Win32
		{0C381FE1-6BB8-3C6E-9805-B60A4FA2DE02}.Debug|Win32.Build.0 = Debug|Win32
		{0C381FE1-6BB8-3C6E-9805-B60A4FA2DE02}.Release|Win32.ActiveCfg = Release|Win32
		{0C381FE1-6BB8-3C6E-9805-B60A4FA2DE02}.Release|Win32.Build.0 = Release|Win32
		{0C381FE1-6BB8-3C6E-9805-B60A4FA2DE02}.MinSizeRel|Win32.ActiveCfg = MinSizeRel|Win32
		{0C381FE1-6BB8-3C6E-9805-B60A4FA2DE02}.MinSizeRel|Win32.Build.0 = MinSizeRel|Win32
		{0C381FE1-6BB8-3C6E-9805-B60A4FA2DE02}.RelWithDebInfo|Win32.ActiveCfg = RelWithDebInfo|Win32
		{0C381FE1-6BB8-3C6E-9805-B60A4FA2DE02}.RelWithDebInfo|Win32.Build.0 = RelWithDebInfo|Win32
		{1AC20407-1AFF-3F70-BE03-DB540A8FA244}.Debug|Win32.ActiveCfg = Debug|Win32
		{1AC20407-1AFF-3F70-BE03-DB540A8FA244}.Debug|Win32.Build.0 = Debug|Win32
		{1AC20407-1AFF-3F70-BE03-DB540A8FA244}.Release|Win32.ActiveCfg = Release|Win32
		{1AC20407-1AFF-3F70-BE03-DB540A8FA244}.Release|Win32.Build.0 = Release|Win32
		{1AC20407-1AFF-3F70-BE03-DB540A8FA244}.MinSizeRel|Win32.ActiveCfg = MinSizeRel|Win32
		{1AC20407-1AFF-3F70-BE03-DB540A8FA244}.MinSizeRel|Win32.Build.0 = MinSizeRel|Win32
		{1AC20407-1AFF-3F70-BE03-DB540A8FA244}.RelWithDebInfo|Win32.ActiveCfg = RelWithDebInfo|Win32
		{1AC20407-1AFF-3F70-BE03-DB540A8FA244}.RelWithDebInfo|Win32.Build.0 = RelWithDebInfo|Win32
		{10357FCE-A85A-328D-BE1F-A87F552DE22E}.Debug|Win32.ActiveCfg = Debug|Win32
		{10357FCE-A85A-328D-BE1F-A87F552DE22E}.Debug|Win32.Build.0 = Debug|Win32
		{10357FCE-A85A-328D-BE1F-A87F552DE22E}.Release|Win32.ActiveCfg = Release|Win32
		{10357FCE-A85A-328D-BE1F-A87F552DE22E}.Release|Win32.Build.0 = Release|Win32
		{10357FCE-A85A-328D-BE1F-A87F552DE22E}.MinSizeRel|Win32.ActiveCfg = MinSizeRel|Win32
		{10357FCE-A85A-328D-BE1F-A87F552DE22E}.MinSizeRel|Win32.Build.0 = MinSizeRel|Win32
		{10357FCE-A85A-328D-BE1F-A87F552DE22E}.RelWithDebInfo|Win32.ActiveCfg = RelWithDebInfo|Win32
		{10357FCE-A85A-328D-BE1F-A87F552DE22E}.RelWithDebInfo|Win32.Build.0 = RelWithDebInfo|Win32
		{51DC44EB-BC40-3943-B4EA-89E7012F21FE}.Debug|Win32.ActiveCfg = Debug|Win32
		{51DC44EB-BC40-3943-B4EA-89E7012F21FE}.Debug|Win32.Build.0 = Debug|Win32
		{51DC44EB-BC40-3943-B4EA-89E7012F21FE}.Release|Win32.ActiveCfg = Release|Win32
		{51DC44EB-BC40-3943-B4EA-89E7012F21FE}.Release|Win32.Build.0 = Release|Win32
		{51DC44EB-BC40-3943-B4EA-89E7012F21FE}.MinSizeRel|Win32.ActiveCfg = MinSizeRel|Win32
		{51DC44EB-BC40-3943-B4EA-89E7012F21FE}.MinSizeRel|Win32.Build.0 = MinSizeRel|Win32
		{51DC44EB-BC40-3943-B4EA-89E7012F21FE}.RelWithDebInfo|Win32.ActiveCfg = RelWithDebInfo|Win32
		{51DC44EB-BC40-3943-B4EA-89E7012F21FE}.RelWithDebInfo|Win32.Build.0 = RelWithDebInfo|Win32
		{99A39D71-34C0-3FF6-8DBE-AAA02F289A60}.Debug|Win32.ActiveCfg = Debug|Win32
		{99A39D71-34C0-3FF6-8DBE-AAA02F289A60}.Debug|Win32.Build.0 = Debug|Win32
		{99A39D71-34C0-3FF6-8DBE-AAA02F289A60}.Release|Win32.ActiveCfg = Release|Win32
		{99A39D71-34C0-3FF6-8DBE-AAA02F289A60}.Release|Win32.Build.0 = Release|Win32
		{99A39D71-34C0-3FF6-8DBE-AAA02F289A60}.MinSizeRel|Win32.ActiveCfg = MinSizeRel|Win32
		{99A39D71-34C0-3FF6-8DBE-AAA02F289A60}.MinSizeRel|Win32.Build.0 = MinSizeRel|Win32
		{99A39D71-34C0-3FF6-8DBE-AAA02F289A60}.RelWithDebInfo|Win32.ActiveCfg = RelWithDebInfo|Win32
		{99A39D71-34C0-3FF6-8DBE-AAA02F289A60}.RelWithDebInfo|Win32.Build.0 = RelWithDebInfo|Win32
		{63830DC4-5493-32C2-AEC7-3EA27B3949FB}.Debug|Win32.ActiveCfg = Debug|Win32
		{63830DC4-5493-32C2-AEC7-3EA27B3949FB}.Debug|Win32.Build.0 = Debug|Win32
		{63830DC4-5493-32C2-AEC7-3EA27B3949FB}.Release|Win32.ActiveCfg = Release|Win32
		{63830DC4-5493-32C2-AEC7-3EA27B3949FB}.Release|Win32.Build.0 = Release|Win32
		{63830DC4-5493-32C2-AEC7-3EA27B3949FB}.MinSizeRel|Win32.ActiveCfg = MinSizeRel|Win32
		{63830DC4-5493-32C2-AEC7-3EA27B3949FB}.MinSizeRel|Win32.Build.0 = MinSizeRel|Win32
		{63830DC4-5493-32C2-AEC7-3EA27B3949FB}.RelWithDebInfo|Win32.ActiveCfg = RelWithDebInfo|Win32
		{63830DC4-5493-32C2-AEC7-3EA27B3949FB}.RelWithDebInfo|Win32.Build.0 = RelWithDebInfo|Win32
		{29A73E96-8C81-3C4A-B76B-E703ABC2FEF6}.Debug|Win32.ActiveCfg = Debug|Win32
		{29A73E96-8C81-3C4A-B76B-E703ABC2FEF6}.Debug|Win32.Build.0 = Debug|Win32
		{29A73E96-8C81-3C4A-B76B-E703ABC2FEF6}.Release|Win32.ActiveCfg = Release|Win32
		{29A73E96-8C81-3C4A-B76B-E703ABC2FEF6}.Release|Win32.Build.0 = Release|Win32
		{29A73E96-8C81-3C4A-B76B-E703ABC2FEF6}.MinSizeRel|Win32.ActiveCfg = MinSizeRel|Win32
		{29A73E96-8C81-3C4A-B76B-E703ABC2FEF6}.MinSizeRel|Win32.Build.0 = MinSizeRel|Win32
		{29A73E96-8C81-3C4A-B76B-E703ABC2FEF6}.RelWithDebInfo|Win32.ActiveCfg = RelWithDebInfo|Win32
		{29A73E96-8C81-3C4A-B76B-E703ABC2FEF6}.RelWithDebInfo|Win32.Build.0 = RelWithDebInfo|Win32
		{2F0F383C-FAB8-35DE-A9F1-77BF24CF02F7}.Debug|Win32.ActiveCfg = Debug|Win32
		{2F0F383C-FAB8-35DE-A9F1-77BF24CF02F7}.Debug|Win32.Build.0 = Debug|Win32
		{2F0F383C-FAB8-35DE-A9F1-77BF24CF02F7}.Release|Win32.ActiveCfg = Release|Win32
		{2F0F383C-FAB8-35DE-A9F1-77BF24CF02F7}.Release|Win32.Build.0 = Release|Win32
		{2F0F383C-FAB8-35DE-A9F1-77BF24CF02F7}.MinSizeRel|Win32.ActiveCfg = MinSizeRel|Win32
		{2F0F383C-FAB8-35DE-A9F1-77BF24CF02F7}.MinSizeRel|Win32.Build.0 = MinSizeRel|Win32
		{2F0F383C-FAB8-35DE-A9F1-77BF24CF02F7}.RelWithDebInfo|Win32.ActiveCfg = RelWithDebInfo|Win32
		{2F0F383C-FAB8-35DE-A9F1-77BF24CF02F7}.RelWithDebInfo|Win32.Build.0 = RelWithDebInfo|Win32
		{FB11A234-5137-344B-B574-357600D8E48A}.Debug|Win32.ActiveCfg = Debug|Win32
		{FB11A234-5137-344B-B574-357600D8E48A}.Debug|Win32.Build.0 = Debug|Win32
		{FB11A234-5137-344B-B574-357600D8E48A}.Release|Win32.ActiveCfg = Release|Win32
		{FB11A234-5137-344B-B574-357600D8E48A}.Release|Win32.Build.0 = Release|Win32
		{FB11A234-5137-344B-B574-357600D8E48A}.MinSizeRel|Win32.ActiveCfg = MinSizeRel|Win32
		{FB11A234-5137-344B-B574-357600D8E48A}.MinSizeRel|Win32.Build.0 = MinSizeRel|Win32
		{FB11A234-5137-344B-B574-357600D8E48A}.RelWithDebInfo|Win32.ActiveCfg = RelWithDebInfo|Win32
		{FB11A234-5137-344B-B574-357600D8E48A}.RelWithDebInfo|Win32.Build.0 = RelWithDebInfo|Win32
		{7B01F3F0-EEC5-331B-AF4C-DBECE9191107}.Debug|Win32.ActiveCfg = Debug|Win32
		{7B01F3F0-EEC5-331B-AF4C-DBECE9191107}.Debug|Win32.Build.0 = Debug|Win32
		{7B01F3F0-EEC5-331B-AF4C-DBECE9191107}.Release|Win32.ActiveCfg = Release|Win32
		{7B01F3F0-EEC5-331B-AF4C-DBECE9191107}.Release|Win32.Build.0 = Release|Win32
		{7B01F3F0-EEC5-331B-AF4C-DBECE9191107}.MinSizeRel|Win32.ActiveCfg = MinSizeRel|Win32
		{7B01F3F0-EEC5-331B-AF4C-DBECE9191107}.MinSizeRel|Win32.Build.0 = MinSizeRel|Win32
		{7B01F3F0-EEC5-331B-AF4C-DBECE9191107}.RelWithDebInfo|Win32.ActiveCfg = RelWithDebInfo|Win32
		{7B01F3F0-EEC5-331B-AF4C-DBECE9191107}.RelWithDebInfo|Win32.Build.0 = RelWithDebInfo|Win32
		{2A90DC9A-6DFB-3902-BBD2-16513AA93B0C}.Debug|Win32.ActiveCfg = Debug|Win32
		{2A90DC9A-6DFB-3902-BBD2-16513AA93B0C}.Debug|Win32.Build.0 = Debug|Win32
		{2A90DC9A-6DFB-3902-BBD2-16513AA93B0C}.Release|Win32.ActiveCfg = Release|Win32
		{2A90DC9A-6DFB-3902-BBD2-16513AA93B0C}.Release|Win32.Build.0 = Release|Win32
		{2A90DC9A-6DFB-3902-BBD2-16513AA93B0C}.MinSizeRel|Win32.ActiveCfg = MinSizeRel|Win32
		{2A90DC9A-6DFB-3902-BBD2-16513AA93B0C}.MinSizeRel|Win32.Build.0 = MinSizeRel|Win32
		{2A90DC9A-6DFB-3902-BBD2-16513AA93B0C}.RelWithDebInfo|Win32.ActiveCfg = RelWithDebInfo|Win32
		{2A90DC9A-6DFB-3902-BBD2-16513AA93B0C}.RelWithDebInfo|Win32.Build.0 = RelWithDebInfo|Win32
		{78BF915C-9F88-3C52-A3EE-0B9092680D3B}.Debug|Win32.ActiveCfg = Debug|Win32
		{78BF915C-9F88-3C52-A3EE-0B9092680D3B}.Debug|Win32.Build.0 = Debug|Win32
		{78BF915C-9F88-3C52-A3EE-0B9092680D3B}.Release|Win32.ActiveCfg = Release|Win32
		{78BF915C-9F88-3C52-A3EE-0B9092680D3B}.Release|Win32.Build.0 = Release|Win32
		{78BF915C-9F88-3C52-A3EE-0B9092680D3B}.MinSizeRel|Win32.ActiveCfg = MinSizeRel|Win32
		{78BF915C-9F88-3C52-A3EE-0B9092680D3B}.MinSizeRel|Win32.Build.0 = MinSizeRel|Win32
		{78BF915C-9F88-3C52-A3EE-0B9092680D3B}.RelWithDebInfo|Win32.ActiveCfg = RelWithDebInfo|Win32
		{78BF915C-9F88-3C52-A3EE-0B9092680D3B}.RelWithDebInfo|Win32.Build.0 = RelWithDebInfo|Win32
		{A25FCA5B-8ECA-3681-90DC-6C11DBD04A90}.Debug|Win32.ActiveCfg = Debug|Win32
		{A25FCA5B-8ECA-3681-90DC-6C11DBD04A90}.Debug|Win32.Build.0 = Debug|Win32
		{A25FCA5B-8ECA-3681-90DC-6C11DBD04A90}.Release|Win32.ActiveCfg = Release|Win32
		{A25FCA5B-8ECA-3681-90DC-6C11DBD04A90}.Release|Win32.Build.0 = Release|Win32
		{A25FCA5B-8ECA-3681-90DC-6C11DBD04A90}.MinSizeRel|Win32.ActiveCfg = MinSizeRel|Win32
		{A25FCA5B-8ECA-3681-90DC-6C11DBD04A90}.MinSizeRel|Win32.Build.0 = MinSizeRel|Win32
		{A25FCA5B-8ECA-3681-90DC-6C11DBD04A90}.RelWithDebInfo|Win32.ActiveCfg = RelWithDebInfo|Win32
		{A25FCA5B-8ECA-3681-90DC-6C11DBD04A90}.RelWithDebInfo|Win32.Build.0 = RelWithDebInfo|Win32
		{893A2513-93CB-3810-BBB9-C1E0C98CEAD8}.Debug|Win32.ActiveCfg = Debug|Win32
		{893A2513-93CB-3810-BBB9-C1E0C98CEAD8}.Debug|Win32.Build.0 = Debug|Win32
		{893A2513-93CB-3810-BBB9-C1E0C98CEAD8}.Release|Win32.ActiveCfg = Release|Win32
		{893A2513-93CB-3810-BBB9-C1E0C98CEAD8}.Release|Win32.Build.0 = Release|Win32
		{893A2513-93CB-3810-BBB9-C1E0C98CEAD8}.MinSizeRel|Win32.ActiveCfg = MinSizeRel|Win32
		{893A2513-93CB-3810-BBB9-C1E0C98CEAD8}.MinSizeRel|Win32.Build.0 = MinSizeRel|Win32
		{893A2513-93CB-3810-BBB9-C1E0C98CEAD8}.RelWithDebInfo|Win32.ActiveCfg = RelWithDebInfo|Win32
		{893A2513-93CB-3810-BBB9-C1E0C98CEAD8}.RelWithDebInfo|Win32.Build.0 = RelWithDebInfo|Win32
		{D744DBE0-F065-37A0-BDDB-7F69217296A6}.Debug|Win32.ActiveCfg = Debug|Win32
		{D744DBE0-F065-37A0-BDDB-7F69217296A6}.Debug|Win32.Build.0 = Debug|Win32
		{D744DBE0-F065-37A0-BDDB-7F69217296A6}.Release|Win32.ActiveCfg = Release|Win32
		{D744DBE0-F065-37A0-BDDB-7F69217296A6}.Release|Win32.Build.0 = Release|Win32
		{D744DBE0-F065-37A0-BDDB-7F69217296A6}.MinSizeRel|Win32.ActiveCfg = MinSizeRel|Win32
		{D744DBE0-F065-37A0-BDDB-7F69217296A6}.MinSizeRel|Win32.Build.0 = MinSizeRel|Win32
		{D744DBE0-F065-37A0-BDDB-7F69217296A6}.RelWithDebInfo|Win32.ActiveCfg = RelWithDebInfo|Win32
		{D744DBE0-F065-37A0-BDDB-7F69217296A6}.RelWithDebInfo|Win32.Build.0 = RelWithDebInfo|Win32
		{D81983CE-BC80-3157-9DFB-C40BC13F27D0}.Debug|Win32.ActiveCfg = Debug|Win32
		{D81983CE-BC80-3157-9DFB-C40BC13F27D0}.Debug|Win32.Build.0 = Debug|Win32
		{D81983CE-BC80-3157-9DFB-C40BC13F27D0}.Release|Win32.ActiveCfg = Release|Win32
		{D81983CE-BC80-3157-9DFB-C40BC13F27D0}.Release|Win32.Build.0 = Release|Win32
		{D81983CE-BC80-3157-9DFB-C40BC13F27D0}.MinSizeRel|Win32.ActiveCfg = MinSizeRel|Win32
		{D81983CE-BC80-3157-9DFB-C40BC13F27D0}.MinSizeRel|Win32.Build.0 = MinSizeRel|Win32
		{D81983CE-BC80-3157-9DFB-C40BC13F27D0}.RelWithDebInfo|Win32.ActiveCfg = RelWithDebInfo|Win32
		{D81983CE-BC80-3157-9DFB-C40BC13F27D0}.RelWithDebInfo|Win32.Build.0 = RelWithDebInfo|Win32
		{5AF7A1B8-CEA1-39B3-9654-B06202483160}.Debug|Win32.ActiveCfg = Debug|Win32
		{5AF7A1B8-CEA1-39B3-9654-B06202483160}.Debug|Win32.Build.0 = Debug|Win32
		{5AF7A1B8-CEA1-39B3-9654-B06202483160}.Release|Win32.ActiveCfg = Release|Win32
		{5AF7A1B8-CEA1-39B3-9654-B06202483160}.Release|Win32.Build.0 = Release|Win32
		{5AF7A1B8-CEA1-39B3-9654-B06202483160}.MinSizeRel|Win32.ActiveCfg = MinSizeRel|Win32
		{5AF7A1B8-CEA1-39B3-9654-B06202483160}.MinSizeRel|Win32.Build.0 = MinSizeRel|Win32
		{5AF7A1B8-CEA1-39B3-9654-B06202483160}.RelWithDebInfo|Win32.ActiveCfg = RelWithDebInfo|Win32
		{5AF7A1B8-CEA1-39B3-9654-B06202483160}.RelWithDebInfo|Win32.Build.0 = RelWithDebInfo|Win32
		{83EDA137-78A0-3D9E-9909-75D05115FF56}.Debug|Win32.ActiveCfg = Debug|Win32
		{83EDA137-78A0-3D9E-9909-75D05115FF56}.Debug|Win32.Build.0 = Debug|Win32
		{83EDA137-78A0-3D9E-9909-75D05115FF56}.Release|Win32.ActiveCfg = Release|Win32
		{83EDA137-78A0-3D9E-9909-75D05115FF56}.Release|Win32.Build.0 = Release|Win32
		{83EDA137-78A0-3D9E-9909-75D05115FF56}.MinSizeRel|Win32.ActiveCfg = MinSizeRel|Win32
		{83EDA137-78A0-3D9E-9909-75D05115FF56}.MinSizeRel|Win32.Build.0 = MinSizeRel|Win32
		{83EDA137-78A0-3D9E-9909-75D05115FF56}.RelWithDebInfo|Win32.ActiveCfg = RelWithDebInfo|Win32
		{83EDA137-78A0-3D9E-9909-75D05115FF56}.RelWithDebInfo|Win32.Build.0 = RelWithDebInfo|Win32
		{34484DEC-DA12-3DAD-A3A0-FADC4D4C6B33}.Debug|Win32.ActiveCfg = Debug|Win32
		{34484DEC-DA12-3DAD-A3A0-FADC4D4C6B33}.Debug|Win32.Build.0 = Debug|Win32
		{34484DEC-DA12-3DAD-A3A0-FADC4D4C6B33}.Release|Win32.ActiveCfg = Release|Win32
		{34484DEC-DA12-3DAD-A3A0-FADC4D4C6B33}.Release|Win32.Build.0 = Release|Win32
		{34484DEC-DA12-3DAD-A3A0-FADC4D4C6B33}.MinSizeRel|Win32.ActiveCfg = MinSizeRel|Win32
		{34484DEC-DA12-3DAD-A3A0-FADC4D4C6B33}.MinSizeRel|Win32.Build.0 = MinSizeRel|Win32
		{34484DEC-DA12-3DAD-A3A0-FADC4D4C6B33}.RelWithDebInfo|Win32.ActiveCfg = RelWithDebInfo|Win32
		{34484DEC-DA12-3DAD-A3A0-FADC4D4C6B33}.RelWithDebInfo|Win32.Build.0 = RelWithDebInfo|Win32
		{76437417-8676-3701-81A9-C60868A607DD}.Debug|Win32.ActiveCfg = Debug|Win32
		{76437417-8676-3701-81A9-C60868A607DD}.Debug|Win32.Build.0 = Debug|Win32
		{76437417-8676-3701-81A9-C60868A607DD}.Release|Win32.ActiveCfg = Release|Win32
		{76437417-8676-3701-81A9-C60868A607DD}.Release|Win32.Build.0 = Release|Win32
		{76437417-8676-3701-81A9-C60868A607DD}.MinSizeRel|Win32.ActiveCfg = MinSizeRel|Win32
		{76437417-8676-3701-81A9-C60868A607DD}.MinSizeRel|Win32.Build.0 = MinSizeRel|Win32
		{76437417-8676-3701-81A9-C60868A607DD}.RelWithDebInfo|Win32.ActiveCfg = RelWithDebInfo|Win32
		{76437417-8676-3701-81A9-C60868A607DD}.RelWithDebInfo|Win32.Build.0 = RelWithDebInfo|Win32
		{DE8DF44E-A799-3FC6-A093-839F1813B44B}.Debug|Win32.ActiveCfg = Debug|Win32
		{DE8DF44E-A799-3FC6-A093-839F1813B44B}.Debug|Win32.Build.0 = Debug|Win32
		{DE8DF44E-A799-3FC6-A093-839F1813B44B}.Release|Win32.ActiveCfg = Release|Win32
		{DE8DF44E-A799-3FC6-A093-839F1813B44B}.Release|Win32.Build.0 = Release|Win32
		{DE8DF44E-A799-3FC6-A093-839F1813B44B}.MinSizeRel|Win32.ActiveCfg = MinSizeRel|Win32
		{DE8DF44E-A799-3FC6-A093-839F1813B44B}.MinSizeRel|Win32.Build.0 = MinSizeRel|Win32
		{DE8DF44E-A799-3FC6-A093-839F1813B44B}.RelWithDebInfo|Win32.ActiveCfg = RelWithDebInfo|Win32
		{DE8DF44E-A799-3FC6-A093-839F1813B44B}.RelWithDebInfo|Win32.Build.0 = RelWithDebInfo|Win32
		{3CBF69EF-F726-3883-A5E7-FD8EA7596E61}.Debug|Win32.ActiveCfg = Debug|Win32
		{3CBF69EF-F726-3883-A5E7-FD8EA7596E61}.Debug|Win32.Build.0 = Debug|Win32
		{3CBF69EF-F726-3883-A5E7-FD8EA7596E61}.Release|Win32.ActiveCfg = Release|Win32
		{3CBF69EF-F726-3883-A5E7-FD8EA7596E61}.Release|Win32.Build.0 = Release|Win32
		{3CBF69EF-F726-3883-A5E7-FD8EA7596E61}.MinSizeRel|Win32.ActiveCfg = MinSizeRel|Win32
		{3CBF69EF-F726-3883-A5E7-FD8EA7596E61}.MinSizeRel|Win32.Build.0 = MinSizeRel|Win32
		{3CBF69EF-F726-3883-A5E7-FD8EA7596E61}.RelWithDebInfo|Win32.ActiveCfg = RelWithDebInfo|Win32
		{3CBF69EF-F726-3883-A5E7-FD8EA7596E61}.RelWithDebInfo|Win32.Build.0 = RelWithDebInfo|Win32
		{CDC74853-3B01-3522-AF75-D43F4E93760D}.Debug|Win32.ActiveCfg = Debug|Win32
		{CDC74853-3B01-3522-AF75-D43F4E93760D}.Debug|Win32.Build.0 = Debug|Win32
		{CDC74853-3B01-3522-AF75-D43F4E93760D}.Release|Win32.ActiveCfg = Release|Win32
		{CDC74853-3B01-3522-AF75-D43F4E93760D}.Release|Win32.Build.0 = Release|Win32
		{CDC74853-3B01-3522-AF75-D43F4E93760D}.MinSizeRel|Win32.ActiveCfg = MinSizeRel|Win32
		{CDC74853-3B01-3522-AF75-D43F4E93760D}.MinSizeRel|Win32.Build.0 = MinSizeRel|Win32
		{CDC74853-3B01-3522-AF75-D43F4E93760D}.RelWithDebInfo|Win32.ActiveCfg = RelWithDebInfo|Win32
		{CDC74853-3B01-3522-AF75-D43F4E93760D}.RelWithDebInfo|Win32.Build.0 = RelWithDebInfo|Win32
		{7335D455-38E9-3E8E-9FE4-0584C6E792F7}.Debug|Win32.ActiveCfg = Debug|Win32
		{7335D455-38E9-3E8E-9FE4-0584C6E792F7}.Debug|Win32.Build.0 = Debug|Win32
		{7335D455-38E9-3E8E-9FE4-0584C6E792F7}.Release|Win32.ActiveCfg = Release|Win32
		{7335D455-38E9-3E8E-9FE4-0584C6E792F7}.Release|Win32.Build.0 = Release|Win32
		{7335D455-38E9-3E8E-9FE4-0584C6E792F7}.MinSizeRel|Win32.ActiveCfg = MinSizeRel|Win32
		{7335D455-38E9-3E8E-9FE4-0584C6E792F7}.MinSizeRel|Win32.Build.0 = MinSizeRel|Win32
		{7335D455-38E9-3E8E-9FE4-0584C6E792F7}.RelWithDebInfo|Win32.ActiveCfg = RelWithDebInfo|Win32
		{7335D455-38E9-3E8E-9FE4-0584C6E792F7}.RelWithDebInfo|Win32.Build.0 = RelWithDebInfo|Win32
		{46B05ACA-C689-373A-AED2-77CE8EDC6122}.Debug|Win32.ActiveCfg = Debug|Win32
		{46B05ACA-C689-373A-AED2-77CE8EDC6122}.Debug|Win32.Build.0 = Debug|Win32
		{46B05ACA-C689-373A-AED2-77CE8EDC6122}.Release|Win32.ActiveCfg = Release|Win32
		{46B05ACA-C689-373A-AED2-77CE8EDC6122}.Release|Win32.Build.0 = Release|Win32
		{46B05ACA-C689-373A-AED2-77CE8EDC6122}.MinSizeRel|Win32.ActiveCfg = MinSizeRel|Win32
		{46B05ACA-C689-373A-AED2-77CE8EDC6122}.MinSizeRel|Win32.Build.0 = MinSizeRel|Win32
		{46B05ACA-C689-373A-AED2-77CE8EDC6122}.RelWithDebInfo|Win32.ActiveCfg = RelWithDebInfo|Win32
		{46B05ACA-C689-373A-AED2-77CE8EDC6122}.RelWithDebInfo|Win32.Build.0 = RelWithDebInfo|Win32
		{5EF2C464-729C-3F26-96BC-3A8FD01EBFE6}.Debug|Win32.ActiveCfg = Debug|Win32
		{5EF2C464-729C-3F26-96BC-3A8FD01EBFE6}.Debug|Win32.Build.0 = Debug|Win32
		{5EF2C464-729C-3F26-96BC-3A8FD01EBFE6}.Release|Win32.ActiveCfg = Release|Win32
		{5EF2C464-729C-3F26-96BC-3A8FD01EBFE6}.Release|Win32.Build.0 = Release|Win32
		{5EF2C464-729C-3F26-96BC-3A8FD01EBFE6}.MinSizeRel|Win32.ActiveCfg = MinSizeRel|Win32
		{5EF2C464-729C-3F26-96BC-3A8FD01EBFE6}.MinSizeRel|Win32.Build.0 = MinSizeRel|Win32
		{5EF2C464-729C-3F26-96BC-3A8FD01EBFE6}.RelWithDebInfo|Win32.ActiveCfg = RelWithDebInfo|Win32
		{5EF2C464-729C-3F26-96BC-3A8FD01EBFE6}.RelWithDebInfo|Win32.Build.0 = RelWithDebInfo|Win32
		{CA337878-55DE-35C2-9FF0-7C9037ED3C96}.Debug|Win32.ActiveCfg = Debug|Win32
		{CA337878-55DE-35C2-9FF0-7C9037ED3C96}.Debug|Win32.Build.0 = Debug|Win32
		{CA337878-55DE-35C2-9FF0-7C9037ED3C96}.Release|Win32.ActiveCfg = Release|Win32
		{CA337878-55DE-35C2-9FF0-7C9037ED3C96}.Release|Win32.Build.0 = Release|Win32
		{CA337878-55DE-35C2-9FF0-7C9037ED3C96}.MinSizeRel|Win32.ActiveCfg = MinSizeRel|Win32
		{CA337878-55DE-35C2-9FF0-7C9037ED3C96}.MinSizeRel|Win32.Build.0 = MinSizeRel|Win32
		{CA337878-55DE-35C2-9FF0-7C9037ED3C96}.RelWithDebInfo|Win32.ActiveCfg = RelWithDebInfo|Win32
		{CA337878-55DE-35C2-9FF0-7C9037ED3C96}.RelWithDebInfo|Win32.Build.0 = RelWithDebInfo|Win32
		{D4EA9089-7F5F-3350-8C57-F9DFF36F23F0}.Debug|Win32.ActiveCfg = Debug|Win32
		{D4EA9089-7F5F-3350-8C57-F9DFF36F23F0}.Debug|Win32.Build.0 = Debug|Win32
		{D4EA9089-7F5F-3350-8C57-F9DFF36F23F0}.Release|Win32.ActiveCfg = Release|Win32
		{D4EA9089-7F5F-3350-8C57-F9DFF36F23F0}.Release|Win32.Build.0 = Release|Win32
		{D4EA9089-7F5F-3350-8C57-F9DFF36F23F0}.MinSizeRel|Win32.ActiveCfg = MinSizeRel|Win32
		{D4EA9089-7F5F-3350-8C57-F9DFF36F23F0}.MinSizeRel|Win32.Build.0 = MinSizeRel|Win32
		{D4EA9089-7F5F-3350-8C57-F9DFF36F23F0}.RelWithDebInfo|Win32.ActiveCfg = RelWithDebInfo|Win32
		{D4EA9089-7F5F-3350-8C57-F9DFF36F23F0}.RelWithDebInfo|Win32.Build.0 = RelWithDebInfo|Win32
		{0AE42A4C-87EC-353C-B750-4D4A37597289}.Debug|Win32.ActiveCfg = Debug|Win32
		{0AE42A4C-87EC-353C-B750-4D4A37597289}.Release|Win32.ActiveCfg = Release|Win32
		{0AE42A4C-87EC-353C-B750-4D4A37597289}.MinSizeRel|Win32.ActiveCfg = MinSizeRel|Win32
		{0AE42A4C-87EC-353C-B750-4D4A37597289}.RelWithDebInfo|Win32.ActiveCfg = RelWithDebInfo|Win32
		{B12179BB-E642-323B-9CC2-79F5F8E2D840}.Debug|Win32.ActiveCfg = Debug|Win32
		{B12179BB-E642-323B-9CC2-79F5F8E2D840}.Debug|Win32.Build.0 = Debug|Win32
		{B12179BB-E642-323B-9CC2-79F5F8E2D840}.Release|Win32.ActiveCfg = Release|Win32
		{B12179BB-E642-323B-9CC2-79F5F8E2D840}.Release|Win32.Build.0 = Release|Win32
		{B12179BB-E642-323B-9CC2-79F5F8E2D840}.MinSizeRel|Win32.ActiveCfg = MinSizeRel|Win32
		{B12179BB-E642-323B-9CC2-79F5F8E2D840}.MinSizeRel|Win32.Build.0 = MinSizeRel|Win32
		{B12179BB-E642-323B-9CC2-79F5F8E2D840}.RelWithDebInfo|Win32.ActiveCfg = RelWithDebInfo|Win32
		{B12179BB-E642-323B-9CC2-79F5F8E2D840}.RelWithDebInfo|Win32.Build.0 = RelWithDebInfo|Win32
		{1D6117C7-AC76-3FF7-8B39-D4E3875322D3}.Debug|Win32.ActiveCfg = Debug|Win32
		{1D6117C7-AC76-3FF7-8B39-D4E3875322D3}.Debug|Win32.Build.0 = Debug|Win32
		{1D6117C7-AC76-3FF7-8B39-D4E3875322D3}.Release|Win32.ActiveCfg = Release|Win32
		{1D6117C7-AC76-3FF7-8B39-D4E3875322D3}.Release|Win32.Build.0 = Release|Win32
		{1D6117C7-AC76-3FF7-8B39-D4E3875322D3}.MinSizeRel|Win32.ActiveCfg = MinSizeRel|Win32
		{1D6117C7-AC76-3FF7-8B39-D4E3875322D3}.MinSizeRel|Win32.Build.0 = MinSizeRel|Win32
		{1D6117C7-AC76-3FF7-8B39-D4E3875322D3}.RelWithDebInfo|Win32.ActiveCfg = RelWithDebInfo|Win32
		{1D6117C7-AC76-3FF7-8B39-D4E3875322D3}.RelWithDebInfo|Win32.Build.0 = RelWithDebInfo|Win32
		{BA3D7CBB-68B2-3E24-9C7E-93DA40C55790}.Debug|Win32.ActiveCfg = Debug|Win32
		{BA3D7CBB-68B2-3E24-9C7E-93DA40C55790}.Release|Win32.ActiveCfg = Release|Win32
		{BA3D7CBB-68B2-3E24-9C7E-93DA40C55790}.MinSizeRel|Win32.ActiveCfg = MinSizeRel|Win32
		{BA3D7CBB-68B2-3E24-9C7E-93DA40C55790}.RelWithDebInfo|Win32.ActiveCfg = RelWithDebInfo|Win32
		{7453F04A-DDFB-3D75-A1EA-071040B953A2}.Debug|Win32.ActiveCfg = Debug|Win32
		{7453F04A-DDFB-3D75-A1EA-071040B953A2}.Debug|Win32.Build.0 = Debug|Win32
		{7453F04A-DDFB-3D75-A1EA-071040B953A2}.Release|Win32.ActiveCfg = Release|Win32
		{7453F04A-DDFB-3D75-A1EA-071040B953A2}.Release|Win32.Build.0 = Release|Win32
		{7453F04A-DDFB-3D75-A1EA-071040B953A2}.MinSizeRel|Win32.ActiveCfg = MinSizeRel|Win32
		{7453F04A-DDFB-3D75-A1EA-071040B953A2}.MinSizeRel|Win32.Build.0 = MinSizeRel|Win32
		{7453F04A-DDFB-3D75-A1EA-071040B953A2}.RelWithDebInfo|Win32.ActiveCfg = RelWithDebInfo|Win32
		{7453F04A-DDFB-3D75-A1EA-071040B953A2}.RelWithDebInfo|Win32.Build.0 = RelWithDebInfo|Win32
		{58D670EB-466A-3FF2-AEB9-CB1EB3F2A38A}.Debug|Win32.ActiveCfg = Debug|Win32
		{58D670EB-466A-3FF2-AEB9-CB1EB3F2A38A}.Debug|Win32.Build.0 = Debug|Win32
		{58D670EB-466A-3FF2-AEB9-CB1EB3F2A38A}.Release|Win32.ActiveCfg = Release|Win32
		{58D670EB-466A-3FF2-AEB9-CB1EB3F2A38A}.Release|Win32.Build.0 = Release|Win32
		{58D670EB-466A-3FF2-AEB9-CB1EB3F2A38A}.MinSizeRel|Win32.ActiveCfg = MinSizeRel|Win32
		{58D670EB-466A-3FF2-AEB9-CB1EB3F2A38A}.MinSizeRel|Win32.Build.0 = MinSizeRel|Win32
		{58D670EB-466A-3FF2-AEB9-CB1EB3F2A38A}.RelWithDebInfo|Win32.ActiveCfg = RelWithDebInfo|Win32
		{58D670EB-466A-3FF2-AEB9-CB1EB3F2A38A}.RelWithDebInfo|Win32.Build.0 = RelWithDebInfo|Win32
		{95EBF814-0198-38EA-A451-C52CEB155557}.Debug|Win32.ActiveCfg = Debug|Win32
		{95EBF814-0198-38EA-A451-C52CEB155557}.Debug|Win32.Build.0 = Debug|Win32
		{95EBF814-0198-38EA-A451-C52CEB155557}.Release|Win32.ActiveCfg = Release|Win32
		{95EBF814-0198-38EA-A451-C52CEB155557}.Release|Win32.Build.0 = Release|Win32
		{95EBF814-0198-38EA-A451-C52CEB155557}.MinSizeRel|Win32.ActiveCfg = MinSizeRel|Win32
		{95EBF814-0198-38EA-A451-C52CEB155557}.MinSizeRel|Win32.Build.0 = MinSizeRel|Win32
		{95EBF814-0198-38EA-A451-C52CEB155557}.RelWithDebInfo|Win32.ActiveCfg = RelWithDebInfo|Win32
		{95EBF814-0198-38EA-A451-C52CEB155557}.RelWithDebInfo|Win32.Build.0 = RelWithDebInfo|Win32
		{E17A0BBB-5AEA-380A-ACB2-8202A0CA03D4}.Debug|Win32.ActiveCfg = Debug|Win32
		{E17A0BBB-5AEA-380A-ACB2-8202A0CA03D4}.Debug|Win32.Build.0 = Debug|Win32
		{E17A0BBB-5AEA-380A-ACB2-8202A0CA03D4}.Release|Win32.ActiveCfg = Release|Win32
		{E17A0BBB-5AEA-380A-ACB2-8202A0CA03D4}.Release|Win32.Build.0 = Release|Win32
		{E17A0BBB-5AEA-380A-ACB2-8202A0CA03D4}.MinSizeRel|Win32.ActiveCfg = MinSizeRel|Win32
		{E17A0BBB-5AEA-380A-ACB2-8202A0CA03D4}.MinSizeRel|Win32.Build.0 = MinSizeRel|Win32
		{E17A0BBB-5AEA-380A-ACB2-8202A0CA03D4}.RelWithDebInfo|Win32.ActiveCfg = RelWithDebInfo|Win32
		{E17A0BBB-5AEA-380A-ACB2-8202A0CA03D4}.RelWithDebInfo|Win32.Build.0 = RelWithDebInfo|Win32
		{7DEF2F1A-39E5-39A0-BD36-9E277BC51FDD}.Debug|Win32.ActiveCfg = Debug|Win32
		{7DEF2F1A-39E5-39A0-BD36-9E277BC51FDD}.Debug|Win32.Build.0 = Debug|Win32
		{7DEF2F1A-39E5-39A0-BD36-9E277BC51FDD}.Release|Win32.ActiveCfg = Release|Win32
		{7DEF2F1A-39E5-39A0-BD36-9E277BC51FDD}.Release|Win32.Build.0 = Release|Win32
		{7DEF2F1A-39E5-39A0-BD36-9E277BC51FDD}.MinSizeRel|Win32.ActiveCfg = MinSizeRel|Win32
		{7DEF2F1A-39E5-39A0-BD36-9E277BC51FDD}.MinSizeRel|Win32.Build.0 = MinSizeRel|Win32
		{7DEF2F1A-39E5-39A0-BD36-9E277BC51FDD}.RelWithDebInfo|Win32.ActiveCfg = RelWithDebInfo|Win32
		{7DEF2F1A-39E5-39A0-BD36-9E277BC51FDD}.RelWithDebInfo|Win32.Build.0 = RelWithDebInfo|Win32
		{0C202848-425B-36FE-A1E5-4AAF7FD0271A}.Debug|Win32.ActiveCfg = Debug|Win32
		{0C202848-425B-36FE-A1E5-4AAF7FD0271A}.Debug|Win32.Build.0 = Debug|Win32
		{0C202848-425B-36FE-A1E5-4AAF7FD0271A}.Release|Win32.ActiveCfg = Release|Win32
		{0C202848-425B-36FE-A1E5-4AAF7FD0271A}.Release|Win32.Build.0 = Release|Win32
		{0C202848-425B-36FE-A1E5-4AAF7FD0271A}.MinSizeRel|Win32.ActiveCfg = MinSizeRel|Win32
		{0C202848-425B-36FE-A1E5-4AAF7FD0271A}.MinSizeRel|Win32.Build.0 = MinSizeRel|Win32
		{0C202848-425B-36FE-A1E5-4AAF7FD0271A}.RelWithDebInfo|Win32.ActiveCfg = RelWithDebInfo|Win32
		{0C202848-425B-36FE-A1E5-4AAF7FD0271A}.RelWithDebInfo|Win32.Build.0 = RelWithDebInfo|Win32
		{DB13B8F3-A5DF-329F-AD80-D0799E53C038}.Debug|Win32.ActiveCfg = Debug|Win32
		{DB13B8F3-A5DF-329F-AD80-D0799E53C038}.Debug|Win32.Build.0 = Debug|Win32
		{DB13B8F3-A5DF-329F-AD80-D0799E53C038}.Release|Win32.ActiveCfg = Release|Win32
		{DB13B8F3-A5DF-329F-AD80-D0799E53C038}.Release|Win32.Build.0 = Release|Win32
		{DB13B8F3-A5DF-329F-AD80-D0799E53C038}.MinSizeRel|Win32.ActiveCfg = MinSizeRel|Win32
		{DB13B8F3-A5DF-329F-AD80-D0799E53C038}.MinSizeRel|Win32.Build.0 = MinSizeRel|Win32
		{DB13B8F3-A5DF-329F-AD80-D0799E53C038}.RelWithDebInfo|Win32.ActiveCfg = RelWithDebInfo|Win32
		{DB13B8F3-A5DF-329F-AD80-D0799E53C038}.RelWithDebInfo|Win32.Build.0 = RelWithDebInfo|Win32
		{C520F8A6-D418-359A-A36D-8DA37B73FBC6}.Debug|Win32.ActiveCfg = Debug|Win32
		{C520F8A6-D418-359A-A36D-8DA37B73FBC6}.Debug|Win32.Build.0 = Debug|Win32
		{C520F8A6-D418-359A-A36D-8DA37B73FBC6}.Release|Win32.ActiveCfg = Release|Win32
		{C520F8A6-D418-359A-A36D-8DA37B73FBC6}.Release|Win32.Build.0 = Release|Win32
		{C520F8A6-D418-359A-A36D-8DA37B73FBC6}.MinSizeRel|Win32.ActiveCfg = MinSizeRel|Win32
		{C520F8A6-D418-359A-A36D-8DA37B73FBC6}.MinSizeRel|Win32.Build.0 = MinSizeRel|Win32
		{C520F8A6-D418-359A-A36D-8DA37B73FBC6}.RelWithDebInfo|Win32.ActiveCfg = RelWithDebInfo|Win32
		{C520F8A6-D418-359A-A36D-8DA37B73FBC6}.RelWithDebInfo|Win32.Build.0 = RelWithDebInfo|Win32
		{2B1515C1-11DC-3854-A94C-BB9ABE6E6468}.Debug|Win32.ActiveCfg = Debug|Win32
		{2B1515C1-11DC-3854-A94C-BB9ABE6E6468}.Debug|Win32.Build.0 = Debug|Win32
		{2B1515C1-11DC-3854-A94C-BB9ABE6E6468}.Release|Win32.ActiveCfg = Release|Win32
		{2B1515C1-11DC-3854-A94C-BB9ABE6E6468}.Release|Win32.Build.0 = Release|Win32
		{2B1515C1-11DC-3854-A94C-BB9ABE6E6468}.MinSizeRel|Win32.ActiveCfg = MinSizeRel|Win32
		{2B1515C1-11DC-3854-A94C-BB9ABE6E6468}.MinSizeRel|Win32.Build.0 = MinSizeRel|Win32
		{2B1515C1-11DC-3854-A94C-BB9ABE6E6468}.RelWithDebInfo|Win32.ActiveCfg = RelWithDebInfo|Win32
		{2B1515C1-11DC-3854-A94C-BB9ABE6E6468}.RelWithDebInfo|Win32.Build.0 = RelWithDebInfo|Win32
		{A1A47620-F731-3CEA-9926-A2CC2A71A9E9}.Debug|Win32.ActiveCfg = Debug|Win32
		{A1A47620-F731-3CEA-9926-A2CC2A71A9E9}.Debug|Win32.Build.0 = Debug|Win32
		{A1A47620-F731-3CEA-9926-A2CC2A71A9E9}.Release|Win32.ActiveCfg = Release|Win32
		{A1A47620-F731-3CEA-9926-A2CC2A71A9E9}.Release|Win32.Build.0 = Release|Win32
		{A1A47620-F731-3CEA-9926-A2CC2A71A9E9}.MinSizeRel|Win32.ActiveCfg = MinSizeRel|Win32
		{A1A47620-F731-3CEA-9926-A2CC2A71A9E9}.MinSizeRel|Win32.Build.0 = MinSizeRel|Win32
		{A1A47620-F731-3CEA-9926-A2CC2A71A9E9}.RelWithDebInfo|Win32.ActiveCfg = RelWithDebInfo|Win32
		{A1A47620-F731-3CEA-9926-A2CC2A71A9E9}.RelWithDebInfo|Win32.Build.0 = RelWithDebInfo|Win32
		{C39956C6-4F0E-3229-AD58-84EEBFC76ADD}.Debug|Win32.ActiveCfg = Debug|Win32
		{C39956C6-4F0E-3229-AD58-84EEBFC76ADD}.Debug|Win32.Build.0 = Debug|Win32
		{C39956C6-4F0E-3229-AD58-84EEBFC76ADD}.Release|Win32.ActiveCfg = Release|Win32
		{C39956C6-4F0E-3229-AD58-84EEBFC76ADD}.Release|Win32.Build.0 = Release|Win32
		{C39956C6-4F0E-3229-AD58-84EEBFC76ADD}.MinSizeRel|Win32.ActiveCfg = MinSizeRel|Win32
		{C39956C6-4F0E-3229-AD58-84EEBFC76ADD}.MinSizeRel|Win32.Build.0 = MinSizeRel|Win32
		{C39956C6-4F0E-3229-AD58-84EEBFC76ADD}.RelWithDebInfo|Win32.ActiveCfg = RelWithDebInfo|Win32
		{C39956C6-4F0E-3229-AD58-84EEBFC76ADD}.RelWithDebInfo|Win32.Build.0 = RelWithDebInfo|Win32
	EndGlobalSection
	GlobalSection(ExtensibilityGlobals) = postSolution
		SolutionGuid = {5FA4BFAA-2331-351C-8E4D-C9BB355D1CFF}
	EndGlobalSection
	GlobalSection(ExtensibilityAddIns) = postSolution
	EndGlobalSection
EndGlobal
