<?xml version="1.0" encoding="utf-8"?>
<Project ToolsVersion="15.0" xmlns="http://schemas.microsoft.com/developer/msbuild/2003">
  <ItemGroup>
    <ClCompile Include="D:\Desktop\progettoGrafica\include\bullet\examples\TwoJoint\TwoJointMain.cpp">
      <Filter>Source Files</Filter>
    </ClCompile>
    <ClCompile Include="D:\Desktop\progettoGrafica\include\bullet\examples\SharedMemory\plugins\pdControlPlugin\pdControlPlugin.cpp">
      <Filter>Source Files</Filter>
    </ClCompile>
    <ClCompile Include="D:\Desktop\progettoGrafica\include\bullet\examples\SharedMemory\b3RobotSimulatorClientAPI_NoDirect.cpp">
      <Filter>Source Files</Filter>
    </ClCompile>
    <ClCompile Include="D:\Desktop\progettoGrafica\include\bullet\examples\SharedMemory\IKTrajectoryHelper.cpp">
      <Filter>Source Files</Filter>
    </ClCompile>
    <ClCompile Include="D:\Desktop\progettoGrafica\include\bullet\examples\ExampleBrowser\InProcessExampleBrowser.cpp">
      <Filter>Source Files</Filter>
    </ClCompile>
    <ClCompile Include="D:\Desktop\progettoGrafica\include\bullet\examples\SharedMemory\plugins\tinyRendererPlugin\tinyRendererPlugin.cpp">
      <Filter>Source Files</Filter>
    </ClCompile>
    <ClCompile Include="D:\Desktop\progettoGrafica\include\bullet\examples\SharedMemory\plugins\tinyRendererPlugin\TinyRendererVisualShapeConverter.cpp">
      <Filter>Source Files</Filter>
    </ClCompile>
    <ClCompile Include="D:\Desktop\progettoGrafica\include\bullet\examples\OpenGLWindow\SimpleCamera.cpp">
      <Filter>Source Files</Filter>
    </ClCompile>
    <ClCompile Include="D:\Desktop\progettoGrafica\include\bullet\examples\TinyRenderer\geometry.cpp">
      <Filter>Source Files</Filter>
    </ClCompile>
    <ClCompile Include="D:\Desktop\progettoGrafica\include\bullet\examples\TinyRenderer\model.cpp">
      <Filter>Source Files</Filter>
    </ClCompile>
    <ClCompile Include="D:\Desktop\progettoGrafica\include\bullet\examples\TinyRenderer\tgaimage.cpp">
      <Filter>Source Files</Filter>
    </ClCompile>
    <ClCompile Include="D:\Desktop\progettoGrafica\include\bullet\examples\TinyRenderer\our_gl.cpp">
      <Filter>Source Files</Filter>
    </ClCompile>
    <ClCompile Include="D:\Desktop\progettoGrafica\include\bullet\examples\TinyRenderer\TinyRenderer.cpp">
      <Filter>Source Files</Filter>
    </ClCompile>
    <ClCompile Include="D:\Desktop\progettoGrafica\include\bullet\examples\SharedMemory\InProcessMemory.cpp">
      <Filter>Source Files</Filter>
    </ClCompile>
    <ClCompile Include="D:\Desktop\progettoGrafica\include\bullet\examples\SharedMemory\PhysicsClient.cpp">
      <Filter>Source Files</Filter>
    </ClCompile>
    <ClCompile Include="D:\Desktop\progettoGrafica\include\bullet\examples\SharedMemory\PhysicsServer.cpp">
      <Filter>Source Files</Filter>
    </ClCompile>
    <ClCompile Include="D:\Desktop\progettoGrafica\include\bullet\examples\SharedMemory\PhysicsServerExample.cpp">
      <Filter>Source Files</Filter>
    </ClCompile>
    <ClCompile Include="D:\Desktop\progettoGrafica\include\bullet\examples\SharedMemory\PhysicsServerExampleBullet2.cpp">
      <Filter>Source Files</Filter>
    </ClCompile>
    <ClCompile Include="D:\Desktop\progettoGrafica\include\bullet\examples\SharedMemory\SharedMemoryInProcessPhysicsC_API.cpp">
      <Filter>Source Files</Filter>
    </ClCompile>
    <ClCompile Include="D:\Desktop\progettoGrafica\include\bullet\examples\SharedMemory\PhysicsServerSharedMemory.cpp">
      <Filter>Source Files</Filter>
    </ClCompile>
    <ClCompile Include="D:\Desktop\progettoGrafica\include\bullet\examples\SharedMemory\PhysicsDirect.cpp">
      <Filter>Source Files</Filter>
    </ClCompile>
    <ClCompile Include="D:\Desktop\progettoGrafica\include\bullet\examples\SharedMemory\PhysicsDirectC_API.cpp">
      <Filter>Source Files</Filter>
    </ClCompile>
    <ClCompile Include="D:\Desktop\progettoGrafica\include\bullet\examples\SharedMemory\PhysicsServerCommandProcessor.cpp">
      <Filter>Source Files</Filter>
    </ClCompile>
    <ClCompile Include="D:\Desktop\progettoGrafica\include\bullet\examples\SharedMemory\b3PluginManager.cpp">
      <Filter>Source Files</Filter>
    </ClCompile>
    <ClCompile Include="D:\Desktop\progettoGrafica\include\bullet\examples\SharedMemory\PhysicsClientSharedMemory.cpp">
      <Filter>Source Files</Filter>
    </ClCompile>
    <ClCompile Include="D:\Desktop\progettoGrafica\include\bullet\examples\SharedMemory\PhysicsClientSharedMemory_C_API.cpp">
      <Filter>Source Files</Filter>
    </ClCompile>
    <ClCompile Include="D:\Desktop\progettoGrafica\include\bullet\examples\SharedMemory\PhysicsClientC_API.cpp">
      <Filter>Source Files</Filter>
    </ClCompile>
    <ClCompile Include="D:\Desktop\progettoGrafica\include\bullet\examples\SharedMemory\Win32SharedMemory.cpp">
      <Filter>Source Files</Filter>
    </ClCompile>
    <ClCompile Include="D:\Desktop\progettoGrafica\include\bullet\examples\SharedMemory\PosixSharedMemory.cpp">
      <Filter>Source Files</Filter>
    </ClCompile>
    <ClCompile Include="D:\Desktop\progettoGrafica\include\bullet\examples\Utils\b3ResourcePath.cpp">
      <Filter>Source Files</Filter>
    </ClCompile>
    <ClCompile Include="D:\Desktop\progettoGrafica\include\bullet\examples\Utils\RobotLoggingUtil.cpp">
      <Filter>Source Files</Filter>
    </ClCompile>
    <ClCompile Include="D:\Desktop\progettoGrafica\include\bullet\examples\ThirdPartyLibs\tinyxml2\tinyxml2.cpp">
      <Filter>Source Files</Filter>
    </ClCompile>
    <ClCompile Include="D:\Desktop\progettoGrafica\include\bullet\examples\ThirdPartyLibs\Wavefront\tiny_obj_loader.cpp">
      <Filter>Source Files</Filter>
    </ClCompile>
    <ClCompile Include="D:\Desktop\progettoGrafica\include\bullet\examples\ThirdPartyLibs\stb_image\stb_image.cpp">
      <Filter>Source Files</Filter>
    </ClCompile>
    <ClCompile Include="D:\Desktop\progettoGrafica\include\bullet\examples\Importers\ImportColladaDemo\LoadMeshFromCollada.cpp">
      <Filter>Source Files</Filter>
    </ClCompile>
    <ClCompile Include="D:\Desktop\progettoGrafica\include\bullet\examples\Importers\ImportObjDemo\LoadMeshFromObj.cpp">
      <Filter>Source Files</Filter>
    </ClCompile>
    <ClCompile Include="D:\Desktop\progettoGrafica\include\bullet\examples\Importers\ImportObjDemo\Wavefront2GLInstanceGraphicsShape.cpp">
      <Filter>Source Files</Filter>
    </ClCompile>
    <ClCompile Include="D:\Desktop\progettoGrafica\include\bullet\examples\Importers\ImportMJCFDemo\BulletMJCFImporter.cpp">
      <Filter>Source Files</Filter>
    </ClCompile>
    <ClCompile Include="D:\Desktop\progettoGrafica\include\bullet\examples\Importers\ImportURDFDemo\BulletUrdfImporter.cpp">
      <Filter>Source Files</Filter>
    </ClCompile>
    <ClCompile Include="D:\Desktop\progettoGrafica\include\bullet\examples\Importers\ImportURDFDemo\MyMultiBodyCreator.cpp">
      <Filter>Source Files</Filter>
    </ClCompile>
    <ClCompile Include="D:\Desktop\progettoGrafica\include\bullet\examples\Importers\ImportURDFDemo\URDF2Bullet.cpp">
      <Filter>Source Files</Filter>
    </ClCompile>
    <ClCompile Include="D:\Desktop\progettoGrafica\include\bullet\examples\Importers\ImportURDFDemo\UrdfParser.cpp">
      <Filter>Source Files</Filter>
    </ClCompile>
    <ClCompile Include="D:\Desktop\progettoGrafica\include\bullet\examples\Importers\ImportURDFDemo\urdfStringSplit.cpp">
      <Filter>Source Files</Filter>
    </ClCompile>
    <ClCompile Include="D:\Desktop\progettoGrafica\include\bullet\examples\Importers\ImportMeshUtility\b3ImportMeshUtility.cpp">
      <Filter>Source Files</Filter>
    </ClCompile>
    <ClCompile Include="D:\Desktop\progettoGrafica\include\bullet\examples\MultiThreading\b3PosixThreadSupport.cpp">
      <Filter>Source Files</Filter>
    </ClCompile>
    <ClCompile Include="D:\Desktop\progettoGrafica\include\bullet\examples\MultiThreading\b3Win32ThreadSupport.cpp">
      <Filter>Source Files</Filter>
    </ClCompile>
    <ClCompile Include="D:\Desktop\progettoGrafica\include\bullet\examples\MultiThreading\b3ThreadSupportInterface.cpp">
      <Filter>Source Files</Filter>
    </ClCompile>
    <ClCompile Include="D:\Desktop\progettoGrafica\include\bullet\examples\SharedMemory\PhysicsClientUDP.cpp">
      <Filter>Source Files</Filter>
    </ClCompile>
    <ClCompile Include="D:\Desktop\progettoGrafica\include\bullet\examples\SharedMemory\PhysicsClientUDP_C_API.cpp">
      <Filter>Source Files</Filter>
    </ClCompile>
    <ClCompile Include="D:\Desktop\progettoGrafica\include\bullet\examples\ThirdPartyLibs\enet\win32.c">
      <Filter>Source Files</Filter>
    </ClCompile>
    <ClCompile Include="D:\Desktop\progettoGrafica\include\bullet\examples\ThirdPartyLibs\enet\unix.c">
      <Filter>Source Files</Filter>
    </ClCompile>
    <ClCompile Include="D:\Desktop\progettoGrafica\include\bullet\examples\ThirdPartyLibs\enet\callbacks.c">
      <Filter>Source Files</Filter>
    </ClCompile>
    <ClCompile Include="D:\Desktop\progettoGrafica\include\bullet\examples\ThirdPartyLibs\enet\compress.c">
      <Filter>Source Files</Filter>
    </ClCompile>
    <ClCompile Include="D:\Desktop\progettoGrafica\include\bullet\examples\ThirdPartyLibs\enet\host.c">
      <Filter>Source Files</Filter>
    </ClCompile>
    <ClCompile Include="D:\Desktop\progettoGrafica\include\bullet\examples\ThirdPartyLibs\enet\list.c">
      <Filter>Source Files</Filter>
    </ClCompile>
    <ClCompile Include="D:\Desktop\progettoGrafica\include\bullet\examples\ThirdPartyLibs\enet\packet.c">
      <Filter>Source Files</Filter>
    </ClCompile>
    <ClCompile Include="D:\Desktop\progettoGrafica\include\bullet\examples\ThirdPartyLibs\enet\peer.c">
      <Filter>Source Files</Filter>
    </ClCompile>
    <ClCompile Include="D:\Desktop\progettoGrafica\include\bullet\examples\ThirdPartyLibs\enet\protocol.c">
      <Filter>Source Files</Filter>
    </ClCompile>
    <ClCompile Include="D:\Desktop\progettoGrafica\include\bullet\examples\SharedMemory\PhysicsClientTCP.cpp">
      <Filter>Source Files</Filter>
    </ClCompile>
    <ClCompile Include="D:\Desktop\progettoGrafica\include\bullet\examples\SharedMemory\PhysicsClientTCP_C_API.cpp">
      <Filter>Source Files</Filter>
    </ClCompile>
    <ClCompile Include="D:\Desktop\progettoGrafica\include\bullet\examples\ThirdPartyLibs\clsocket\src\SimpleSocket.cpp">
      <Filter>Source Files</Filter>
    </ClCompile>
    <ClCompile Include="D:\Desktop\progettoGrafica\include\bullet\examples\ThirdPartyLibs\clsocket\src\ActiveSocket.cpp">
      <Filter>Source Files</Filter>
    </ClCompile>
    <ClCompile Include="D:\Desktop\progettoGrafica\include\bullet\examples\ThirdPartyLibs\clsocket\src\PassiveSocket.cpp">
      <Filter>Source Files</Filter>
    </ClCompile>
  </ItemGroup>
  <ItemGroup>
    <ClInclude Include="D:\Desktop\progettoGrafica\include\bullet\examples\SharedMemory\plugins\pdControlPlugin\pdControlPlugin.h">
      <Filter>Header Files</Filter>
    </ClInclude>
    <ClInclude Include="D:\Desktop\progettoGrafica\include\bullet\examples\SharedMemory\b3RobotSimulatorClientAPI_NoDirect.h">
      <Filter>Header Files</Filter>
    </ClInclude>
    <ClInclude Include="D:\Desktop\progettoGrafica\include\bullet\examples\SharedMemory\IKTrajectoryHelper.h">
      <Filter>Header Files</Filter>
    </ClInclude>
    <ClInclude Include="D:\Desktop\progettoGrafica\include\bullet\examples\OpenGLWindow\SimpleCamera.h">
      <Filter>Header Files</Filter>
    </ClInclude>
    <ClInclude Include="D:\Desktop\progettoGrafica\include\bullet\examples\SharedMemory\PhysicsClient.h">
      <Filter>Header Files</Filter>
    </ClInclude>
    <ClInclude Include="D:\Desktop\progettoGrafica\include\bullet\examples\SharedMemory\PhysicsServer.h">
      <Filter>Header Files</Filter>
    </ClInclude>
    <ClInclude Include="D:\Desktop\progettoGrafica\include\bullet\examples\SharedMemory\PhysicsServerSharedMemory.h">
      <Filter>Header Files</Filter>
    </ClInclude>
    <ClInclude Include="D:\Desktop\progettoGrafica\include\bullet\examples\SharedMemory\PhysicsDirect.h">
      <Filter>Header Files</Filter>
    </ClInclude>
    <ClInclude Include="D:\Desktop\progettoGrafica\include\bullet\examples\SharedMemory\PhysicsDirectC_API.h">
      <Filter>Header Files</Filter>
    </ClInclude>
    <ClInclude Include="D:\Desktop\progettoGrafica\include\bullet\examples\SharedMemory\PhysicsServerCommandProcessor.h">
      <Filter>Header Files</Filter>
    </ClInclude>
    <ClInclude Include="D:\Desktop\progettoGrafica\include\bullet\examples\SharedMemory\PhysicsClientSharedMemory.h">
      <Filter>Header Files</Filter>
    </ClInclude>
    <ClInclude Include="D:\Desktop\progettoGrafica\include\bullet\examples\SharedMemory\PhysicsClientSharedMemory_C_API.h">
      <Filter>Header Files</Filter>
    </ClInclude>
    <ClInclude Include="D:\Desktop\progettoGrafica\include\bullet\examples\SharedMemory\PhysicsClientC_API.h">
      <Filter>Header Files</Filter>
    </ClInclude>
    <ClInclude Include="D:\Desktop\progettoGrafica\include\bullet\examples\SharedMemory\Win32SharedMemory.h">
      <Filter>Header Files</Filter>
    </ClInclude>
    <ClInclude Include="D:\Desktop\progettoGrafica\include\bullet\examples\SharedMemory\PosixSharedMemory.h">
      <Filter>Header Files</Filter>
    </ClInclude>
    <ClInclude Include="D:\Desktop\progettoGrafica\include\bullet\examples\Utils\b3ResourcePath.h">
      <Filter>Header Files</Filter>
    </ClInclude>
    <ClInclude Include="D:\Desktop\progettoGrafica\include\bullet\examples\Utils\RobotLoggingUtil.h">
      <Filter>Header Files</Filter>
    </ClInclude>
    <ClInclude Include="D:\Desktop\progettoGrafica\include\bullet\examples\ThirdPartyLibs\Wavefront\tiny_obj_loader.h">
      <Filter>Header Files</Filter>
    </ClInclude>
    <ClInclude Include="D:\Desktop\progettoGrafica\include\bullet\examples\SharedMemory\PhysicsClientUDP.h">
      <Filter>Header Files</Filter>
    </ClInclude>
    <ClInclude Include="D:\Desktop\progettoGrafica\include\bullet\examples\SharedMemory\PhysicsClientUDP_C_API.h">
      <Filter>Header Files</Filter>
    </ClInclude>
    <ClInclude Include="D:\Desktop\progettoGrafica\include\bullet\examples\SharedMemory\PhysicsClientTCP.h">
      <Filter>Header Files</Filter>
    </ClInclude>
    <ClInclude Include="D:\Desktop\progettoGrafica\include\bullet\examples\SharedMemory\PhysicsClientTCP_C_API.h">
      <Filter>Header Files</Filter>
    </ClInclude>
  </ItemGroup>
  <ItemGroup>
    <CustomBuild Include="D:\Desktop\progettoGrafica\include\bullet\examples\TwoJoint\CMakeLists.txt" />
  </ItemGroup>
  <ItemGroup>
    <Filter Include="Header Files">
      <UniqueIdentifier>{9DAE18E9-5297-3777-A4E3-473083B5E915}</UniqueIdentifier>
    </Filter>
    <Filter Include="Source Files">
      <UniqueIdentifier>{D085EAA4-84A2-32C9-B74E-F59DE1592887}</UniqueIdentifier>
    </Filter>
  </ItemGroup>
</Project>
